
Microsoft Visual Studio Solution File, Format Version 12.00
# Visual Studio Version 17
VisualStudioVersion = 17.4.33110.190
MinimumVisualStudioVersion = 10.0.40219.1
Project("{2150E333-8FDC-42A3-9474-1A3956D46DE8}") = "Azmayeshgah", "Azmayeshgah", "{E5F5079F-EF2B-4A9B-B00F-44AA61F07339}"
EndProject
Project("{2150E333-8FDC-42A3-9474-1A3956D46DE8}") = "Bagche", "Bagche", "{8B85D4A6-5420-451C-ADA8-59A3E12E7011}"
EndProject
Project("{2150E333-8FDC-42A3-9474-1A3956D46DE8}") = "Basteha", "Basteha", "{0A2262EF-2A66-4CC1-A245-C1AE166CA614}"
EndProject
Project("{2150E333-8FDC-42A3-9474-1A3956D46DE8}") = "KetabkhaneStandard", "KetabkhaneStandard", "{8D95B70E-B943-4D24-A90A-A811CD0E7497}"
EndProject
Project("{FAE04EC0-301F-11D3-BF4B-00C04F79EFBC}") = "IRI.Bag.SqlSpatial", "IRI.Bag\IRI.Bag.SqlSpatial\IRI.Bag.SqlSpatial.csproj", "{63DA71D9-C010-4F20-97EF-CCCCEC1E458C}"
EndProject
Project("{2150E333-8FDC-42A3-9474-1A3956D46DE8}") = "Web", "Web", "{1B2052D8-BE05-423F-A421-1FF25A66CD17}"
EndProject
Project("{2150E333-8FDC-42A3-9474-1A3956D46DE8}") = "Solution Items", "Solution Items", "{76C519B4-F1A8-4FA2-9D40-0D72F90B4754}"
	ProjectSection(SolutionItems) = preProject
		.editorconfig = .editorconfig
		LICENSE.txt = LICENSE.txt
	EndProjectSection
EndProject
Project("{9A19103F-16F7-4668-BE54-9A1E7A4F7556}") = "IRI.Sta.Common", "IRI.Sta\IRI.Sta.Common\IRI.Sta.Common.csproj", "{1ED088E6-1806-4D77-9143-2221DCBCF8F1}"
EndProject
Project("{2150E333-8FDC-42A3-9474-1A3956D46DE8}") = "Mosha", "Mosha", "{055212DF-37DF-460F-97FC-E345D654A30F}"
EndProject
Project("{D954291E-2A0B-460D-934E-DC6B0785DB48}") = "IRI.Msh.Common", "IRI.Mosha\IRI.Msh.Common\IRI.Msh.Common.shproj", "{F5A00383-D576-4652-B8EE-DEB1AB2BA083}"
EndProject
Project("{2150E333-8FDC-42A3-9474-1A3956D46DE8}") = "Taghche", "Taghche", "{B5AE1C6D-C747-476A-B892-FF58DF006254}"
EndProject
Project("{9A19103F-16F7-4668-BE54-9A1E7A4F7556}") = "IRI.Sta.Security", "IRI.Sta\IRI.Sta.Security\IRI.Sta.Security.csproj", "{0AB44F85-E390-4BA8-A4D2-3B8856694380}"
EndProject
Project("{9A19103F-16F7-4668-BE54-9A1E7A4F7556}") = "IRI.Sta.Ogc", "IRI.Sta\IRI.Sta.Ogc\IRI.Sta.Ogc.csproj", "{BE942544-C359-4A3A-A249-930A55AB801F}"
EndProject
Project("{9A19103F-16F7-4668-BE54-9A1E7A4F7556}") = "IRI.Sta.KmlFormat", "IRI.Sta\IRI.Sta.KmlFormat\IRI.Sta.KmlFormat.csproj", "{09D8FB75-6D9B-4114-83B4-7EAA82074EC6}"
EndProject
Project("{D954291E-2A0B-460D-934E-DC6B0785DB48}") = "IRI.Msh.DataStructure", "IRI.Mosha\IRI.Msh.DataStructure\IRI.Msh.DataStructure.shproj", "{3D4EF053-1BE3-4867-B8DA-E0EB58BB52AE}"
EndProject
Project("{9A19103F-16F7-4668-BE54-9A1E7A4F7556}") = "IRI.Sta.DataStructure", "IRI.Sta\IRI.Sta.DataStructure\IRI.Sta.DataStructure.csproj", "{A9C79AD2-04B7-4C06-A8FA-8681D4CD2B73}"
EndProject
Project("{9A19103F-16F7-4668-BE54-9A1E7A4F7556}") = "IRI.Sta.DataMining", "IRI.Sta\IRI.Sta.DataMining\IRI.Sta.DataMining.csproj", "{ECE6C48D-4782-46AB-8FFB-F45A70761CB3}"
EndProject
Project("{9A19103F-16F7-4668-BE54-9A1E7A4F7556}") = "IRI.Sta.OfficeFormat", "IRI.Sta\IRI.Sta.OfficeFormat\IRI.Sta.OfficeFormat.csproj", "{CACF5D21-E377-4EED-985A-34DFA34E7BC0}"
EndProject
Project("{9A19103F-16F7-4668-BE54-9A1E7A4F7556}") = "IRI.Test.NetCore", "IRI.Tst\IRI.Test.NetCore\IRI.Test.NetCore.csproj", "{80C31A04-8542-4484-AE8A-78F67243AF2C}"
EndProject
Project("{9A19103F-16F7-4668-BE54-9A1E7A4F7556}") = "IRI.Sta.MachineLearning", "IRI.Sta\IRI.Sta.MachineLearning\IRI.Sta.MachineLearning.csproj", "{DDA5CADB-6BEF-4AE1-80A3-3FDDB150B05B}"
EndProject
Project("{9A19103F-16F7-4668-BE54-9A1E7A4F7556}") = "IRI.Sta.ShapefileFormat", "IRI.Sta\IRI.Sta.ShapefileFormat\IRI.Sta.ShapefileFormat.csproj", "{6F59FFD4-C888-4B6F-9D2C-94396693D84E}"
EndProject
Project("{9A19103F-16F7-4668-BE54-9A1E7A4F7556}") = "IRI.Sta.Geometry", "IRI.Sta\IRI.Sta.Geometry\IRI.Sta.Geometry.csproj", "{4ECD0AC7-7B8D-4B31-B162-D30E53BB5292}"
EndProject
Project("{9A19103F-16F7-4668-BE54-9A1E7A4F7556}") = "IRI.Sta.Spatial", "IRI.Sta\IRI.Sta.Spatial\IRI.Sta.Spatial.csproj", "{7464CDBD-AFF9-4924-ABB8-B4B8D4485925}"
EndProject
Project("{D954291E-2A0B-460D-934E-DC6B0785DB48}") = "IRI.Msh.GsmGprsCommunication", "IRI.Mosha\IRI.Msh.GsmGprsCommunication\IRI.Msh.GsmGprsCommunication.shproj", "{849CC742-9D3D-4597-A963-008C3D9A6755}"
EndProject
Project("{2150E333-8FDC-42A3-9474-1A3956D46DE8}") = "Ketabkhane", "Ketabkhane", "{A839D3E5-8157-4EF6-8EB1-FA4E87A92CDA}"
EndProject
Project("{9A19103F-16F7-4668-BE54-9A1E7A4F7556}") = "IRI.Ket.WindowsBaseCore", "IRI.Ket\IRI.Ket.WindowsBaseCore\IRI.Ket.WindowsBaseCore.csproj", "{1523DACD-D0FA-4E7A-AF98-15E45F65E0B0}"
EndProject
Project("{9A19103F-16F7-4668-BE54-9A1E7A4F7556}") = "IRI.Ket.SqlServerSpatialExtensionCore", "IRI.Ket\IRI.Ket.SqlServerSpatialExtension\IRI.Ket.SqlServerSpatialExtensionCore.csproj", "{4900C16A-8C31-4655-B3E8-0DED527D2132}"
EndProject
Project("{9A19103F-16F7-4668-BE54-9A1E7A4F7556}") = "IRI.MasterProjectWPF", "IRI.MasterProjectWPF\IRI.MasterProjectWPF.csproj", "{DE0F41C0-84BA-4D03-AF7F-9E325B14919A}"
EndProject
Project("{9A19103F-16F7-4668-BE54-9A1E7A4F7556}") = "IRI.Ket.DigitalTerrainModelingCore", "IRI.Ket\IRI.Ket.DigitalTerrainModelingCore\IRI.Ket.DigitalTerrainModelingCore.csproj", "{766CC688-BA54-4570-8300-A8671ED98395}"
EndProject
Project("{9A19103F-16F7-4668-BE54-9A1E7A4F7556}") = "IRI.Ket.CommonCore", "IRI.Ket\IRI.Ket.CommonCore\IRI.Ket.CommonCore.csproj", "{0E84CCEA-425D-42AF-898C-4603F4A5CE74}"
EndProject
Project("{9A19103F-16F7-4668-BE54-9A1E7A4F7556}") = "IRI.Ket.DataManagementCore", "IRI.Ket\IRI.Ket.DataManagementCore\IRI.Ket.DataManagementCore.csproj", "{3A0C3FFD-3E17-42B9-808F-3B972D35B6B2}"
EndProject
Project("{9A19103F-16F7-4668-BE54-9A1E7A4F7556}") = "IRI.Ket.DigitalImageProcessingCore", "IRI.Ket\IRI.Ket.DigitalImageProcessingCore\IRI.Ket.DigitalImageProcessingCore.csproj", "{DB80C069-C5AD-4CC6-9BC0-AD741FCAF0BB}"
EndProject
Project("{2150E333-8FDC-42A3-9474-1A3956D46DE8}") = "JabeAbzar", "JabeAbzar", "{3464F76F-DC20-484F-8420-6E0B9DD8E031}"
EndProject
Project("{9A19103F-16F7-4668-BE54-9A1E7A4F7556}") = "IRI.Jab.CommonCore", "IRI.Jab\IRI.Jab.CommonCore\IRI.Jab.CommonCore.csproj", "{2CE9A8E7-BA53-410B-A2B8-7D285CBDFFC1}"
EndProject
Project("{9A19103F-16F7-4668-BE54-9A1E7A4F7556}") = "IRI.Jab.ControlsCore", "IRI.Jab\IRI.Jab.ControlsCore\IRI.Jab.ControlsCore.csproj", "{AB880A8C-BFC6-444F-83DD-978EB2BAF89B}"
EndProject
Project("{9A19103F-16F7-4668-BE54-9A1E7A4F7556}") = "IRI.Jab.MultiSelectItemCore", "IRI.Jab\IRI.Jab.MultiSelectItemCore\IRI.Jab.MultiSelectItemCore.csproj", "{3858C9DE-FEAF-4AA5-977A-0CA256B0E0FE}"
EndProject
Project("{9A19103F-16F7-4668-BE54-9A1E7A4F7556}") = "IRI.Jab.MapViewerCore", "IRI.Jab\IRI.Jab.MapViewerCore\IRI.Jab.MapViewerCore.csproj", "{6FC46811-598B-4D92-A0B3-F1F135612E3B}"
EndProject
Project("{9A19103F-16F7-4668-BE54-9A1E7A4F7556}") = "IRI.Sta.PersonalGdb", "IRI.Sta\IRI.Sta.PersonalGdb\IRI.Sta.PersonalGdb.csproj", "{AEA7BF59-9B8A-4A6A-9AA3-115A1462F07A}"
EndProject
Project("{2150E333-8FDC-42A3-9474-1A3956D46DE8}") = "SarzamineMan", "SarzamineMan", "{D4B91A71-9D32-46EE-BB42-7118A0B82F6D}"
EndProject
Project("{2150E333-8FDC-42A3-9474-1A3956D46DE8}") = "Alborz", "Alborz", "{C7380220-C864-46A5-BEB1-D46930EA4DC9}"
EndProject
Project("{9A19103F-16F7-4668-BE54-9A1E7A4F7556}") = "IRI.App.AlborzNegar", "IRI.App\Alborz\IRI.App.AlborzNegar\IRI.App.AlborzNegar.csproj", "{1EB127FB-16D5-4E04-80E8-BC726B553AB3}"
EndProject
Project("{2150E333-8FDC-42A3-9474-1A3956D46DE8}") = "Barg", "Barg", "{1F35DE6C-4D78-440A-9940-3BEEC26624E5}"
EndProject
Project("{9A19103F-16F7-4668-BE54-9A1E7A4F7556}") = "IRI.App.MakanNegarSaba", "IRI.App\Barg\IRI.App.MakanNegarSaba\IRI.App.MakanNegarSaba.csproj", "{A67CE446-EA1A-4545-B82D-FF57B56AA431}"
EndProject
Project("{2150E333-8FDC-42A3-9474-1A3956D46DE8}") = "Haj", "Haj", "{394DC967-DA49-453B-BD8A-68D4EB969783}"
EndProject
Project("{9A19103F-16F7-4668-BE54-9A1E7A4F7556}") = "IRI.App.PezeshkYarHaj", "IRI.App\Haj\IRI.App.PezeshkYarHaj\IRI.App.PezeshkYarHaj.csproj", "{3B178636-3130-4B22-9897-9FBAE3D3AB25}"
EndProject
Project("{9A19103F-16F7-4668-BE54-9A1E7A4F7556}") = "IRI.App.PezeshkYarHajModel", "IRI.App\Haj\IRI.App.PezeshkYarHajModel\IRI.App.PezeshkYarHajModel.csproj", "{B2E6CF27-034E-4A55-B218-B3FA3EF127DE}"
EndProject
Project("{2150E333-8FDC-42A3-9474-1A3956D46DE8}") = "NaghsheYar", "NaghsheYar", "{946A945F-58EA-4DD4-83C2-3FEC450C308E}"
EndProject
Project("{9A19103F-16F7-4668-BE54-9A1E7A4F7556}") = "IRI.App.NaghsheYarModel", "IRI.App\NaghsheYar\IRI.App.NaghsheYarModel\IRI.App.NaghsheYarModel.csproj", "{2F83C723-6108-42F6-9014-82972F52739D}"
EndProject
Project("{9A19103F-16F7-4668-BE54-9A1E7A4F7556}") = "IRI.App.NaghsheYar", "IRI.App\NaghsheYar\IRI.App.NaghsheYar\IRI.App.NaghsheYar.csproj", "{72C1D711-526A-42FE-8064-823D655FE7F0}"
EndProject
Project("{2150E333-8FDC-42A3-9474-1A3956D46DE8}") = "NIOCExp", "NIOCExp", "{32E43967-F973-4989-8926-07A4ADB09B58}"
EndProject
Project("{9A19103F-16F7-4668-BE54-9A1E7A4F7556}") = "IRI.App.NiocExpSpatialEditor", "IRI.App\NIOCExp\IRI.App.NiocExpSpatialEditor\IRI.App.NiocExpSpatialEditor.csproj", "{9194CAF6-7783-4268-83C5-2CB0CC2A8626}"
EndProject
Project("{9A19103F-16F7-4668-BE54-9A1E7A4F7556}") = "IRI.App.SanadNegar", "IRI.App\NIOCExp\IRI.App.SanadNegar\IRI.App.SanadNegar.csproj", "{13F4D974-284E-4E03-8549-1DDAC46D6697}"
EndProject
Project("{2150E333-8FDC-42A3-9474-1A3956D46DE8}") = "NGO", "NGO", "{5CD181E7-3012-42B5-9C7E-DB593929481A}"
EndProject
Project("{9A19103F-16F7-4668-BE54-9A1E7A4F7556}") = "IRI.App.GonbadNegar", "IRI.App\NGO\IRI.App.GonbadNegar\IRI.App.GonbadNegar.csproj", "{C6454869-70AD-4756-BDD6-8F2416E164D4}"
EndProject
Project("{2150E333-8FDC-42A3-9474-1A3956D46DE8}") = "Other", "Other", "{B3C4559B-E148-43E0-949E-78FD334350F5}"
EndProject
Project("{2150E333-8FDC-42A3-9474-1A3956D46DE8}") = "Shahr", "Shahr", "{B85AF38F-91CA-4760-AA64-D710F5D14A74}"
EndProject
Project("{9A19103F-16F7-4668-BE54-9A1E7A4F7556}") = "IRI.Mun.RahyabTehran", "IRI.App\Shahr\IRI.Mun.RahyabTehran\IRI.Mun.RahyabTehran.csproj", "{5DB29ED9-E899-42A9-9F2F-ED700A57734F}"
EndProject
Project("{9A19103F-16F7-4668-BE54-9A1E7A4F7556}") = "IRI.App.ZaminNegar", "IRI.App\Other\IRI.App.ZaminNegar\IRI.App.ZaminNegar.csproj", "{53C0059E-9EBA-486E-A6EB-6A2491BF2C09}"
EndProject
Project("{9A19103F-16F7-4668-BE54-9A1E7A4F7556}") = "IRI.App.Tahlilgar3D", "IRI.App\Other\IRI.App.Tahlilgar3D\IRI.App.Tahlilgar3D.csproj", "{C6FD9670-BC3C-42EA-80E8-83D4E329D7E7}"
EndProject
Project("{9A19103F-16F7-4668-BE54-9A1E7A4F7556}") = "IRI.App.Shahab", "IRI.App\Other\IRI.App.Shahab\IRI.App.Shahab.csproj", "{5C3EF2F6-0D9D-4A16-A20C-3B86BD1705DC}"
EndProject
Project("{9A19103F-16F7-4668-BE54-9A1E7A4F7556}") = "IRI.App.RaviyaneNoor", "IRI.App\IRI.App.RaviyaneNoor\IRI.App.RaviyaneNoor.csproj", "{89CCF9A0-99DD-46E4-A2B9-1FF881DF601A}"
EndProject
Project("{9A19103F-16F7-4668-BE54-9A1E7A4F7556}") = "IRI.App.EsiDb", "IRI.App\Other\IRI.App.EsiDb\IRI.App.EsiDb.csproj", "{F23F5E36-24F3-44CD-8CBC-8A8DEDBA3BC2}"
EndProject
Project("{9A19103F-16F7-4668-BE54-9A1E7A4F7556}") = "IRI.Bas.SqlSpatialLoaderCore", "IRI.Bas\IRI.Bas.SqlSpatialLoader\IRI.Bas.SqlSpatialLoaderCore.csproj", "{1AD8AF42-A544-4EE6-B8BA-E4D1A16F1CB7}"
EndProject
Project("{9A19103F-16F7-4668-BE54-9A1E7A4F7556}") = "IRI.Tag.SampleWpfApp", "IRI.Tag\IRI.Tag.SampleWpfApp\IRI.Tag.SampleWpfApp.csproj", "{7004D483-0FA3-475A-BB99-327B747E7084}"
EndProject
Project("{9A19103F-16F7-4668-BE54-9A1E7A4F7556}") = "IRI.Article.Sfc", "IRI.Tag\IRI.Article.Sfc\IRI.Article.Sfc.csproj", "{ABB3E4C9-9952-486D-AE45-9AA76013AA43}"
EndProject
Project("{FAE04EC0-301F-11D3-BF4B-00C04F79EFBC}") = "IRI.Dan.Simplification", "IRI.Tag\IRI.Dan.Simplification\IRI.Dan.Simplification.csproj", "{9DCAF5FE-4132-43A5-ABCB-1054595AE6ED}"
EndProject
Project("{FAE04EC0-301F-11D3-BF4B-00C04F79EFBC}") = "IRI.Dan.TrajectoryCompression01", "IRI.Tag\IRI.Dan.TrajectoryCompression01\IRI.Dan.TrajectoryCompression01.csproj", "{A12AA661-6B13-447A-8EE2-D011FF3A9CF4}"
EndProject
Global
	GlobalSection(SolutionConfigurationPlatforms) = preSolution
		Debug|Any CPU = Debug|Any CPU
		Debug|x86 = Debug|x86
		Release|Any CPU = Release|Any CPU
		Release|x86 = Release|x86
	EndGlobalSection
	GlobalSection(ProjectConfigurationPlatforms) = postSolution
		{63DA71D9-C010-4F20-97EF-CCCCEC1E458C}.Debug|Any CPU.ActiveCfg = Debug|Any CPU
		{63DA71D9-C010-4F20-97EF-CCCCEC1E458C}.Debug|Any CPU.Build.0 = Debug|Any CPU
		{63DA71D9-C010-4F20-97EF-CCCCEC1E458C}.Debug|x86.ActiveCfg = Debug|x86
		{63DA71D9-C010-4F20-97EF-CCCCEC1E458C}.Debug|x86.Build.0 = Debug|x86
		{63DA71D9-C010-4F20-97EF-CCCCEC1E458C}.Release|Any CPU.ActiveCfg = Release|Any CPU
		{63DA71D9-C010-4F20-97EF-CCCCEC1E458C}.Release|x86.ActiveCfg = Release|x86
		{63DA71D9-C010-4F20-97EF-CCCCEC1E458C}.Release|x86.Build.0 = Release|x86
		{1ED088E6-1806-4D77-9143-2221DCBCF8F1}.Debug|Any CPU.ActiveCfg = Debug|Any CPU
		{1ED088E6-1806-4D77-9143-2221DCBCF8F1}.Debug|Any CPU.Build.0 = Debug|Any CPU
		{1ED088E6-1806-4D77-9143-2221DCBCF8F1}.Debug|x86.ActiveCfg = Debug|Any CPU
		{1ED088E6-1806-4D77-9143-2221DCBCF8F1}.Debug|x86.Build.0 = Debug|Any CPU
		{1ED088E6-1806-4D77-9143-2221DCBCF8F1}.Release|Any CPU.ActiveCfg = Release|Any CPU
		{1ED088E6-1806-4D77-9143-2221DCBCF8F1}.Release|Any CPU.Build.0 = Release|Any CPU
		{1ED088E6-1806-4D77-9143-2221DCBCF8F1}.Release|x86.ActiveCfg = Release|Any CPU
		{1ED088E6-1806-4D77-9143-2221DCBCF8F1}.Release|x86.Build.0 = Release|Any CPU
		{F5A00383-D576-4652-B8EE-DEB1AB2BA083}.Debug|Any CPU.ActiveCfg = Debug|Any CPU
		{F5A00383-D576-4652-B8EE-DEB1AB2BA083}.Debug|x86.ActiveCfg = Debug|Any CPU
		{F5A00383-D576-4652-B8EE-DEB1AB2BA083}.Release|Any CPU.ActiveCfg = Release|Any CPU
		{F5A00383-D576-4652-B8EE-DEB1AB2BA083}.Release|x86.ActiveCfg = Release|Any CPU
		{0AB44F85-E390-4BA8-A4D2-3B8856694380}.Debug|Any CPU.ActiveCfg = Debug|Any CPU
		{0AB44F85-E390-4BA8-A4D2-3B8856694380}.Debug|Any CPU.Build.0 = Debug|Any CPU
		{0AB44F85-E390-4BA8-A4D2-3B8856694380}.Debug|x86.ActiveCfg = Debug|Any CPU
		{0AB44F85-E390-4BA8-A4D2-3B8856694380}.Debug|x86.Build.0 = Debug|Any CPU
		{0AB44F85-E390-4BA8-A4D2-3B8856694380}.Release|Any CPU.ActiveCfg = Release|Any CPU
		{0AB44F85-E390-4BA8-A4D2-3B8856694380}.Release|Any CPU.Build.0 = Release|Any CPU
		{0AB44F85-E390-4BA8-A4D2-3B8856694380}.Release|x86.ActiveCfg = Release|Any CPU
		{0AB44F85-E390-4BA8-A4D2-3B8856694380}.Release|x86.Build.0 = Release|Any CPU
		{BE942544-C359-4A3A-A249-930A55AB801F}.Debug|Any CPU.ActiveCfg = Debug|Any CPU
		{BE942544-C359-4A3A-A249-930A55AB801F}.Debug|Any CPU.Build.0 = Debug|Any CPU
		{BE942544-C359-4A3A-A249-930A55AB801F}.Debug|x86.ActiveCfg = Debug|Any CPU
		{BE942544-C359-4A3A-A249-930A55AB801F}.Debug|x86.Build.0 = Debug|Any CPU
		{BE942544-C359-4A3A-A249-930A55AB801F}.Release|Any CPU.ActiveCfg = Release|Any CPU
		{BE942544-C359-4A3A-A249-930A55AB801F}.Release|Any CPU.Build.0 = Release|Any CPU
		{BE942544-C359-4A3A-A249-930A55AB801F}.Release|x86.ActiveCfg = Release|Any CPU
		{BE942544-C359-4A3A-A249-930A55AB801F}.Release|x86.Build.0 = Release|Any CPU
		{09D8FB75-6D9B-4114-83B4-7EAA82074EC6}.Debug|Any CPU.ActiveCfg = Debug|Any CPU
		{09D8FB75-6D9B-4114-83B4-7EAA82074EC6}.Debug|Any CPU.Build.0 = Debug|Any CPU
		{09D8FB75-6D9B-4114-83B4-7EAA82074EC6}.Debug|x86.ActiveCfg = Debug|Any CPU
		{09D8FB75-6D9B-4114-83B4-7EAA82074EC6}.Debug|x86.Build.0 = Debug|Any CPU
		{09D8FB75-6D9B-4114-83B4-7EAA82074EC6}.Release|Any CPU.ActiveCfg = Release|Any CPU
		{09D8FB75-6D9B-4114-83B4-7EAA82074EC6}.Release|Any CPU.Build.0 = Release|Any CPU
		{09D8FB75-6D9B-4114-83B4-7EAA82074EC6}.Release|x86.ActiveCfg = Release|Any CPU
		{09D8FB75-6D9B-4114-83B4-7EAA82074EC6}.Release|x86.Build.0 = Release|Any CPU
		{3D4EF053-1BE3-4867-B8DA-E0EB58BB52AE}.Debug|Any CPU.ActiveCfg = Debug|Any CPU
		{3D4EF053-1BE3-4867-B8DA-E0EB58BB52AE}.Debug|x86.ActiveCfg = Debug|Any CPU
		{3D4EF053-1BE3-4867-B8DA-E0EB58BB52AE}.Release|Any CPU.ActiveCfg = Release|Any CPU
		{3D4EF053-1BE3-4867-B8DA-E0EB58BB52AE}.Release|x86.ActiveCfg = Release|Any CPU
		{A9C79AD2-04B7-4C06-A8FA-8681D4CD2B73}.Debug|Any CPU.ActiveCfg = Debug|Any CPU
		{A9C79AD2-04B7-4C06-A8FA-8681D4CD2B73}.Debug|Any CPU.Build.0 = Debug|Any CPU
		{A9C79AD2-04B7-4C06-A8FA-8681D4CD2B73}.Debug|x86.ActiveCfg = Debug|Any CPU
		{A9C79AD2-04B7-4C06-A8FA-8681D4CD2B73}.Debug|x86.Build.0 = Debug|Any CPU
		{A9C79AD2-04B7-4C06-A8FA-8681D4CD2B73}.Release|Any CPU.ActiveCfg = Release|Any CPU
		{A9C79AD2-04B7-4C06-A8FA-8681D4CD2B73}.Release|Any CPU.Build.0 = Release|Any CPU
		{A9C79AD2-04B7-4C06-A8FA-8681D4CD2B73}.Release|x86.ActiveCfg = Release|Any CPU
		{A9C79AD2-04B7-4C06-A8FA-8681D4CD2B73}.Release|x86.Build.0 = Release|Any CPU
		{ECE6C48D-4782-46AB-8FFB-F45A70761CB3}.Debug|Any CPU.ActiveCfg = Debug|Any CPU
		{ECE6C48D-4782-46AB-8FFB-F45A70761CB3}.Debug|Any CPU.Build.0 = Debug|Any CPU
		{ECE6C48D-4782-46AB-8FFB-F45A70761CB3}.Debug|x86.ActiveCfg = Debug|Any CPU
		{ECE6C48D-4782-46AB-8FFB-F45A70761CB3}.Debug|x86.Build.0 = Debug|Any CPU
		{ECE6C48D-4782-46AB-8FFB-F45A70761CB3}.Release|Any CPU.ActiveCfg = Release|Any CPU
		{ECE6C48D-4782-46AB-8FFB-F45A70761CB3}.Release|Any CPU.Build.0 = Release|Any CPU
		{ECE6C48D-4782-46AB-8FFB-F45A70761CB3}.Release|x86.ActiveCfg = Release|Any CPU
		{ECE6C48D-4782-46AB-8FFB-F45A70761CB3}.Release|x86.Build.0 = Release|Any CPU
		{CACF5D21-E377-4EED-985A-34DFA34E7BC0}.Debug|Any CPU.ActiveCfg = Debug|Any CPU
		{CACF5D21-E377-4EED-985A-34DFA34E7BC0}.Debug|Any CPU.Build.0 = Debug|Any CPU
		{CACF5D21-E377-4EED-985A-34DFA34E7BC0}.Debug|x86.ActiveCfg = Debug|Any CPU
		{CACF5D21-E377-4EED-985A-34DFA34E7BC0}.Debug|x86.Build.0 = Debug|Any CPU
		{CACF5D21-E377-4EED-985A-34DFA34E7BC0}.Release|Any CPU.ActiveCfg = Release|Any CPU
		{CACF5D21-E377-4EED-985A-34DFA34E7BC0}.Release|Any CPU.Build.0 = Release|Any CPU
		{CACF5D21-E377-4EED-985A-34DFA34E7BC0}.Release|x86.ActiveCfg = Release|Any CPU
		{CACF5D21-E377-4EED-985A-34DFA34E7BC0}.Release|x86.Build.0 = Release|Any CPU
		{80C31A04-8542-4484-AE8A-78F67243AF2C}.Debug|Any CPU.ActiveCfg = Debug|Any CPU
		{80C31A04-8542-4484-AE8A-78F67243AF2C}.Debug|Any CPU.Build.0 = Debug|Any CPU
		{80C31A04-8542-4484-AE8A-78F67243AF2C}.Debug|x86.ActiveCfg = Debug|Any CPU
		{80C31A04-8542-4484-AE8A-78F67243AF2C}.Debug|x86.Build.0 = Debug|Any CPU
		{80C31A04-8542-4484-AE8A-78F67243AF2C}.Release|Any CPU.ActiveCfg = Release|Any CPU
		{80C31A04-8542-4484-AE8A-78F67243AF2C}.Release|Any CPU.Build.0 = Release|Any CPU
		{80C31A04-8542-4484-AE8A-78F67243AF2C}.Release|x86.ActiveCfg = Release|Any CPU
		{80C31A04-8542-4484-AE8A-78F67243AF2C}.Release|x86.Build.0 = Release|Any CPU
		{DDA5CADB-6BEF-4AE1-80A3-3FDDB150B05B}.Debug|Any CPU.ActiveCfg = Debug|Any CPU
		{DDA5CADB-6BEF-4AE1-80A3-3FDDB150B05B}.Debug|Any CPU.Build.0 = Debug|Any CPU
		{DDA5CADB-6BEF-4AE1-80A3-3FDDB150B05B}.Debug|x86.ActiveCfg = Debug|Any CPU
		{DDA5CADB-6BEF-4AE1-80A3-3FDDB150B05B}.Debug|x86.Build.0 = Debug|Any CPU
		{DDA5CADB-6BEF-4AE1-80A3-3FDDB150B05B}.Release|Any CPU.ActiveCfg = Release|Any CPU
		{DDA5CADB-6BEF-4AE1-80A3-3FDDB150B05B}.Release|Any CPU.Build.0 = Release|Any CPU
		{DDA5CADB-6BEF-4AE1-80A3-3FDDB150B05B}.Release|x86.ActiveCfg = Release|Any CPU
		{DDA5CADB-6BEF-4AE1-80A3-3FDDB150B05B}.Release|x86.Build.0 = Release|Any CPU
		{6F59FFD4-C888-4B6F-9D2C-94396693D84E}.Debug|Any CPU.ActiveCfg = Debug|Any CPU
		{6F59FFD4-C888-4B6F-9D2C-94396693D84E}.Debug|Any CPU.Build.0 = Debug|Any CPU
		{6F59FFD4-C888-4B6F-9D2C-94396693D84E}.Debug|x86.ActiveCfg = Debug|Any CPU
		{6F59FFD4-C888-4B6F-9D2C-94396693D84E}.Debug|x86.Build.0 = Debug|Any CPU
		{6F59FFD4-C888-4B6F-9D2C-94396693D84E}.Release|Any CPU.ActiveCfg = Release|Any CPU
		{6F59FFD4-C888-4B6F-9D2C-94396693D84E}.Release|Any CPU.Build.0 = Release|Any CPU
		{6F59FFD4-C888-4B6F-9D2C-94396693D84E}.Release|x86.ActiveCfg = Release|Any CPU
		{6F59FFD4-C888-4B6F-9D2C-94396693D84E}.Release|x86.Build.0 = Release|Any CPU
		{4ECD0AC7-7B8D-4B31-B162-D30E53BB5292}.Debug|Any CPU.ActiveCfg = Debug|Any CPU
		{4ECD0AC7-7B8D-4B31-B162-D30E53BB5292}.Debug|Any CPU.Build.0 = Debug|Any CPU
		{4ECD0AC7-7B8D-4B31-B162-D30E53BB5292}.Debug|x86.ActiveCfg = Debug|Any CPU
		{4ECD0AC7-7B8D-4B31-B162-D30E53BB5292}.Debug|x86.Build.0 = Debug|Any CPU
		{4ECD0AC7-7B8D-4B31-B162-D30E53BB5292}.Release|Any CPU.ActiveCfg = Release|Any CPU
		{4ECD0AC7-7B8D-4B31-B162-D30E53BB5292}.Release|Any CPU.Build.0 = Release|Any CPU
		{4ECD0AC7-7B8D-4B31-B162-D30E53BB5292}.Release|x86.ActiveCfg = Release|Any CPU
		{4ECD0AC7-7B8D-4B31-B162-D30E53BB5292}.Release|x86.Build.0 = Release|Any CPU
		{7464CDBD-AFF9-4924-ABB8-B4B8D4485925}.Debug|Any CPU.ActiveCfg = Debug|Any CPU
		{7464CDBD-AFF9-4924-ABB8-B4B8D4485925}.Debug|Any CPU.Build.0 = Debug|Any CPU
		{7464CDBD-AFF9-4924-ABB8-B4B8D4485925}.Debug|x86.ActiveCfg = Debug|Any CPU
		{7464CDBD-AFF9-4924-ABB8-B4B8D4485925}.Debug|x86.Build.0 = Debug|Any CPU
		{7464CDBD-AFF9-4924-ABB8-B4B8D4485925}.Release|Any CPU.ActiveCfg = Release|Any CPU
		{7464CDBD-AFF9-4924-ABB8-B4B8D4485925}.Release|Any CPU.Build.0 = Release|Any CPU
		{7464CDBD-AFF9-4924-ABB8-B4B8D4485925}.Release|x86.ActiveCfg = Release|Any CPU
		{7464CDBD-AFF9-4924-ABB8-B4B8D4485925}.Release|x86.Build.0 = Release|Any CPU
		{849CC742-9D3D-4597-A963-008C3D9A6755}.Debug|Any CPU.ActiveCfg = Debug|Any CPU
		{849CC742-9D3D-4597-A963-008C3D9A6755}.Debug|x86.ActiveCfg = Debug|Any CPU
		{849CC742-9D3D-4597-A963-008C3D9A6755}.Release|Any CPU.ActiveCfg = Release|Any CPU
		{849CC742-9D3D-4597-A963-008C3D9A6755}.Release|x86.ActiveCfg = Release|Any CPU
		{1523DACD-D0FA-4E7A-AF98-15E45F65E0B0}.Debug|Any CPU.ActiveCfg = Debug|Any CPU
		{1523DACD-D0FA-4E7A-AF98-15E45F65E0B0}.Debug|Any CPU.Build.0 = Debug|Any CPU
		{1523DACD-D0FA-4E7A-AF98-15E45F65E0B0}.Debug|x86.ActiveCfg = Debug|Any CPU
		{1523DACD-D0FA-4E7A-AF98-15E45F65E0B0}.Debug|x86.Build.0 = Debug|Any CPU
		{1523DACD-D0FA-4E7A-AF98-15E45F65E0B0}.Release|Any CPU.ActiveCfg = Release|Any CPU
		{1523DACD-D0FA-4E7A-AF98-15E45F65E0B0}.Release|Any CPU.Build.0 = Release|Any CPU
		{1523DACD-D0FA-4E7A-AF98-15E45F65E0B0}.Release|x86.ActiveCfg = Release|Any CPU
		{1523DACD-D0FA-4E7A-AF98-15E45F65E0B0}.Release|x86.Build.0 = Release|Any CPU
		{4900C16A-8C31-4655-B3E8-0DED527D2132}.Debug|Any CPU.ActiveCfg = Debug|Any CPU
		{4900C16A-8C31-4655-B3E8-0DED527D2132}.Debug|Any CPU.Build.0 = Debug|Any CPU
		{4900C16A-8C31-4655-B3E8-0DED527D2132}.Debug|x86.ActiveCfg = Debug|Any CPU
		{4900C16A-8C31-4655-B3E8-0DED527D2132}.Debug|x86.Build.0 = Debug|Any CPU
		{4900C16A-8C31-4655-B3E8-0DED527D2132}.Release|Any CPU.ActiveCfg = Release|Any CPU
		{4900C16A-8C31-4655-B3E8-0DED527D2132}.Release|Any CPU.Build.0 = Release|Any CPU
		{4900C16A-8C31-4655-B3E8-0DED527D2132}.Release|x86.ActiveCfg = Release|Any CPU
		{4900C16A-8C31-4655-B3E8-0DED527D2132}.Release|x86.Build.0 = Release|Any CPU
		{DE0F41C0-84BA-4D03-AF7F-9E325B14919A}.Debug|Any CPU.ActiveCfg = Debug|Any CPU
		{DE0F41C0-84BA-4D03-AF7F-9E325B14919A}.Debug|Any CPU.Build.0 = Debug|Any CPU
		{DE0F41C0-84BA-4D03-AF7F-9E325B14919A}.Debug|x86.ActiveCfg = Debug|Any CPU
		{DE0F41C0-84BA-4D03-AF7F-9E325B14919A}.Debug|x86.Build.0 = Debug|Any CPU
		{DE0F41C0-84BA-4D03-AF7F-9E325B14919A}.Release|Any CPU.ActiveCfg = Release|Any CPU
		{DE0F41C0-84BA-4D03-AF7F-9E325B14919A}.Release|Any CPU.Build.0 = Release|Any CPU
		{DE0F41C0-84BA-4D03-AF7F-9E325B14919A}.Release|x86.ActiveCfg = Release|Any CPU
		{DE0F41C0-84BA-4D03-AF7F-9E325B14919A}.Release|x86.Build.0 = Release|Any CPU
		{766CC688-BA54-4570-8300-A8671ED98395}.Debug|Any CPU.ActiveCfg = Debug|Any CPU
		{766CC688-BA54-4570-8300-A8671ED98395}.Debug|Any CPU.Build.0 = Debug|Any CPU
		{766CC688-BA54-4570-8300-A8671ED98395}.Debug|x86.ActiveCfg = Debug|Any CPU
		{766CC688-BA54-4570-8300-A8671ED98395}.Debug|x86.Build.0 = Debug|Any CPU
		{766CC688-BA54-4570-8300-A8671ED98395}.Release|Any CPU.ActiveCfg = Release|Any CPU
		{766CC688-BA54-4570-8300-A8671ED98395}.Release|Any CPU.Build.0 = Release|Any CPU
		{766CC688-BA54-4570-8300-A8671ED98395}.Release|x86.ActiveCfg = Release|Any CPU
		{766CC688-BA54-4570-8300-A8671ED98395}.Release|x86.Build.0 = Release|Any CPU
		{0E84CCEA-425D-42AF-898C-4603F4A5CE74}.Debug|Any CPU.ActiveCfg = Debug|Any CPU
		{0E84CCEA-425D-42AF-898C-4603F4A5CE74}.Debug|Any CPU.Build.0 = Debug|Any CPU
		{0E84CCEA-425D-42AF-898C-4603F4A5CE74}.Debug|x86.ActiveCfg = Debug|Any CPU
		{0E84CCEA-425D-42AF-898C-4603F4A5CE74}.Debug|x86.Build.0 = Debug|Any CPU
		{0E84CCEA-425D-42AF-898C-4603F4A5CE74}.Release|Any CPU.ActiveCfg = Release|Any CPU
		{0E84CCEA-425D-42AF-898C-4603F4A5CE74}.Release|Any CPU.Build.0 = Release|Any CPU
		{0E84CCEA-425D-42AF-898C-4603F4A5CE74}.Release|x86.ActiveCfg = Release|Any CPU
		{0E84CCEA-425D-42AF-898C-4603F4A5CE74}.Release|x86.Build.0 = Release|Any CPU
		{3A0C3FFD-3E17-42B9-808F-3B972D35B6B2}.Debug|Any CPU.ActiveCfg = Debug|Any CPU
		{3A0C3FFD-3E17-42B9-808F-3B972D35B6B2}.Debug|Any CPU.Build.0 = Debug|Any CPU
		{3A0C3FFD-3E17-42B9-808F-3B972D35B6B2}.Debug|x86.ActiveCfg = Debug|Any CPU
		{3A0C3FFD-3E17-42B9-808F-3B972D35B6B2}.Debug|x86.Build.0 = Debug|Any CPU
		{3A0C3FFD-3E17-42B9-808F-3B972D35B6B2}.Release|Any CPU.ActiveCfg = Release|Any CPU
		{3A0C3FFD-3E17-42B9-808F-3B972D35B6B2}.Release|Any CPU.Build.0 = Release|Any CPU
		{3A0C3FFD-3E17-42B9-808F-3B972D35B6B2}.Release|x86.ActiveCfg = Release|Any CPU
		{3A0C3FFD-3E17-42B9-808F-3B972D35B6B2}.Release|x86.Build.0 = Release|Any CPU
		{DB80C069-C5AD-4CC6-9BC0-AD741FCAF0BB}.Debug|Any CPU.ActiveCfg = Debug|Any CPU
		{DB80C069-C5AD-4CC6-9BC0-AD741FCAF0BB}.Debug|Any CPU.Build.0 = Debug|Any CPU
		{DB80C069-C5AD-4CC6-9BC0-AD741FCAF0BB}.Debug|x86.ActiveCfg = Debug|Any CPU
		{DB80C069-C5AD-4CC6-9BC0-AD741FCAF0BB}.Debug|x86.Build.0 = Debug|Any CPU
		{DB80C069-C5AD-4CC6-9BC0-AD741FCAF0BB}.Release|Any CPU.ActiveCfg = Release|Any CPU
		{DB80C069-C5AD-4CC6-9BC0-AD741FCAF0BB}.Release|Any CPU.Build.0 = Release|Any CPU
		{DB80C069-C5AD-4CC6-9BC0-AD741FCAF0BB}.Release|x86.ActiveCfg = Release|Any CPU
		{DB80C069-C5AD-4CC6-9BC0-AD741FCAF0BB}.Release|x86.Build.0 = Release|Any CPU
		{2CE9A8E7-BA53-410B-A2B8-7D285CBDFFC1}.Debug|Any CPU.ActiveCfg = Debug|Any CPU
		{2CE9A8E7-BA53-410B-A2B8-7D285CBDFFC1}.Debug|Any CPU.Build.0 = Debug|Any CPU
		{2CE9A8E7-BA53-410B-A2B8-7D285CBDFFC1}.Debug|x86.ActiveCfg = Debug|Any CPU
		{2CE9A8E7-BA53-410B-A2B8-7D285CBDFFC1}.Debug|x86.Build.0 = Debug|Any CPU
		{2CE9A8E7-BA53-410B-A2B8-7D285CBDFFC1}.Release|Any CPU.ActiveCfg = Release|Any CPU
		{2CE9A8E7-BA53-410B-A2B8-7D285CBDFFC1}.Release|Any CPU.Build.0 = Release|Any CPU
		{2CE9A8E7-BA53-410B-A2B8-7D285CBDFFC1}.Release|x86.ActiveCfg = Release|Any CPU
		{2CE9A8E7-BA53-410B-A2B8-7D285CBDFFC1}.Release|x86.Build.0 = Release|Any CPU
		{AB880A8C-BFC6-444F-83DD-978EB2BAF89B}.Debug|Any CPU.ActiveCfg = Debug|Any CPU
		{AB880A8C-BFC6-444F-83DD-978EB2BAF89B}.Debug|Any CPU.Build.0 = Debug|Any CPU
		{AB880A8C-BFC6-444F-83DD-978EB2BAF89B}.Debug|x86.ActiveCfg = Debug|Any CPU
		{AB880A8C-BFC6-444F-83DD-978EB2BAF89B}.Debug|x86.Build.0 = Debug|Any CPU
		{AB880A8C-BFC6-444F-83DD-978EB2BAF89B}.Release|Any CPU.ActiveCfg = Release|Any CPU
		{AB880A8C-BFC6-444F-83DD-978EB2BAF89B}.Release|Any CPU.Build.0 = Release|Any CPU
		{AB880A8C-BFC6-444F-83DD-978EB2BAF89B}.Release|x86.ActiveCfg = Release|Any CPU
		{AB880A8C-BFC6-444F-83DD-978EB2BAF89B}.Release|x86.Build.0 = Release|Any CPU
		{3858C9DE-FEAF-4AA5-977A-0CA256B0E0FE}.Debug|Any CPU.ActiveCfg = Debug|Any CPU
		{3858C9DE-FEAF-4AA5-977A-0CA256B0E0FE}.Debug|Any CPU.Build.0 = Debug|Any CPU
		{3858C9DE-FEAF-4AA5-977A-0CA256B0E0FE}.Debug|x86.ActiveCfg = Debug|Any CPU
		{3858C9DE-FEAF-4AA5-977A-0CA256B0E0FE}.Debug|x86.Build.0 = Debug|Any CPU
		{3858C9DE-FEAF-4AA5-977A-0CA256B0E0FE}.Release|Any CPU.ActiveCfg = Release|Any CPU
		{3858C9DE-FEAF-4AA5-977A-0CA256B0E0FE}.Release|Any CPU.Build.0 = Release|Any CPU
		{3858C9DE-FEAF-4AA5-977A-0CA256B0E0FE}.Release|x86.ActiveCfg = Release|Any CPU
		{3858C9DE-FEAF-4AA5-977A-0CA256B0E0FE}.Release|x86.Build.0 = Release|Any CPU
		{6FC46811-598B-4D92-A0B3-F1F135612E3B}.Debug|Any CPU.ActiveCfg = Debug|Any CPU
		{6FC46811-598B-4D92-A0B3-F1F135612E3B}.Debug|Any CPU.Build.0 = Debug|Any CPU
		{6FC46811-598B-4D92-A0B3-F1F135612E3B}.Debug|x86.ActiveCfg = Debug|Any CPU
		{6FC46811-598B-4D92-A0B3-F1F135612E3B}.Debug|x86.Build.0 = Debug|Any CPU
		{6FC46811-598B-4D92-A0B3-F1F135612E3B}.Release|Any CPU.ActiveCfg = Release|Any CPU
		{6FC46811-598B-4D92-A0B3-F1F135612E3B}.Release|Any CPU.Build.0 = Release|Any CPU
		{6FC46811-598B-4D92-A0B3-F1F135612E3B}.Release|x86.ActiveCfg = Release|Any CPU
		{6FC46811-598B-4D92-A0B3-F1F135612E3B}.Release|x86.Build.0 = Release|Any CPU
		{AEA7BF59-9B8A-4A6A-9AA3-115A1462F07A}.Debug|Any CPU.ActiveCfg = Debug|Any CPU
		{AEA7BF59-9B8A-4A6A-9AA3-115A1462F07A}.Debug|Any CPU.Build.0 = Debug|Any CPU
		{AEA7BF59-9B8A-4A6A-9AA3-115A1462F07A}.Debug|x86.ActiveCfg = Debug|Any CPU
		{AEA7BF59-9B8A-4A6A-9AA3-115A1462F07A}.Debug|x86.Build.0 = Debug|Any CPU
		{AEA7BF59-9B8A-4A6A-9AA3-115A1462F07A}.Release|Any CPU.ActiveCfg = Release|Any CPU
		{AEA7BF59-9B8A-4A6A-9AA3-115A1462F07A}.Release|Any CPU.Build.0 = Release|Any CPU
		{AEA7BF59-9B8A-4A6A-9AA3-115A1462F07A}.Release|x86.ActiveCfg = Release|Any CPU
		{AEA7BF59-9B8A-4A6A-9AA3-115A1462F07A}.Release|x86.Build.0 = Release|Any CPU
		{1EB127FB-16D5-4E04-80E8-BC726B553AB3}.Debug|Any CPU.ActiveCfg = Debug|Any CPU
		{1EB127FB-16D5-4E04-80E8-BC726B553AB3}.Debug|Any CPU.Build.0 = Debug|Any CPU
		{1EB127FB-16D5-4E04-80E8-BC726B553AB3}.Debug|x86.ActiveCfg = Debug|Any CPU
		{1EB127FB-16D5-4E04-80E8-BC726B553AB3}.Debug|x86.Build.0 = Debug|Any CPU
		{1EB127FB-16D5-4E04-80E8-BC726B553AB3}.Release|Any CPU.ActiveCfg = Release|Any CPU
		{1EB127FB-16D5-4E04-80E8-BC726B553AB3}.Release|Any CPU.Build.0 = Release|Any CPU
		{1EB127FB-16D5-4E04-80E8-BC726B553AB3}.Release|x86.ActiveCfg = Release|Any CPU
		{1EB127FB-16D5-4E04-80E8-BC726B553AB3}.Release|x86.Build.0 = Release|Any CPU
		{A67CE446-EA1A-4545-B82D-FF57B56AA431}.Debug|Any CPU.ActiveCfg = Debug|Any CPU
		{A67CE446-EA1A-4545-B82D-FF57B56AA431}.Debug|Any CPU.Build.0 = Debug|Any CPU
		{A67CE446-EA1A-4545-B82D-FF57B56AA431}.Debug|x86.ActiveCfg = Debug|Any CPU
		{A67CE446-EA1A-4545-B82D-FF57B56AA431}.Debug|x86.Build.0 = Debug|Any CPU
		{A67CE446-EA1A-4545-B82D-FF57B56AA431}.Release|Any CPU.ActiveCfg = Release|Any CPU
		{A67CE446-EA1A-4545-B82D-FF57B56AA431}.Release|Any CPU.Build.0 = Release|Any CPU
		{A67CE446-EA1A-4545-B82D-FF57B56AA431}.Release|x86.ActiveCfg = Release|Any CPU
		{A67CE446-EA1A-4545-B82D-FF57B56AA431}.Release|x86.Build.0 = Release|Any CPU
		{3B178636-3130-4B22-9897-9FBAE3D3AB25}.Debug|Any CPU.ActiveCfg = Debug|Any CPU
		{3B178636-3130-4B22-9897-9FBAE3D3AB25}.Debug|Any CPU.Build.0 = Debug|Any CPU
		{3B178636-3130-4B22-9897-9FBAE3D3AB25}.Debug|x86.ActiveCfg = Debug|Any CPU
		{3B178636-3130-4B22-9897-9FBAE3D3AB25}.Debug|x86.Build.0 = Debug|Any CPU
		{3B178636-3130-4B22-9897-9FBAE3D3AB25}.Release|Any CPU.ActiveCfg = Release|Any CPU
		{3B178636-3130-4B22-9897-9FBAE3D3AB25}.Release|Any CPU.Build.0 = Release|Any CPU
		{3B178636-3130-4B22-9897-9FBAE3D3AB25}.Release|x86.ActiveCfg = Release|Any CPU
		{3B178636-3130-4B22-9897-9FBAE3D3AB25}.Release|x86.Build.0 = Release|Any CPU
		{B2E6CF27-034E-4A55-B218-B3FA3EF127DE}.Debug|Any CPU.ActiveCfg = Debug|Any CPU
		{B2E6CF27-034E-4A55-B218-B3FA3EF127DE}.Debug|Any CPU.Build.0 = Debug|Any CPU
		{B2E6CF27-034E-4A55-B218-B3FA3EF127DE}.Debug|x86.ActiveCfg = Debug|Any CPU
		{B2E6CF27-034E-4A55-B218-B3FA3EF127DE}.Debug|x86.Build.0 = Debug|Any CPU
		{B2E6CF27-034E-4A55-B218-B3FA3EF127DE}.Release|Any CPU.ActiveCfg = Release|Any CPU
		{B2E6CF27-034E-4A55-B218-B3FA3EF127DE}.Release|Any CPU.Build.0 = Release|Any CPU
		{B2E6CF27-034E-4A55-B218-B3FA3EF127DE}.Release|x86.ActiveCfg = Release|Any CPU
		{B2E6CF27-034E-4A55-B218-B3FA3EF127DE}.Release|x86.Build.0 = Release|Any CPU
		{2F83C723-6108-42F6-9014-82972F52739D}.Debug|Any CPU.ActiveCfg = Debug|Any CPU
		{2F83C723-6108-42F6-9014-82972F52739D}.Debug|Any CPU.Build.0 = Debug|Any CPU
		{2F83C723-6108-42F6-9014-82972F52739D}.Debug|x86.ActiveCfg = Debug|Any CPU
		{2F83C723-6108-42F6-9014-82972F52739D}.Debug|x86.Build.0 = Debug|Any CPU
		{2F83C723-6108-42F6-9014-82972F52739D}.Release|Any CPU.ActiveCfg = Release|Any CPU
		{2F83C723-6108-42F6-9014-82972F52739D}.Release|Any CPU.Build.0 = Release|Any CPU
		{2F83C723-6108-42F6-9014-82972F52739D}.Release|x86.ActiveCfg = Release|Any CPU
		{2F83C723-6108-42F6-9014-82972F52739D}.Release|x86.Build.0 = Release|Any CPU
		{72C1D711-526A-42FE-8064-823D655FE7F0}.Debug|Any CPU.ActiveCfg = Debug|Any CPU
		{72C1D711-526A-42FE-8064-823D655FE7F0}.Debug|Any CPU.Build.0 = Debug|Any CPU
		{72C1D711-526A-42FE-8064-823D655FE7F0}.Debug|x86.ActiveCfg = Debug|Any CPU
		{72C1D711-526A-42FE-8064-823D655FE7F0}.Debug|x86.Build.0 = Debug|Any CPU
		{72C1D711-526A-42FE-8064-823D655FE7F0}.Release|Any CPU.ActiveCfg = Release|Any CPU
		{72C1D711-526A-42FE-8064-823D655FE7F0}.Release|Any CPU.Build.0 = Release|Any CPU
		{72C1D711-526A-42FE-8064-823D655FE7F0}.Release|x86.ActiveCfg = Release|Any CPU
		{72C1D711-526A-42FE-8064-823D655FE7F0}.Release|x86.Build.0 = Release|Any CPU
		{9194CAF6-7783-4268-83C5-2CB0CC2A8626}.Debug|Any CPU.ActiveCfg = Debug|Any CPU
		{9194CAF6-7783-4268-83C5-2CB0CC2A8626}.Debug|Any CPU.Build.0 = Debug|Any CPU
		{9194CAF6-7783-4268-83C5-2CB0CC2A8626}.Debug|x86.ActiveCfg = Debug|Any CPU
		{9194CAF6-7783-4268-83C5-2CB0CC2A8626}.Debug|x86.Build.0 = Debug|Any CPU
		{9194CAF6-7783-4268-83C5-2CB0CC2A8626}.Release|Any CPU.ActiveCfg = Release|Any CPU
		{9194CAF6-7783-4268-83C5-2CB0CC2A8626}.Release|Any CPU.Build.0 = Release|Any CPU
		{9194CAF6-7783-4268-83C5-2CB0CC2A8626}.Release|x86.ActiveCfg = Release|Any CPU
		{9194CAF6-7783-4268-83C5-2CB0CC2A8626}.Release|x86.Build.0 = Release|Any CPU
		{13F4D974-284E-4E03-8549-1DDAC46D6697}.Debug|Any CPU.ActiveCfg = Debug|Any CPU
		{13F4D974-284E-4E03-8549-1DDAC46D6697}.Debug|Any CPU.Build.0 = Debug|Any CPU
		{13F4D974-284E-4E03-8549-1DDAC46D6697}.Debug|x86.ActiveCfg = Debug|Any CPU
		{13F4D974-284E-4E03-8549-1DDAC46D6697}.Debug|x86.Build.0 = Debug|Any CPU
		{13F4D974-284E-4E03-8549-1DDAC46D6697}.Release|Any CPU.ActiveCfg = Release|Any CPU
		{13F4D974-284E-4E03-8549-1DDAC46D6697}.Release|Any CPU.Build.0 = Release|Any CPU
		{13F4D974-284E-4E03-8549-1DDAC46D6697}.Release|x86.ActiveCfg = Release|Any CPU
		{13F4D974-284E-4E03-8549-1DDAC46D6697}.Release|x86.Build.0 = Release|Any CPU
		{C6454869-70AD-4756-BDD6-8F2416E164D4}.Debug|Any CPU.ActiveCfg = Debug|Any CPU
		{C6454869-70AD-4756-BDD6-8F2416E164D4}.Debug|Any CPU.Build.0 = Debug|Any CPU
		{C6454869-70AD-4756-BDD6-8F2416E164D4}.Debug|x86.ActiveCfg = Debug|Any CPU
		{C6454869-70AD-4756-BDD6-8F2416E164D4}.Debug|x86.Build.0 = Debug|Any CPU
		{C6454869-70AD-4756-BDD6-8F2416E164D4}.Release|Any CPU.ActiveCfg = Release|Any CPU
		{C6454869-70AD-4756-BDD6-8F2416E164D4}.Release|Any CPU.Build.0 = Release|Any CPU
		{C6454869-70AD-4756-BDD6-8F2416E164D4}.Release|x86.ActiveCfg = Release|Any CPU
		{C6454869-70AD-4756-BDD6-8F2416E164D4}.Release|x86.Build.0 = Release|Any CPU
		{5DB29ED9-E899-42A9-9F2F-ED700A57734F}.Debug|Any CPU.ActiveCfg = Debug|Any CPU
		{5DB29ED9-E899-42A9-9F2F-ED700A57734F}.Debug|Any CPU.Build.0 = Debug|Any CPU
		{5DB29ED9-E899-42A9-9F2F-ED700A57734F}.Debug|x86.ActiveCfg = Debug|Any CPU
		{5DB29ED9-E899-42A9-9F2F-ED700A57734F}.Debug|x86.Build.0 = Debug|Any CPU
		{5DB29ED9-E899-42A9-9F2F-ED700A57734F}.Release|Any CPU.ActiveCfg = Release|Any CPU
		{5DB29ED9-E899-42A9-9F2F-ED700A57734F}.Release|Any CPU.Build.0 = Release|Any CPU
		{5DB29ED9-E899-42A9-9F2F-ED700A57734F}.Release|x86.ActiveCfg = Release|Any CPU
		{5DB29ED9-E899-42A9-9F2F-ED700A57734F}.Release|x86.Build.0 = Release|Any CPU
		{53C0059E-9EBA-486E-A6EB-6A2491BF2C09}.Debug|Any CPU.ActiveCfg = Debug|Any CPU
		{53C0059E-9EBA-486E-A6EB-6A2491BF2C09}.Debug|Any CPU.Build.0 = Debug|Any CPU
		{53C0059E-9EBA-486E-A6EB-6A2491BF2C09}.Debug|x86.ActiveCfg = Debug|Any CPU
		{53C0059E-9EBA-486E-A6EB-6A2491BF2C09}.Debug|x86.Build.0 = Debug|Any CPU
		{53C0059E-9EBA-486E-A6EB-6A2491BF2C09}.Release|Any CPU.ActiveCfg = Release|Any CPU
		{53C0059E-9EBA-486E-A6EB-6A2491BF2C09}.Release|Any CPU.Build.0 = Release|Any CPU
		{53C0059E-9EBA-486E-A6EB-6A2491BF2C09}.Release|x86.ActiveCfg = Release|Any CPU
		{53C0059E-9EBA-486E-A6EB-6A2491BF2C09}.Release|x86.Build.0 = Release|Any CPU
		{C6FD9670-BC3C-42EA-80E8-83D4E329D7E7}.Debug|Any CPU.ActiveCfg = Debug|Any CPU
		{C6FD9670-BC3C-42EA-80E8-83D4E329D7E7}.Debug|Any CPU.Build.0 = Debug|Any CPU
		{C6FD9670-BC3C-42EA-80E8-83D4E329D7E7}.Debug|x86.ActiveCfg = Debug|Any CPU
		{C6FD9670-BC3C-42EA-80E8-83D4E329D7E7}.Debug|x86.Build.0 = Debug|Any CPU
		{C6FD9670-BC3C-42EA-80E8-83D4E329D7E7}.Release|Any CPU.ActiveCfg = Release|Any CPU
		{C6FD9670-BC3C-42EA-80E8-83D4E329D7E7}.Release|Any CPU.Build.0 = Release|Any CPU
		{C6FD9670-BC3C-42EA-80E8-83D4E329D7E7}.Release|x86.ActiveCfg = Release|Any CPU
		{C6FD9670-BC3C-42EA-80E8-83D4E329D7E7}.Release|x86.Build.0 = Release|Any CPU
		{5C3EF2F6-0D9D-4A16-A20C-3B86BD1705DC}.Debug|Any CPU.ActiveCfg = Debug|Any CPU
		{5C3EF2F6-0D9D-4A16-A20C-3B86BD1705DC}.Debug|Any CPU.Build.0 = Debug|Any CPU
		{5C3EF2F6-0D9D-4A16-A20C-3B86BD1705DC}.Debug|x86.ActiveCfg = Debug|Any CPU
		{5C3EF2F6-0D9D-4A16-A20C-3B86BD1705DC}.Debug|x86.Build.0 = Debug|Any CPU
		{5C3EF2F6-0D9D-4A16-A20C-3B86BD1705DC}.Release|Any CPU.ActiveCfg = Release|Any CPU
		{5C3EF2F6-0D9D-4A16-A20C-3B86BD1705DC}.Release|Any CPU.Build.0 = Release|Any CPU
		{5C3EF2F6-0D9D-4A16-A20C-3B86BD1705DC}.Release|x86.ActiveCfg = Release|Any CPU
		{5C3EF2F6-0D9D-4A16-A20C-3B86BD1705DC}.Release|x86.Build.0 = Release|Any CPU
		{89CCF9A0-99DD-46E4-A2B9-1FF881DF601A}.Debug|Any CPU.ActiveCfg = Debug|Any CPU
		{89CCF9A0-99DD-46E4-A2B9-1FF881DF601A}.Debug|Any CPU.Build.0 = Debug|Any CPU
		{89CCF9A0-99DD-46E4-A2B9-1FF881DF601A}.Debug|x86.ActiveCfg = Debug|Any CPU
		{89CCF9A0-99DD-46E4-A2B9-1FF881DF601A}.Debug|x86.Build.0 = Debug|Any CPU
		{89CCF9A0-99DD-46E4-A2B9-1FF881DF601A}.Release|Any CPU.ActiveCfg = Release|Any CPU
		{89CCF9A0-99DD-46E4-A2B9-1FF881DF601A}.Release|Any CPU.Build.0 = Release|Any CPU
		{89CCF9A0-99DD-46E4-A2B9-1FF881DF601A}.Release|x86.ActiveCfg = Release|Any CPU
		{89CCF9A0-99DD-46E4-A2B9-1FF881DF601A}.Release|x86.Build.0 = Release|Any CPU
		{F23F5E36-24F3-44CD-8CBC-8A8DEDBA3BC2}.Debug|Any CPU.ActiveCfg = Debug|Any CPU
		{F23F5E36-24F3-44CD-8CBC-8A8DEDBA3BC2}.Debug|Any CPU.Build.0 = Debug|Any CPU
		{F23F5E36-24F3-44CD-8CBC-8A8DEDBA3BC2}.Debug|x86.ActiveCfg = Debug|Any CPU
		{F23F5E36-24F3-44CD-8CBC-8A8DEDBA3BC2}.Debug|x86.Build.0 = Debug|Any CPU
		{F23F5E36-24F3-44CD-8CBC-8A8DEDBA3BC2}.Release|Any CPU.ActiveCfg = Release|Any CPU
		{F23F5E36-24F3-44CD-8CBC-8A8DEDBA3BC2}.Release|Any CPU.Build.0 = Release|Any CPU
		{F23F5E36-24F3-44CD-8CBC-8A8DEDBA3BC2}.Release|x86.ActiveCfg = Release|Any CPU
		{F23F5E36-24F3-44CD-8CBC-8A8DEDBA3BC2}.Release|x86.Build.0 = Release|Any CPU
		{1AD8AF42-A544-4EE6-B8BA-E4D1A16F1CB7}.Debug|Any CPU.ActiveCfg = Debug|Any CPU
		{1AD8AF42-A544-4EE6-B8BA-E4D1A16F1CB7}.Debug|Any CPU.Build.0 = Debug|Any CPU
		{1AD8AF42-A544-4EE6-B8BA-E4D1A16F1CB7}.Debug|x86.ActiveCfg = Debug|Any CPU
		{1AD8AF42-A544-4EE6-B8BA-E4D1A16F1CB7}.Debug|x86.Build.0 = Debug|Any CPU
		{1AD8AF42-A544-4EE6-B8BA-E4D1A16F1CB7}.Release|Any CPU.ActiveCfg = Release|Any CPU
		{1AD8AF42-A544-4EE6-B8BA-E4D1A16F1CB7}.Release|Any CPU.Build.0 = Release|Any CPU
		{1AD8AF42-A544-4EE6-B8BA-E4D1A16F1CB7}.Release|x86.ActiveCfg = Release|Any CPU
		{1AD8AF42-A544-4EE6-B8BA-E4D1A16F1CB7}.Release|x86.Build.0 = Release|Any CPU
		{7004D483-0FA3-475A-BB99-327B747E7084}.Debug|Any CPU.ActiveCfg = Debug|Any CPU
		{7004D483-0FA3-475A-BB99-327B747E7084}.Debug|Any CPU.Build.0 = Debug|Any CPU
		{7004D483-0FA3-475A-BB99-327B747E7084}.Debug|x86.ActiveCfg = Debug|Any CPU
		{7004D483-0FA3-475A-BB99-327B747E7084}.Debug|x86.Build.0 = Debug|Any CPU
		{7004D483-0FA3-475A-BB99-327B747E7084}.Release|Any CPU.ActiveCfg = Release|Any CPU
		{7004D483-0FA3-475A-BB99-327B747E7084}.Release|Any CPU.Build.0 = Release|Any CPU
		{7004D483-0FA3-475A-BB99-327B747E7084}.Release|x86.ActiveCfg = Release|Any CPU
		{7004D483-0FA3-475A-BB99-327B747E7084}.Release|x86.Build.0 = Release|Any CPU
		{ABB3E4C9-9952-486D-AE45-9AA76013AA43}.Debug|Any CPU.ActiveCfg = Debug|Any CPU
		{ABB3E4C9-9952-486D-AE45-9AA76013AA43}.Debug|Any CPU.Build.0 = Debug|Any CPU
		{ABB3E4C9-9952-486D-AE45-9AA76013AA43}.Debug|x86.ActiveCfg = Debug|Any CPU
		{ABB3E4C9-9952-486D-AE45-9AA76013AA43}.Debug|x86.Build.0 = Debug|Any CPU
		{ABB3E4C9-9952-486D-AE45-9AA76013AA43}.Release|Any CPU.ActiveCfg = Release|Any CPU
		{ABB3E4C9-9952-486D-AE45-9AA76013AA43}.Release|Any CPU.Build.0 = Release|Any CPU
		{ABB3E4C9-9952-486D-AE45-9AA76013AA43}.Release|x86.ActiveCfg = Release|Any CPU
		{ABB3E4C9-9952-486D-AE45-9AA76013AA43}.Release|x86.Build.0 = Release|Any CPU
		{9DCAF5FE-4132-43A5-ABCB-1054595AE6ED}.Debug|Any CPU.ActiveCfg = Debug|Any CPU
		{9DCAF5FE-4132-43A5-ABCB-1054595AE6ED}.Debug|Any CPU.Build.0 = Debug|Any CPU
		{9DCAF5FE-4132-43A5-ABCB-1054595AE6ED}.Debug|x86.ActiveCfg = Debug|Any CPU
		{9DCAF5FE-4132-43A5-ABCB-1054595AE6ED}.Debug|x86.Build.0 = Debug|Any CPU
		{9DCAF5FE-4132-43A5-ABCB-1054595AE6ED}.Release|Any CPU.ActiveCfg = Release|Any CPU
		{9DCAF5FE-4132-43A5-ABCB-1054595AE6ED}.Release|Any CPU.Build.0 = Release|Any CPU
		{9DCAF5FE-4132-43A5-ABCB-1054595AE6ED}.Release|x86.ActiveCfg = Release|Any CPU
		{9DCAF5FE-4132-43A5-ABCB-1054595AE6ED}.Release|x86.Build.0 = Release|Any CPU
		{A12AA661-6B13-447A-8EE2-D011FF3A9CF4}.Debug|Any CPU.ActiveCfg = Debug|Any CPU
		{A12AA661-6B13-447A-8EE2-D011FF3A9CF4}.Debug|Any CPU.Build.0 = Debug|Any CPU
		{A12AA661-6B13-447A-8EE2-D011FF3A9CF4}.Debug|x86.ActiveCfg = Debug|Any CPU
		{A12AA661-6B13-447A-8EE2-D011FF3A9CF4}.Debug|x86.Build.0 = Debug|Any CPU
		{A12AA661-6B13-447A-8EE2-D011FF3A9CF4}.Release|Any CPU.ActiveCfg = Release|Any CPU
		{A12AA661-6B13-447A-8EE2-D011FF3A9CF4}.Release|Any CPU.Build.0 = Release|Any CPU
		{A12AA661-6B13-447A-8EE2-D011FF3A9CF4}.Release|x86.ActiveCfg = Release|Any CPU
		{A12AA661-6B13-447A-8EE2-D011FF3A9CF4}.Release|x86.Build.0 = Release|Any CPU
	EndGlobalSection
	GlobalSection(SolutionProperties) = preSolution
		HideSolutionNode = FALSE
	EndGlobalSection
	GlobalSection(NestedProjects) = preSolution
		{63DA71D9-C010-4F20-97EF-CCCCEC1E458C} = {8B85D4A6-5420-451C-ADA8-59A3E12E7011}
		{1ED088E6-1806-4D77-9143-2221DCBCF8F1} = {8D95B70E-B943-4D24-A90A-A811CD0E7497}
		{F5A00383-D576-4652-B8EE-DEB1AB2BA083} = {055212DF-37DF-460F-97FC-E345D654A30F}
		{0AB44F85-E390-4BA8-A4D2-3B8856694380} = {8D95B70E-B943-4D24-A90A-A811CD0E7497}
		{BE942544-C359-4A3A-A249-930A55AB801F} = {8D95B70E-B943-4D24-A90A-A811CD0E7497}
		{09D8FB75-6D9B-4114-83B4-7EAA82074EC6} = {8D95B70E-B943-4D24-A90A-A811CD0E7497}
		{3D4EF053-1BE3-4867-B8DA-E0EB58BB52AE} = {055212DF-37DF-460F-97FC-E345D654A30F}
		{A9C79AD2-04B7-4C06-A8FA-8681D4CD2B73} = {8D95B70E-B943-4D24-A90A-A811CD0E7497}
		{ECE6C48D-4782-46AB-8FFB-F45A70761CB3} = {8D95B70E-B943-4D24-A90A-A811CD0E7497}
		{CACF5D21-E377-4EED-985A-34DFA34E7BC0} = {8D95B70E-B943-4D24-A90A-A811CD0E7497}
		{80C31A04-8542-4484-AE8A-78F67243AF2C} = {E5F5079F-EF2B-4A9B-B00F-44AA61F07339}
		{DDA5CADB-6BEF-4AE1-80A3-3FDDB150B05B} = {8D95B70E-B943-4D24-A90A-A811CD0E7497}
		{6F59FFD4-C888-4B6F-9D2C-94396693D84E} = {8D95B70E-B943-4D24-A90A-A811CD0E7497}
		{4ECD0AC7-7B8D-4B31-B162-D30E53BB5292} = {8D95B70E-B943-4D24-A90A-A811CD0E7497}
		{7464CDBD-AFF9-4924-ABB8-B4B8D4485925} = {8D95B70E-B943-4D24-A90A-A811CD0E7497}
		{849CC742-9D3D-4597-A963-008C3D9A6755} = {055212DF-37DF-460F-97FC-E345D654A30F}
		{1523DACD-D0FA-4E7A-AF98-15E45F65E0B0} = {A839D3E5-8157-4EF6-8EB1-FA4E87A92CDA}
		{4900C16A-8C31-4655-B3E8-0DED527D2132} = {A839D3E5-8157-4EF6-8EB1-FA4E87A92CDA}
		{766CC688-BA54-4570-8300-A8671ED98395} = {A839D3E5-8157-4EF6-8EB1-FA4E87A92CDA}
		{0E84CCEA-425D-42AF-898C-4603F4A5CE74} = {A839D3E5-8157-4EF6-8EB1-FA4E87A92CDA}
		{3A0C3FFD-3E17-42B9-808F-3B972D35B6B2} = {A839D3E5-8157-4EF6-8EB1-FA4E87A92CDA}
		{DB80C069-C5AD-4CC6-9BC0-AD741FCAF0BB} = {A839D3E5-8157-4EF6-8EB1-FA4E87A92CDA}
		{2CE9A8E7-BA53-410B-A2B8-7D285CBDFFC1} = {3464F76F-DC20-484F-8420-6E0B9DD8E031}
		{AB880A8C-BFC6-444F-83DD-978EB2BAF89B} = {3464F76F-DC20-484F-8420-6E0B9DD8E031}
		{3858C9DE-FEAF-4AA5-977A-0CA256B0E0FE} = {3464F76F-DC20-484F-8420-6E0B9DD8E031}
		{6FC46811-598B-4D92-A0B3-F1F135612E3B} = {3464F76F-DC20-484F-8420-6E0B9DD8E031}
		{AEA7BF59-9B8A-4A6A-9AA3-115A1462F07A} = {8D95B70E-B943-4D24-A90A-A811CD0E7497}
		{C7380220-C864-46A5-BEB1-D46930EA4DC9} = {D4B91A71-9D32-46EE-BB42-7118A0B82F6D}
		{1EB127FB-16D5-4E04-80E8-BC726B553AB3} = {C7380220-C864-46A5-BEB1-D46930EA4DC9}
		{1F35DE6C-4D78-440A-9940-3BEEC26624E5} = {D4B91A71-9D32-46EE-BB42-7118A0B82F6D}
		{A67CE446-EA1A-4545-B82D-FF57B56AA431} = {1F35DE6C-4D78-440A-9940-3BEEC26624E5}
		{394DC967-DA49-453B-BD8A-68D4EB969783} = {D4B91A71-9D32-46EE-BB42-7118A0B82F6D}
		{3B178636-3130-4B22-9897-9FBAE3D3AB25} = {394DC967-DA49-453B-BD8A-68D4EB969783}
		{B2E6CF27-034E-4A55-B218-B3FA3EF127DE} = {394DC967-DA49-453B-BD8A-68D4EB969783}
		{946A945F-58EA-4DD4-83C2-3FEC450C308E} = {D4B91A71-9D32-46EE-BB42-7118A0B82F6D}
		{2F83C723-6108-42F6-9014-82972F52739D} = {946A945F-58EA-4DD4-83C2-3FEC450C308E}
		{72C1D711-526A-42FE-8064-823D655FE7F0} = {946A945F-58EA-4DD4-83C2-3FEC450C308E}
		{32E43967-F973-4989-8926-07A4ADB09B58} = {D4B91A71-9D32-46EE-BB42-7118A0B82F6D}
		{9194CAF6-7783-4268-83C5-2CB0CC2A8626} = {32E43967-F973-4989-8926-07A4ADB09B58}
		{13F4D974-284E-4E03-8549-1DDAC46D6697} = {32E43967-F973-4989-8926-07A4ADB09B58}
		{5CD181E7-3012-42B5-9C7E-DB593929481A} = {D4B91A71-9D32-46EE-BB42-7118A0B82F6D}
		{C6454869-70AD-4756-BDD6-8F2416E164D4} = {5CD181E7-3012-42B5-9C7E-DB593929481A}
		{B3C4559B-E148-43E0-949E-78FD334350F5} = {D4B91A71-9D32-46EE-BB42-7118A0B82F6D}
		{B85AF38F-91CA-4760-AA64-D710F5D14A74} = {D4B91A71-9D32-46EE-BB42-7118A0B82F6D}
		{5DB29ED9-E899-42A9-9F2F-ED700A57734F} = {B85AF38F-91CA-4760-AA64-D710F5D14A74}
		{53C0059E-9EBA-486E-A6EB-6A2491BF2C09} = {B3C4559B-E148-43E0-949E-78FD334350F5}
		{C6FD9670-BC3C-42EA-80E8-83D4E329D7E7} = {B3C4559B-E148-43E0-949E-78FD334350F5}
		{5C3EF2F6-0D9D-4A16-A20C-3B86BD1705DC} = {B3C4559B-E148-43E0-949E-78FD334350F5}
		{89CCF9A0-99DD-46E4-A2B9-1FF881DF601A} = {D4B91A71-9D32-46EE-BB42-7118A0B82F6D}
		{F23F5E36-24F3-44CD-8CBC-8A8DEDBA3BC2} = {B3C4559B-E148-43E0-949E-78FD334350F5}
		{1AD8AF42-A544-4EE6-B8BA-E4D1A16F1CB7} = {0A2262EF-2A66-4CC1-A245-C1AE166CA614}
		{7004D483-0FA3-475A-BB99-327B747E7084} = {B5AE1C6D-C747-476A-B892-FF58DF006254}
		{ABB3E4C9-9952-486D-AE45-9AA76013AA43} = {B5AE1C6D-C747-476A-B892-FF58DF006254}
		{9DCAF5FE-4132-43A5-ABCB-1054595AE6ED} = {B5AE1C6D-C747-476A-B892-FF58DF006254}
		{A12AA661-6B13-447A-8EE2-D011FF3A9CF4} = {B5AE1C6D-C747-476A-B892-FF58DF006254}
	EndGlobalSection
	GlobalSection(ExtensibilityGlobals) = postSolution
		SolutionGuid = {E2292D5F-9EDC-489F-BAE4-75BC33F646F6}
	EndGlobalSection
	GlobalSection(SharedMSBuildProjectFiles) = preSolution
		IRI.Mosha\IRI.Msh.Common\IRI.Msh.Common.projitems*{1ed088e6-1806-4d77-9143-2221dcbcf8f1}*SharedItemsImports = 5
		IRI.Mosha\IRI.Msh.DataStructure\IRI.Msh.DataStructure.projitems*{3d4ef053-1be3-4867-b8da-e0eb58bb52ae}*SharedItemsImports = 13
		IRI.Mosha\IRI.Msh.GsmGprsCommunication\IRI.Msh.GsmGprsCommunication.projitems*{849cc742-9d3d-4597-a963-008c3d9a6755}*SharedItemsImports = 13
		IRI.Mosha\IRI.Msh.DataStructure\IRI.Msh.DataStructure.projitems*{a9c79ad2-04b7-4c06-a8fa-8681d4cd2b73}*SharedItemsImports = 5
		IRI.Mosha\IRI.Msh.Common\IRI.Msh.Common.projitems*{f5a00383-d576-4652-b8ee-deb1ab2ba083}*SharedItemsImports = 13
	EndGlobalSection
	GlobalSection(TestCaseManagementSettings) = postSolution
		CategoryFile = MainProject.vsmdi
	EndGlobalSection
EndGlobal
