
Microsoft Visual Studio Solution File, Format Version 12.00
# Visual Studio Version 17
VisualStudioVersion = 17.4.33110.190
MinimumVisualStudioVersion = 10.0.40219.1
Project("{2150E333-8FDC-42A3-9474-1A3956D46DE8}") = "Azmayeshgah", "Azmayeshgah", "{E5F5079F-EF2B-4A9B-B00F-44AA61F07339}"
EndProject
Project("{2150E333-8FDC-42A3-9474-1A3956D46DE8}") = "Bagche", "Bagche", "{8B85D4A6-5420-451C-ADA8-59A3E12E7011}"
EndProject
Project("{2150E333-8FDC-42A3-9474-1A3956D46DE8}") = "Basteha", "Basteha", "{0A2262EF-2A66-4CC1-A245-C1AE166CA614}"
EndProject
Project("{2150E333-8FDC-42A3-9474-1A3956D46DE8}") = "KetabkhaneStandard", "KetabkhaneStandard", "{8D95B70E-B943-4D24-A90A-A811CD0E7497}"
EndProject
Project("{2150E333-8FDC-42A3-9474-1A3956D46DE8}") = "Solution Items", "Solution Items", "{76C519B4-F1A8-4FA2-9D40-0D72F90B4754}"
	ProjectSection(SolutionItems) = preProject
		.editorconfig = .editorconfig
		Directory.Build.props = Directory.Build.props
		LICENSE.txt = LICENSE.txt
		images\package-icon.png = images\package-icon.png
	EndProjectSection
EndProject
Project("{9A19103F-16F7-4668-BE54-9A1E7A4F7556}") = "IRI.Sta.Common", "IRI.Sta\IRI.Sta.Common\IRI.Sta.Common.csproj", "{1ED088E6-1806-4D77-9143-2221DCBCF8F1}"
EndProject
Project("{2150E333-8FDC-42A3-9474-1A3956D46DE8}") = "Taghche", "Taghche", "{B5AE1C6D-C747-476A-B892-FF58DF006254}"
EndProject
Project("{9A19103F-16F7-4668-BE54-9A1E7A4F7556}") = "IRI.Sta.Ogc", "IRI.Sta\IRI.Sta.Ogc\IRI.Sta.Ogc.csproj", "{BE942544-C359-4A3A-A249-930A55AB801F}"
EndProject
Project("{9A19103F-16F7-4668-BE54-9A1E7A4F7556}") = "IRI.Test.Main", "IRI.Tst\IRI.Test.Main\IRI.Test.Main.csproj", "{80C31A04-8542-4484-AE8A-78F67243AF2C}"
EndProject
Project("{9A19103F-16F7-4668-BE54-9A1E7A4F7556}") = "IRI.Sta.MachineLearning", "IRI.Sta\IRI.Sta.MachineLearning\IRI.Sta.MachineLearning.csproj", "{DDA5CADB-6BEF-4AE1-80A3-3FDDB150B05B}"
EndProject
Project("{9A19103F-16F7-4668-BE54-9A1E7A4F7556}") = "IRI.Sta.ShapefileFormat", "IRI.Sta\IRI.Sta.ShapefileFormat\IRI.Sta.ShapefileFormat.csproj", "{6F59FFD4-C888-4B6F-9D2C-94396693D84E}"
EndProject
Project("{2150E333-8FDC-42A3-9474-1A3956D46DE8}") = "Ketabkhane", "Ketabkhane", "{A839D3E5-8157-4EF6-8EB1-FA4E87A92CDA}"
EndProject
Project("{9A19103F-16F7-4668-BE54-9A1E7A4F7556}") = "IRI.Ket.WindowsBase", "IRI.Ket\IRI.Ket.WindowsBase\IRI.Ket.WindowsBase.csproj", "{1523DACD-D0FA-4E7A-AF98-15E45F65E0B0}"
EndProject
Project("{9A19103F-16F7-4668-BE54-9A1E7A4F7556}") = "IRI.Ket.SqlServerSpatialExtension", "IRI.Ket\IRI.Ket.SqlServerSpatialExtension\IRI.Ket.SqlServerSpatialExtension.csproj", "{4900C16A-8C31-4655-B3E8-0DED527D2132}"
EndProject
Project("{9A19103F-16F7-4668-BE54-9A1E7A4F7556}") = "IRI.MasterProjectWPF", "IRI.MasterProjectWPF\IRI.MasterProjectWPF.csproj", "{DE0F41C0-84BA-4D03-AF7F-9E325B14919A}"
EndProject
Project("{2150E333-8FDC-42A3-9474-1A3956D46DE8}") = "JabeAbzar", "JabeAbzar", "{3464F76F-DC20-484F-8420-6E0B9DD8E031}"
EndProject
Project("{9A19103F-16F7-4668-BE54-9A1E7A4F7556}") = "IRI.Jab.Common", "IRI.Jab\IRI.Jab.Common\IRI.Jab.Common.csproj", "{2CE9A8E7-BA53-410B-A2B8-7D285CBDFFC1}"
EndProject
Project("{9A19103F-16F7-4668-BE54-9A1E7A4F7556}") = "IRI.Jab.Controls", "IRI.Jab\IRI.Jab.Controls\IRI.Jab.Controls.csproj", "{AB880A8C-BFC6-444F-83DD-978EB2BAF89B}"
EndProject
Project("{9A19103F-16F7-4668-BE54-9A1E7A4F7556}") = "IRI.Jab.MultiSelectItem", "IRI.Jab\IRI.Jab.MultiSelectItem\IRI.Jab.MultiSelectItem.csproj", "{3858C9DE-FEAF-4AA5-977A-0CA256B0E0FE}"
EndProject
Project("{2150E333-8FDC-42A3-9474-1A3956D46DE8}") = "SarzamineMan", "SarzamineMan", "{D4B91A71-9D32-46EE-BB42-7118A0B82F6D}"
EndProject
Project("{2150E333-8FDC-42A3-9474-1A3956D46DE8}") = "Alborz", "Alborz", "{C7380220-C864-46A5-BEB1-D46930EA4DC9}"
EndProject
Project("{9A19103F-16F7-4668-BE54-9A1E7A4F7556}") = "IRI.App.AlborzNegar", "IRI.App\Alborz\IRI.App.AlborzNegar\IRI.App.AlborzNegar.csproj", "{1EB127FB-16D5-4E04-80E8-BC726B553AB3}"
EndProject
Project("{2150E333-8FDC-42A3-9474-1A3956D46DE8}") = "Barg", "Barg", "{1F35DE6C-4D78-440A-9940-3BEEC26624E5}"
EndProject
Project("{9A19103F-16F7-4668-BE54-9A1E7A4F7556}") = "IRI.App.MakanNegarSaba", "IRI.App\Barg\IRI.App.MakanNegarSaba\IRI.App.MakanNegarSaba.csproj", "{A67CE446-EA1A-4545-B82D-FF57B56AA431}"
EndProject
Project("{2150E333-8FDC-42A3-9474-1A3956D46DE8}") = "Haj", "Haj", "{394DC967-DA49-453B-BD8A-68D4EB969783}"
EndProject
Project("{9A19103F-16F7-4668-BE54-9A1E7A4F7556}") = "IRI.App.PezeshkYarHaj", "IRI.App\Haj\IRI.App.PezeshkYarHaj\IRI.App.PezeshkYarHaj.csproj", "{3B178636-3130-4B22-9897-9FBAE3D3AB25}"
EndProject
Project("{9A19103F-16F7-4668-BE54-9A1E7A4F7556}") = "IRI.App.PezeshkYarHajModel", "IRI.App\Haj\IRI.App.PezeshkYarHajModel\IRI.App.PezeshkYarHajModel.csproj", "{B2E6CF27-034E-4A55-B218-B3FA3EF127DE}"
EndProject
Project("{2150E333-8FDC-42A3-9474-1A3956D46DE8}") = "NaghsheYar", "NaghsheYar", "{946A945F-58EA-4DD4-83C2-3FEC450C308E}"
EndProject
Project("{9A19103F-16F7-4668-BE54-9A1E7A4F7556}") = "IRI.App.NaghsheYarModel", "IRI.App\NaghsheYar\IRI.App.NaghsheYarModel\IRI.App.NaghsheYarModel.csproj", "{2F83C723-6108-42F6-9014-82972F52739D}"
EndProject
Project("{9A19103F-16F7-4668-BE54-9A1E7A4F7556}") = "IRI.App.NaghsheYar", "IRI.App\NaghsheYar\IRI.App.NaghsheYar\IRI.App.NaghsheYar.csproj", "{72C1D711-526A-42FE-8064-823D655FE7F0}"
EndProject
Project("{2150E333-8FDC-42A3-9474-1A3956D46DE8}") = "NIOCExp", "NIOCExp", "{32E43967-F973-4989-8926-07A4ADB09B58}"
EndProject
Project("{9A19103F-16F7-4668-BE54-9A1E7A4F7556}") = "IRI.App.NiocExpSpatialEditor", "IRI.App\NIOCExp\IRI.App.NiocExpSpatialEditor\IRI.App.NiocExpSpatialEditor.csproj", "{9194CAF6-7783-4268-83C5-2CB0CC2A8626}"
EndProject
Project("{9A19103F-16F7-4668-BE54-9A1E7A4F7556}") = "IRI.App.SanadNegar", "IRI.App\NIOCExp\IRI.App.SanadNegar\IRI.App.SanadNegar.csproj", "{13F4D974-284E-4E03-8549-1DDAC46D6697}"
EndProject
Project("{2150E333-8FDC-42A3-9474-1A3956D46DE8}") = "NGO", "NGO", "{5CD181E7-3012-42B5-9C7E-DB593929481A}"
EndProject
Project("{9A19103F-16F7-4668-BE54-9A1E7A4F7556}") = "IRI.App.GonbadNegar", "IRI.App\NGO\IRI.App.GonbadNegar\IRI.App.GonbadNegar.csproj", "{C6454869-70AD-4756-BDD6-8F2416E164D4}"
EndProject
Project("{2150E333-8FDC-42A3-9474-1A3956D46DE8}") = "Other", "Other", "{B3C4559B-E148-43E0-949E-78FD334350F5}"
EndProject
Project("{9A19103F-16F7-4668-BE54-9A1E7A4F7556}") = "IRI.App.ZaminNegar", "IRI.App\Other\IRI.App.ZaminNegar\IRI.App.ZaminNegar.csproj", "{53C0059E-9EBA-486E-A6EB-6A2491BF2C09}"
EndProject
Project("{9A19103F-16F7-4668-BE54-9A1E7A4F7556}") = "IRI.App.Tahlilgar3D", "IRI.App\Other\IRI.App.Tahlilgar3D\IRI.App.Tahlilgar3D.csproj", "{C6FD9670-BC3C-42EA-80E8-83D4E329D7E7}"
EndProject
Project("{9A19103F-16F7-4668-BE54-9A1E7A4F7556}") = "IRI.App.Shahab", "IRI.App\Other\IRI.App.Shahab\IRI.App.Shahab.csproj", "{5C3EF2F6-0D9D-4A16-A20C-3B86BD1705DC}"
EndProject
Project("{9A19103F-16F7-4668-BE54-9A1E7A4F7556}") = "IRI.App.RaviyaneNoor", "IRI.App\IRI.App.RaviyaneNoor\IRI.App.RaviyaneNoor.csproj", "{89CCF9A0-99DD-46E4-A2B9-1FF881DF601A}"
EndProject
Project("{9A19103F-16F7-4668-BE54-9A1E7A4F7556}") = "IRI.App.EsiDb", "IRI.App\Other\IRI.App.EsiDb\IRI.App.EsiDb.csproj", "{F23F5E36-24F3-44CD-8CBC-8A8DEDBA3BC2}"
EndProject
Project("{9A19103F-16F7-4668-BE54-9A1E7A4F7556}") = "IRI.Bas.SqlSpatialLoader", "IRI.Bas\IRI.Bas.SqlSpatialLoader\IRI.Bas.SqlSpatialLoader.csproj", "{1AD8AF42-A544-4EE6-B8BA-E4D1A16F1CB7}"
EndProject
Project("{9A19103F-16F7-4668-BE54-9A1E7A4F7556}") = "IRI.Tag.SampleWpfApp", "IRI.Tag\IRI.Tag.SampleWpfApp\IRI.Tag.SampleWpfApp.csproj", "{7004D483-0FA3-475A-BB99-327B747E7084}"
EndProject
Project("{9A19103F-16F7-4668-BE54-9A1E7A4F7556}") = "IRI.Article.Sfc", "IRI.Tag\IRI.Article.Sfc\IRI.Article.Sfc.csproj", "{ABB3E4C9-9952-486D-AE45-9AA76013AA43}"
EndProject
Project("{9A19103F-16F7-4668-BE54-9A1E7A4F7556}") = "IRI.Dan.TrajectoryCompression01", "IRI.Tag\IRI.Dan.TrajectoryCompression01\IRI.Dan.TrajectoryCompression01.csproj", "{A12AA661-6B13-447A-8EE2-D011FF3A9CF4}"
EndProject
Project("{9A19103F-16F7-4668-BE54-9A1E7A4F7556}") = "IRI.Bag.Geospatial", "IRI.Bag\IRI.Bag.Geospatial\IRI.Bag.Geospatial.csproj", "{2F1D035B-6CD1-4ADD-8EA0-7192D86A8AB8}"
EndProject
Project("{2150E333-8FDC-42A3-9474-1A3956D46DE8}") = "Persistence", "Persistence", "{5FFC5712-E99B-4F5A-8E1F-F038505042E2}"
EndProject
Project("{9A19103F-16F7-4668-BE54-9A1E7A4F7556}") = "IRI.Ket.SqlServerPersistence", "IRI.Ket\IRI.Ket.SqlServerPersistence\IRI.Ket.SqlServerPersistence.csproj", "{80C4F9EA-23F8-4F92-BA22-98BE7540B883}"
EndProject
Project("{9A19103F-16F7-4668-BE54-9A1E7A4F7556}") = "IRI.Ket.PersonalGdbPersistence", "IRI.Ket\IRI.Ket.PersonalGdbPersistence\IRI.Ket.PersonalGdbPersistence.csproj", "{7257CD96-7FD0-4E4A-A7A0-2474A6464B90}"
EndProject
Project("{9A19103F-16F7-4668-BE54-9A1E7A4F7556}") = "IRI.Ket.PostgreSqlPersistence", "IRI.Ket\IRI.Ket.PostgreSqlPersistence\IRI.Ket.PostgreSqlPersistence.csproj", "{470D51EC-1DEC-418B-A169-2D72E8721E12}"
EndProject
Project("{9A19103F-16F7-4668-BE54-9A1E7A4F7556}") = "IRI.Ket.GdiPersistence", "IRI.Ket\IRI.Ket.GdiPersistence\IRI.Ket.GdiPersistence.csproj", "{05B84A19-BED7-4870-ADDF-879091B5206E}"
EndProject
Project("{2150E333-8FDC-42A3-9474-1A3956D46DE8}") = "Core", "Core", "{E033945D-C841-44F4-A2CF-473034078CAE}"
EndProject
Project("{2150E333-8FDC-42A3-9474-1A3956D46DE8}") = "Infrastructure", "Infrastructure", "{89E4696D-D8D0-442A-BAC2-375EF380F2FA}"
EndProject
Project("{2150E333-8FDC-42A3-9474-1A3956D46DE8}") = "Presentation", "Presentation", "{796E8E15-9BDF-45FF-8D84-970D19FD1288}"
EndProject
Project("{9A19103F-16F7-4668-BE54-9A1E7A4F7556}") = "IRI.App.MakanNegarSaba.Core", "IRI.App\Barg\Core\IRI.App.MakanNegarSaba.Core\IRI.App.MakanNegarSaba.Core.csproj", "{DF2A9237-5976-43F5-95D9-43F80785A1F9}"
EndProject
Project("{9A19103F-16F7-4668-BE54-9A1E7A4F7556}") = "IRI.App.MakanNegarSaba.Ef", "IRI.App\Barg\Infrastructure\IRI.App.MakanNegarSaba.Ef\IRI.App.MakanNegarSaba.Ef.csproj", "{D70D2E9E-D94B-48CB-8F1C-FA92F134E601}"
EndProject
Project("{9A19103F-16F7-4668-BE54-9A1E7A4F7556}") = "IRI.App.MakanNegarSaba.Grpc", "IRI.App\Barg\Infrastructure\IRI.App.MakanNegarSaba.Grpc\IRI.App.MakanNegarSaba.Grpc.csproj", "{D44278AC-BCF9-4E05-BC8D-D3AE4A341B87}"
EndProject
Project("{9A19103F-16F7-4668-BE54-9A1E7A4F7556}") = "IRI.App.MakanNegarSaba.Kafka", "IRI.App\Barg\Infrastructure\IRI.App.MakanNegarSaba.Kafka\IRI.App.MakanNegarSaba.Kafka.csproj", "{5929289E-8455-4D75-8A7C-9FC6836AD9EE}"
EndProject
Project("{9A19103F-16F7-4668-BE54-9A1E7A4F7556}") = "IRI.App.MakanNegarSaba.Mongo", "IRI.App\Barg\Infrastructure\IRI.App.MakanNegarSaba.Mongo\IRI.App.MakanNegarSaba.Mongo.csproj", "{1D75A658-0285-43B1-AFE0-3F18A38FC457}"
EndProject
Project("{9A19103F-16F7-4668-BE54-9A1E7A4F7556}") = "IRI.App.MakanNegarSaba.Presentation", "IRI.App\Barg\Presentation\IRI.App.MakanNegarSaba.Presentation\IRI.App.MakanNegarSaba.Presentation.csproj", "{3A5D95A2-5A93-4D4F-B0D9-741B536E56A9}"
EndProject
Project("{9A19103F-16F7-4668-BE54-9A1E7A4F7556}") = "IRI.App.MakanNegarSaba.Api", "IRI.App\Barg\Presentation\IRI.App.MakanNegarSaba.Api\IRI.App.MakanNegarSaba.Api.csproj", "{8A689D4F-E504-42D6-BE2C-AB13EC0993E9}"
EndProject
Project("{2150E333-8FDC-42A3-9474-1A3956D46DE8}") = "Application", "Application", "{C2F9D55F-806D-4CC1-BBCE-2077514A800D}"
EndProject
Project("{9A19103F-16F7-4668-BE54-9A1E7A4F7556}") = "IRI.App.MakanNegarSaba.Application", "IRI.App\Barg\Application\IRI.App.MakanNegarSaba.Application\IRI.App.MakanNegarSaba.Application.csproj", "{1A29C62D-984B-4708-ADF5-9C888527E495}"
EndProject
Project("{9A19103F-16F7-4668-BE54-9A1E7A4F7556}") = "IRI.Ket.WebApiPersistence", "IRI.Ket\IRI.Ket.WebApiPersistence\IRI.Ket.WebApiPersistence.csproj", "{99979E6E-D7E0-451C-88AA-ACC0251C93CF}"
EndProject
Project("{9A19103F-16F7-4668-BE54-9A1E7A4F7556}") = "IRI.Ket.GdiPlus", "IRI.Ket\IRI.Ket.GdiPlus\IRI.Ket.GdiPlus.csproj", "{17E1F199-A4DB-4C1B-81EE-98EEF1AA6994}"
EndProject
Project("{9A19103F-16F7-4668-BE54-9A1E7A4F7556}") = "IRI.Bag.SpatialDataManagement", "IRI.Bag\IRI.Bag.SpatialDataManagement\IRI.Bag.SpatialDataManagement.csproj", "{FC00EA14-09F5-4EF7-9E32-6D6FAD0BD138}"
EndProject
Project("{9A19103F-16F7-4668-BE54-9A1E7A4F7556}") = "IRI.Sta.GsmGprs", "IRI.Sta\IRI.Sta.GsmGprs\IRI.Sta.GsmGprs.csproj", "{70207D4B-EE52-43D6-B693-D9023926A981}"
EndProject
Project("{9A19103F-16F7-4668-BE54-9A1E7A4F7556}") = "IRI.Article04.FastSimplification", "IRI.Tag\IRI.Article04.FastSimplification\IRI.Article04.FastSimplification.csproj", "{97D4AB96-AA2B-442E-B433-9699A6123787}"
EndProject
Project("{9A19103F-16F7-4668-BE54-9A1E7A4F7556}") = "IRI.Sta.SpatialReferenceSystem", "IRI.Sta\IRI.Sta.SpatialReferenceSystem\IRI.Sta.SpatialReferenceSystem.csproj", "{A4D96303-6C3E-453C-8CE9-1A3D771AE9F9}"
EndProject
Project("{9A19103F-16F7-4668-BE54-9A1E7A4F7556}") = "IRI.Sta.Spatial", "IRI.Sta\IRI.Sta.Spatial\IRI.Sta.Spatial.csproj", "{9C6B567A-B17B-4AF9-BFE4-8150C84313A5}"
EndProject
Project("{9A19103F-16F7-4668-BE54-9A1E7A4F7556}") = "IRI.Sta.Graph", "IRI.Sta\IRI.Sta.Graph\IRI.Sta.Graph.csproj", "{7ADD954B-79C6-4EDE-8C7B-73C706A33912}"
EndProject
Project("{9A19103F-16F7-4668-BE54-9A1E7A4F7556}") = "IRI.Sta.Security", "IRI.Sta\IRI.Sta.Security\IRI.Sta.Security.csproj", "{5A148633-9D6E-4886-8D2B-202D3B6FA8F9}"
EndProject
Project("{9A19103F-16F7-4668-BE54-9A1E7A4F7556}") = "IRI.Sta.Persistence", "IRI.Sta\IRI.Sta.Persistence\IRI.Sta.Persistence.csproj", "{78415C93-67A8-4A0A-97ED-2A255347AA08}"
EndProject
Project("{9A19103F-16F7-4668-BE54-9A1E7A4F7556}") = "IRI.Tag.SampleCodes", "IRI.Tag\IRI.Tag.SampleCodes\IRI.Tag.SampleCodes.csproj", "{3573CFC1-F295-42F1-B3E0-1D328C2C2AC2}"
EndProject
Project("{FAE04EC0-301F-11D3-BF4B-00C04F79EFBC}") = "IRI.Jab.IranRepo", "IRI.Jab\IRI.Jab.IranRepo\IRI.Jab.IranRepo.csproj", "{85669669-DDD3-4C60-89CC-FC95A6BBEFF3}"
EndProject
Global
	GlobalSection(SolutionConfigurationPlatforms) = preSolution
		Debug|Any CPU = Debug|Any CPU
		Debug|x86 = Debug|x86
		Release|Any CPU = Release|Any CPU
		Release|x86 = Release|x86
	EndGlobalSection
	GlobalSection(ProjectConfigurationPlatforms) = postSolution
		{1ED088E6-1806-4D77-9143-2221DCBCF8F1}.Debug|Any CPU.ActiveCfg = Debug|Any CPU
		{1ED088E6-1806-4D77-9143-2221DCBCF8F1}.Debug|Any CPU.Build.0 = Debug|Any CPU
		{1ED088E6-1806-4D77-9143-2221DCBCF8F1}.Debug|x86.ActiveCfg = Debug|Any CPU
		{1ED088E6-1806-4D77-9143-2221DCBCF8F1}.Debug|x86.Build.0 = Debug|Any CPU
		{1ED088E6-1806-4D77-9143-2221DCBCF8F1}.Release|Any CPU.ActiveCfg = Release|Any CPU
		{1ED088E6-1806-4D77-9143-2221DCBCF8F1}.Release|Any CPU.Build.0 = Release|Any CPU
		{1ED088E6-1806-4D77-9143-2221DCBCF8F1}.Release|x86.ActiveCfg = Release|Any CPU
		{1ED088E6-1806-4D77-9143-2221DCBCF8F1}.Release|x86.Build.0 = Release|Any CPU
		{BE942544-C359-4A3A-A249-930A55AB801F}.Debug|Any CPU.ActiveCfg = Debug|Any CPU
		{BE942544-C359-4A3A-A249-930A55AB801F}.Debug|Any CPU.Build.0 = Debug|Any CPU
		{BE942544-C359-4A3A-A249-930A55AB801F}.Debug|x86.ActiveCfg = Debug|Any CPU
		{BE942544-C359-4A3A-A249-930A55AB801F}.Debug|x86.Build.0 = Debug|Any CPU
		{BE942544-C359-4A3A-A249-930A55AB801F}.Release|Any CPU.ActiveCfg = Release|Any CPU
		{BE942544-C359-4A3A-A249-930A55AB801F}.Release|Any CPU.Build.0 = Release|Any CPU
		{BE942544-C359-4A3A-A249-930A55AB801F}.Release|x86.ActiveCfg = Release|Any CPU
		{BE942544-C359-4A3A-A249-930A55AB801F}.Release|x86.Build.0 = Release|Any CPU
		{80C31A04-8542-4484-AE8A-78F67243AF2C}.Debug|Any CPU.ActiveCfg = Debug|Any CPU
		{80C31A04-8542-4484-AE8A-78F67243AF2C}.Debug|Any CPU.Build.0 = Debug|Any CPU
		{80C31A04-8542-4484-AE8A-78F67243AF2C}.Debug|x86.ActiveCfg = Debug|Any CPU
		{80C31A04-8542-4484-AE8A-78F67243AF2C}.Debug|x86.Build.0 = Debug|Any CPU
		{80C31A04-8542-4484-AE8A-78F67243AF2C}.Release|Any CPU.ActiveCfg = Release|Any CPU
		{80C31A04-8542-4484-AE8A-78F67243AF2C}.Release|Any CPU.Build.0 = Release|Any CPU
		{80C31A04-8542-4484-AE8A-78F67243AF2C}.Release|x86.ActiveCfg = Release|Any CPU
		{80C31A04-8542-4484-AE8A-78F67243AF2C}.Release|x86.Build.0 = Release|Any CPU
		{DDA5CADB-6BEF-4AE1-80A3-3FDDB150B05B}.Debug|Any CPU.ActiveCfg = Debug|Any CPU
		{DDA5CADB-6BEF-4AE1-80A3-3FDDB150B05B}.Debug|Any CPU.Build.0 = Debug|Any CPU
		{DDA5CADB-6BEF-4AE1-80A3-3FDDB150B05B}.Debug|x86.ActiveCfg = Debug|Any CPU
		{DDA5CADB-6BEF-4AE1-80A3-3FDDB150B05B}.Debug|x86.Build.0 = Debug|Any CPU
		{DDA5CADB-6BEF-4AE1-80A3-3FDDB150B05B}.Release|Any CPU.ActiveCfg = Release|Any CPU
		{DDA5CADB-6BEF-4AE1-80A3-3FDDB150B05B}.Release|Any CPU.Build.0 = Release|Any CPU
		{DDA5CADB-6BEF-4AE1-80A3-3FDDB150B05B}.Release|x86.ActiveCfg = Release|Any CPU
		{DDA5CADB-6BEF-4AE1-80A3-3FDDB150B05B}.Release|x86.Build.0 = Release|Any CPU
		{6F59FFD4-C888-4B6F-9D2C-94396693D84E}.Debug|Any CPU.ActiveCfg = Debug|Any CPU
		{6F59FFD4-C888-4B6F-9D2C-94396693D84E}.Debug|Any CPU.Build.0 = Debug|Any CPU
		{6F59FFD4-C888-4B6F-9D2C-94396693D84E}.Debug|x86.ActiveCfg = Debug|Any CPU
		{6F59FFD4-C888-4B6F-9D2C-94396693D84E}.Debug|x86.Build.0 = Debug|Any CPU
		{6F59FFD4-C888-4B6F-9D2C-94396693D84E}.Release|Any CPU.ActiveCfg = Release|Any CPU
		{6F59FFD4-C888-4B6F-9D2C-94396693D84E}.Release|Any CPU.Build.0 = Release|Any CPU
		{6F59FFD4-C888-4B6F-9D2C-94396693D84E}.Release|x86.ActiveCfg = Release|Any CPU
		{6F59FFD4-C888-4B6F-9D2C-94396693D84E}.Release|x86.Build.0 = Release|Any CPU
		{1523DACD-D0FA-4E7A-AF98-15E45F65E0B0}.Debug|Any CPU.ActiveCfg = Debug|Any CPU
		{1523DACD-D0FA-4E7A-AF98-15E45F65E0B0}.Debug|Any CPU.Build.0 = Debug|Any CPU
		{1523DACD-D0FA-4E7A-AF98-15E45F65E0B0}.Debug|x86.ActiveCfg = Debug|Any CPU
		{1523DACD-D0FA-4E7A-AF98-15E45F65E0B0}.Debug|x86.Build.0 = Debug|Any CPU
		{1523DACD-D0FA-4E7A-AF98-15E45F65E0B0}.Release|Any CPU.ActiveCfg = Release|Any CPU
		{1523DACD-D0FA-4E7A-AF98-15E45F65E0B0}.Release|Any CPU.Build.0 = Release|Any CPU
		{1523DACD-D0FA-4E7A-AF98-15E45F65E0B0}.Release|x86.ActiveCfg = Release|Any CPU
		{1523DACD-D0FA-4E7A-AF98-15E45F65E0B0}.Release|x86.Build.0 = Release|Any CPU
		{4900C16A-8C31-4655-B3E8-0DED527D2132}.Debug|Any CPU.ActiveCfg = Debug|Any CPU
		{4900C16A-8C31-4655-B3E8-0DED527D2132}.Debug|Any CPU.Build.0 = Debug|Any CPU
		{4900C16A-8C31-4655-B3E8-0DED527D2132}.Debug|x86.ActiveCfg = Debug|Any CPU
		{4900C16A-8C31-4655-B3E8-0DED527D2132}.Debug|x86.Build.0 = Debug|Any CPU
		{4900C16A-8C31-4655-B3E8-0DED527D2132}.Release|Any CPU.ActiveCfg = Release|Any CPU
		{4900C16A-8C31-4655-B3E8-0DED527D2132}.Release|Any CPU.Build.0 = Release|Any CPU
		{4900C16A-8C31-4655-B3E8-0DED527D2132}.Release|x86.ActiveCfg = Release|Any CPU
		{4900C16A-8C31-4655-B3E8-0DED527D2132}.Release|x86.Build.0 = Release|Any CPU
		{DE0F41C0-84BA-4D03-AF7F-9E325B14919A}.Debug|Any CPU.ActiveCfg = Debug|Any CPU
		{DE0F41C0-84BA-4D03-AF7F-9E325B14919A}.Debug|Any CPU.Build.0 = Debug|Any CPU
		{DE0F41C0-84BA-4D03-AF7F-9E325B14919A}.Debug|x86.ActiveCfg = Debug|Any CPU
		{DE0F41C0-84BA-4D03-AF7F-9E325B14919A}.Debug|x86.Build.0 = Debug|Any CPU
		{DE0F41C0-84BA-4D03-AF7F-9E325B14919A}.Release|Any CPU.ActiveCfg = Release|Any CPU
		{DE0F41C0-84BA-4D03-AF7F-9E325B14919A}.Release|Any CPU.Build.0 = Release|Any CPU
		{DE0F41C0-84BA-4D03-AF7F-9E325B14919A}.Release|x86.ActiveCfg = Release|Any CPU
		{DE0F41C0-84BA-4D03-AF7F-9E325B14919A}.Release|x86.Build.0 = Release|Any CPU
		{2CE9A8E7-BA53-410B-A2B8-7D285CBDFFC1}.Debug|Any CPU.ActiveCfg = Debug|Any CPU
		{2CE9A8E7-BA53-410B-A2B8-7D285CBDFFC1}.Debug|Any CPU.Build.0 = Debug|Any CPU
		{2CE9A8E7-BA53-410B-A2B8-7D285CBDFFC1}.Debug|x86.ActiveCfg = Debug|Any CPU
		{2CE9A8E7-BA53-410B-A2B8-7D285CBDFFC1}.Debug|x86.Build.0 = Debug|Any CPU
		{2CE9A8E7-BA53-410B-A2B8-7D285CBDFFC1}.Release|Any CPU.ActiveCfg = Release|Any CPU
		{2CE9A8E7-BA53-410B-A2B8-7D285CBDFFC1}.Release|Any CPU.Build.0 = Release|Any CPU
		{2CE9A8E7-BA53-410B-A2B8-7D285CBDFFC1}.Release|x86.ActiveCfg = Release|Any CPU
		{2CE9A8E7-BA53-410B-A2B8-7D285CBDFFC1}.Release|x86.Build.0 = Release|Any CPU
		{AB880A8C-BFC6-444F-83DD-978EB2BAF89B}.Debug|Any CPU.ActiveCfg = Debug|Any CPU
		{AB880A8C-BFC6-444F-83DD-978EB2BAF89B}.Debug|Any CPU.Build.0 = Debug|Any CPU
		{AB880A8C-BFC6-444F-83DD-978EB2BAF89B}.Debug|x86.ActiveCfg = Debug|Any CPU
		{AB880A8C-BFC6-444F-83DD-978EB2BAF89B}.Debug|x86.Build.0 = Debug|Any CPU
		{AB880A8C-BFC6-444F-83DD-978EB2BAF89B}.Release|Any CPU.ActiveCfg = Release|Any CPU
		{AB880A8C-BFC6-444F-83DD-978EB2BAF89B}.Release|Any CPU.Build.0 = Release|Any CPU
		{AB880A8C-BFC6-444F-83DD-978EB2BAF89B}.Release|x86.ActiveCfg = Release|Any CPU
		{AB880A8C-BFC6-444F-83DD-978EB2BAF89B}.Release|x86.Build.0 = Release|Any CPU
		{3858C9DE-FEAF-4AA5-977A-0CA256B0E0FE}.Debug|Any CPU.ActiveCfg = Debug|Any CPU
		{3858C9DE-FEAF-4AA5-977A-0CA256B0E0FE}.Debug|Any CPU.Build.0 = Debug|Any CPU
		{3858C9DE-FEAF-4AA5-977A-0CA256B0E0FE}.Debug|x86.ActiveCfg = Debug|Any CPU
		{3858C9DE-FEAF-4AA5-977A-0CA256B0E0FE}.Debug|x86.Build.0 = Debug|Any CPU
		{3858C9DE-FEAF-4AA5-977A-0CA256B0E0FE}.Release|Any CPU.ActiveCfg = Release|Any CPU
		{3858C9DE-FEAF-4AA5-977A-0CA256B0E0FE}.Release|Any CPU.Build.0 = Release|Any CPU
		{3858C9DE-FEAF-4AA5-977A-0CA256B0E0FE}.Release|x86.ActiveCfg = Release|Any CPU
		{3858C9DE-FEAF-4AA5-977A-0CA256B0E0FE}.Release|x86.Build.0 = Release|Any CPU
		{1EB127FB-16D5-4E04-80E8-BC726B553AB3}.Debug|Any CPU.ActiveCfg = Debug|Any CPU
		{1EB127FB-16D5-4E04-80E8-BC726B553AB3}.Debug|Any CPU.Build.0 = Debug|Any CPU
		{1EB127FB-16D5-4E04-80E8-BC726B553AB3}.Debug|x86.ActiveCfg = Debug|Any CPU
		{1EB127FB-16D5-4E04-80E8-BC726B553AB3}.Debug|x86.Build.0 = Debug|Any CPU
		{1EB127FB-16D5-4E04-80E8-BC726B553AB3}.Release|Any CPU.ActiveCfg = Release|Any CPU
		{1EB127FB-16D5-4E04-80E8-BC726B553AB3}.Release|Any CPU.Build.0 = Release|Any CPU
		{1EB127FB-16D5-4E04-80E8-BC726B553AB3}.Release|x86.ActiveCfg = Release|Any CPU
		{1EB127FB-16D5-4E04-80E8-BC726B553AB3}.Release|x86.Build.0 = Release|Any CPU
		{A67CE446-EA1A-4545-B82D-FF57B56AA431}.Debug|Any CPU.ActiveCfg = Debug|Any CPU
		{A67CE446-EA1A-4545-B82D-FF57B56AA431}.Debug|Any CPU.Build.0 = Debug|Any CPU
		{A67CE446-EA1A-4545-B82D-FF57B56AA431}.Debug|x86.ActiveCfg = Debug|Any CPU
		{A67CE446-EA1A-4545-B82D-FF57B56AA431}.Debug|x86.Build.0 = Debug|Any CPU
		{A67CE446-EA1A-4545-B82D-FF57B56AA431}.Release|Any CPU.ActiveCfg = Release|Any CPU
		{A67CE446-EA1A-4545-B82D-FF57B56AA431}.Release|Any CPU.Build.0 = Release|Any CPU
		{A67CE446-EA1A-4545-B82D-FF57B56AA431}.Release|x86.ActiveCfg = Release|Any CPU
		{A67CE446-EA1A-4545-B82D-FF57B56AA431}.Release|x86.Build.0 = Release|Any CPU
		{3B178636-3130-4B22-9897-9FBAE3D3AB25}.Debug|Any CPU.ActiveCfg = Debug|Any CPU
		{3B178636-3130-4B22-9897-9FBAE3D3AB25}.Debug|Any CPU.Build.0 = Debug|Any CPU
		{3B178636-3130-4B22-9897-9FBAE3D3AB25}.Debug|x86.ActiveCfg = Debug|Any CPU
		{3B178636-3130-4B22-9897-9FBAE3D3AB25}.Debug|x86.Build.0 = Debug|Any CPU
		{3B178636-3130-4B22-9897-9FBAE3D3AB25}.Release|Any CPU.ActiveCfg = Release|Any CPU
		{3B178636-3130-4B22-9897-9FBAE3D3AB25}.Release|Any CPU.Build.0 = Release|Any CPU
		{3B178636-3130-4B22-9897-9FBAE3D3AB25}.Release|x86.ActiveCfg = Release|Any CPU
		{3B178636-3130-4B22-9897-9FBAE3D3AB25}.Release|x86.Build.0 = Release|Any CPU
		{B2E6CF27-034E-4A55-B218-B3FA3EF127DE}.Debug|Any CPU.ActiveCfg = Debug|Any CPU
		{B2E6CF27-034E-4A55-B218-B3FA3EF127DE}.Debug|Any CPU.Build.0 = Debug|Any CPU
		{B2E6CF27-034E-4A55-B218-B3FA3EF127DE}.Debug|x86.ActiveCfg = Debug|Any CPU
		{B2E6CF27-034E-4A55-B218-B3FA3EF127DE}.Debug|x86.Build.0 = Debug|Any CPU
		{B2E6CF27-034E-4A55-B218-B3FA3EF127DE}.Release|Any CPU.ActiveCfg = Release|Any CPU
		{B2E6CF27-034E-4A55-B218-B3FA3EF127DE}.Release|Any CPU.Build.0 = Release|Any CPU
		{B2E6CF27-034E-4A55-B218-B3FA3EF127DE}.Release|x86.ActiveCfg = Release|Any CPU
		{B2E6CF27-034E-4A55-B218-B3FA3EF127DE}.Release|x86.Build.0 = Release|Any CPU
		{2F83C723-6108-42F6-9014-82972F52739D}.Debug|Any CPU.ActiveCfg = Debug|Any CPU
		{2F83C723-6108-42F6-9014-82972F52739D}.Debug|Any CPU.Build.0 = Debug|Any CPU
		{2F83C723-6108-42F6-9014-82972F52739D}.Debug|x86.ActiveCfg = Debug|Any CPU
		{2F83C723-6108-42F6-9014-82972F52739D}.Debug|x86.Build.0 = Debug|Any CPU
		{2F83C723-6108-42F6-9014-82972F52739D}.Release|Any CPU.ActiveCfg = Release|Any CPU
		{2F83C723-6108-42F6-9014-82972F52739D}.Release|Any CPU.Build.0 = Release|Any CPU
		{2F83C723-6108-42F6-9014-82972F52739D}.Release|x86.ActiveCfg = Release|Any CPU
		{2F83C723-6108-42F6-9014-82972F52739D}.Release|x86.Build.0 = Release|Any CPU
		{72C1D711-526A-42FE-8064-823D655FE7F0}.Debug|Any CPU.ActiveCfg = Debug|Any CPU
		{72C1D711-526A-42FE-8064-823D655FE7F0}.Debug|Any CPU.Build.0 = Debug|Any CPU
		{72C1D711-526A-42FE-8064-823D655FE7F0}.Debug|x86.ActiveCfg = Debug|Any CPU
		{72C1D711-526A-42FE-8064-823D655FE7F0}.Debug|x86.Build.0 = Debug|Any CPU
		{72C1D711-526A-42FE-8064-823D655FE7F0}.Release|Any CPU.ActiveCfg = Release|Any CPU
		{72C1D711-526A-42FE-8064-823D655FE7F0}.Release|Any CPU.Build.0 = Release|Any CPU
		{72C1D711-526A-42FE-8064-823D655FE7F0}.Release|x86.ActiveCfg = Release|Any CPU
		{72C1D711-526A-42FE-8064-823D655FE7F0}.Release|x86.Build.0 = Release|Any CPU
		{9194CAF6-7783-4268-83C5-2CB0CC2A8626}.Debug|Any CPU.ActiveCfg = Debug|Any CPU
		{9194CAF6-7783-4268-83C5-2CB0CC2A8626}.Debug|Any CPU.Build.0 = Debug|Any CPU
		{9194CAF6-7783-4268-83C5-2CB0CC2A8626}.Debug|x86.ActiveCfg = Debug|Any CPU
		{9194CAF6-7783-4268-83C5-2CB0CC2A8626}.Debug|x86.Build.0 = Debug|Any CPU
		{9194CAF6-7783-4268-83C5-2CB0CC2A8626}.Release|Any CPU.ActiveCfg = Release|Any CPU
		{9194CAF6-7783-4268-83C5-2CB0CC2A8626}.Release|Any CPU.Build.0 = Release|Any CPU
		{9194CAF6-7783-4268-83C5-2CB0CC2A8626}.Release|x86.ActiveCfg = Release|Any CPU
		{9194CAF6-7783-4268-83C5-2CB0CC2A8626}.Release|x86.Build.0 = Release|Any CPU
		{13F4D974-284E-4E03-8549-1DDAC46D6697}.Debug|Any CPU.ActiveCfg = Debug|Any CPU
		{13F4D974-284E-4E03-8549-1DDAC46D6697}.Debug|Any CPU.Build.0 = Debug|Any CPU
		{13F4D974-284E-4E03-8549-1DDAC46D6697}.Debug|x86.ActiveCfg = Debug|Any CPU
		{13F4D974-284E-4E03-8549-1DDAC46D6697}.Debug|x86.Build.0 = Debug|Any CPU
		{13F4D974-284E-4E03-8549-1DDAC46D6697}.Release|Any CPU.ActiveCfg = Release|Any CPU
		{13F4D974-284E-4E03-8549-1DDAC46D6697}.Release|Any CPU.Build.0 = Release|Any CPU
		{13F4D974-284E-4E03-8549-1DDAC46D6697}.Release|x86.ActiveCfg = Release|Any CPU
		{13F4D974-284E-4E03-8549-1DDAC46D6697}.Release|x86.Build.0 = Release|Any CPU
		{C6454869-70AD-4756-BDD6-8F2416E164D4}.Debug|Any CPU.ActiveCfg = Debug|Any CPU
		{C6454869-70AD-4756-BDD6-8F2416E164D4}.Debug|Any CPU.Build.0 = Debug|Any CPU
		{C6454869-70AD-4756-BDD6-8F2416E164D4}.Debug|x86.ActiveCfg = Debug|Any CPU
		{C6454869-70AD-4756-BDD6-8F2416E164D4}.Debug|x86.Build.0 = Debug|Any CPU
		{C6454869-70AD-4756-BDD6-8F2416E164D4}.Release|Any CPU.ActiveCfg = Release|Any CPU
		{C6454869-70AD-4756-BDD6-8F2416E164D4}.Release|Any CPU.Build.0 = Release|Any CPU
		{C6454869-70AD-4756-BDD6-8F2416E164D4}.Release|x86.ActiveCfg = Release|Any CPU
		{C6454869-70AD-4756-BDD6-8F2416E164D4}.Release|x86.Build.0 = Release|Any CPU
		{53C0059E-9EBA-486E-A6EB-6A2491BF2C09}.Debug|Any CPU.ActiveCfg = Debug|Any CPU
		{53C0059E-9EBA-486E-A6EB-6A2491BF2C09}.Debug|Any CPU.Build.0 = Debug|Any CPU
		{53C0059E-9EBA-486E-A6EB-6A2491BF2C09}.Debug|x86.ActiveCfg = Debug|Any CPU
		{53C0059E-9EBA-486E-A6EB-6A2491BF2C09}.Debug|x86.Build.0 = Debug|Any CPU
		{53C0059E-9EBA-486E-A6EB-6A2491BF2C09}.Release|Any CPU.ActiveCfg = Release|Any CPU
		{53C0059E-9EBA-486E-A6EB-6A2491BF2C09}.Release|Any CPU.Build.0 = Release|Any CPU
		{53C0059E-9EBA-486E-A6EB-6A2491BF2C09}.Release|x86.ActiveCfg = Release|Any CPU
		{53C0059E-9EBA-486E-A6EB-6A2491BF2C09}.Release|x86.Build.0 = Release|Any CPU
		{C6FD9670-BC3C-42EA-80E8-83D4E329D7E7}.Debug|Any CPU.ActiveCfg = Debug|Any CPU
		{C6FD9670-BC3C-42EA-80E8-83D4E329D7E7}.Debug|Any CPU.Build.0 = Debug|Any CPU
		{C6FD9670-BC3C-42EA-80E8-83D4E329D7E7}.Debug|x86.ActiveCfg = Debug|Any CPU
		{C6FD9670-BC3C-42EA-80E8-83D4E329D7E7}.Debug|x86.Build.0 = Debug|Any CPU
		{C6FD9670-BC3C-42EA-80E8-83D4E329D7E7}.Release|Any CPU.ActiveCfg = Release|Any CPU
		{C6FD9670-BC3C-42EA-80E8-83D4E329D7E7}.Release|Any CPU.Build.0 = Release|Any CPU
		{C6FD9670-BC3C-42EA-80E8-83D4E329D7E7}.Release|x86.ActiveCfg = Release|Any CPU
		{C6FD9670-BC3C-42EA-80E8-83D4E329D7E7}.Release|x86.Build.0 = Release|Any CPU
		{5C3EF2F6-0D9D-4A16-A20C-3B86BD1705DC}.Debug|Any CPU.ActiveCfg = Debug|Any CPU
		{5C3EF2F6-0D9D-4A16-A20C-3B86BD1705DC}.Debug|Any CPU.Build.0 = Debug|Any CPU
		{5C3EF2F6-0D9D-4A16-A20C-3B86BD1705DC}.Debug|x86.ActiveCfg = Debug|Any CPU
		{5C3EF2F6-0D9D-4A16-A20C-3B86BD1705DC}.Debug|x86.Build.0 = Debug|Any CPU
		{5C3EF2F6-0D9D-4A16-A20C-3B86BD1705DC}.Release|Any CPU.ActiveCfg = Release|Any CPU
		{5C3EF2F6-0D9D-4A16-A20C-3B86BD1705DC}.Release|Any CPU.Build.0 = Release|Any CPU
		{5C3EF2F6-0D9D-4A16-A20C-3B86BD1705DC}.Release|x86.ActiveCfg = Release|Any CPU
		{5C3EF2F6-0D9D-4A16-A20C-3B86BD1705DC}.Release|x86.Build.0 = Release|Any CPU
		{89CCF9A0-99DD-46E4-A2B9-1FF881DF601A}.Debug|Any CPU.ActiveCfg = Debug|Any CPU
		{89CCF9A0-99DD-46E4-A2B9-1FF881DF601A}.Debug|Any CPU.Build.0 = Debug|Any CPU
		{89CCF9A0-99DD-46E4-A2B9-1FF881DF601A}.Debug|x86.ActiveCfg = Debug|Any CPU
		{89CCF9A0-99DD-46E4-A2B9-1FF881DF601A}.Debug|x86.Build.0 = Debug|Any CPU
		{89CCF9A0-99DD-46E4-A2B9-1FF881DF601A}.Release|Any CPU.ActiveCfg = Release|Any CPU
		{89CCF9A0-99DD-46E4-A2B9-1FF881DF601A}.Release|Any CPU.Build.0 = Release|Any CPU
		{89CCF9A0-99DD-46E4-A2B9-1FF881DF601A}.Release|x86.ActiveCfg = Release|Any CPU
		{89CCF9A0-99DD-46E4-A2B9-1FF881DF601A}.Release|x86.Build.0 = Release|Any CPU
		{F23F5E36-24F3-44CD-8CBC-8A8DEDBA3BC2}.Debug|Any CPU.ActiveCfg = Debug|Any CPU
		{F23F5E36-24F3-44CD-8CBC-8A8DEDBA3BC2}.Debug|Any CPU.Build.0 = Debug|Any CPU
		{F23F5E36-24F3-44CD-8CBC-8A8DEDBA3BC2}.Debug|x86.ActiveCfg = Debug|Any CPU
		{F23F5E36-24F3-44CD-8CBC-8A8DEDBA3BC2}.Debug|x86.Build.0 = Debug|Any CPU
		{F23F5E36-24F3-44CD-8CBC-8A8DEDBA3BC2}.Release|Any CPU.ActiveCfg = Release|Any CPU
		{F23F5E36-24F3-44CD-8CBC-8A8DEDBA3BC2}.Release|Any CPU.Build.0 = Release|Any CPU
		{F23F5E36-24F3-44CD-8CBC-8A8DEDBA3BC2}.Release|x86.ActiveCfg = Release|Any CPU
		{F23F5E36-24F3-44CD-8CBC-8A8DEDBA3BC2}.Release|x86.Build.0 = Release|Any CPU
		{1AD8AF42-A544-4EE6-B8BA-E4D1A16F1CB7}.Debug|Any CPU.ActiveCfg = Debug|Any CPU
		{1AD8AF42-A544-4EE6-B8BA-E4D1A16F1CB7}.Debug|Any CPU.Build.0 = Debug|Any CPU
		{1AD8AF42-A544-4EE6-B8BA-E4D1A16F1CB7}.Debug|x86.ActiveCfg = Debug|Any CPU
		{1AD8AF42-A544-4EE6-B8BA-E4D1A16F1CB7}.Debug|x86.Build.0 = Debug|Any CPU
		{1AD8AF42-A544-4EE6-B8BA-E4D1A16F1CB7}.Release|Any CPU.ActiveCfg = Release|Any CPU
		{1AD8AF42-A544-4EE6-B8BA-E4D1A16F1CB7}.Release|Any CPU.Build.0 = Release|Any CPU
		{1AD8AF42-A544-4EE6-B8BA-E4D1A16F1CB7}.Release|x86.ActiveCfg = Release|Any CPU
		{1AD8AF42-A544-4EE6-B8BA-E4D1A16F1CB7}.Release|x86.Build.0 = Release|Any CPU
		{7004D483-0FA3-475A-BB99-327B747E7084}.Debug|Any CPU.ActiveCfg = Debug|Any CPU
		{7004D483-0FA3-475A-BB99-327B747E7084}.Debug|Any CPU.Build.0 = Debug|Any CPU
		{7004D483-0FA3-475A-BB99-327B747E7084}.Debug|x86.ActiveCfg = Debug|Any CPU
		{7004D483-0FA3-475A-BB99-327B747E7084}.Debug|x86.Build.0 = Debug|Any CPU
		{7004D483-0FA3-475A-BB99-327B747E7084}.Release|Any CPU.ActiveCfg = Release|Any CPU
		{7004D483-0FA3-475A-BB99-327B747E7084}.Release|Any CPU.Build.0 = Release|Any CPU
		{7004D483-0FA3-475A-BB99-327B747E7084}.Release|x86.ActiveCfg = Release|Any CPU
		{7004D483-0FA3-475A-BB99-327B747E7084}.Release|x86.Build.0 = Release|Any CPU
		{ABB3E4C9-9952-486D-AE45-9AA76013AA43}.Debug|Any CPU.ActiveCfg = Debug|Any CPU
		{ABB3E4C9-9952-486D-AE45-9AA76013AA43}.Debug|Any CPU.Build.0 = Debug|Any CPU
		{ABB3E4C9-9952-486D-AE45-9AA76013AA43}.Debug|x86.ActiveCfg = Debug|Any CPU
		{ABB3E4C9-9952-486D-AE45-9AA76013AA43}.Debug|x86.Build.0 = Debug|Any CPU
		{ABB3E4C9-9952-486D-AE45-9AA76013AA43}.Release|Any CPU.ActiveCfg = Release|Any CPU
		{ABB3E4C9-9952-486D-AE45-9AA76013AA43}.Release|Any CPU.Build.0 = Release|Any CPU
		{ABB3E4C9-9952-486D-AE45-9AA76013AA43}.Release|x86.ActiveCfg = Release|Any CPU
		{ABB3E4C9-9952-486D-AE45-9AA76013AA43}.Release|x86.Build.0 = Release|Any CPU
		{A12AA661-6B13-447A-8EE2-D011FF3A9CF4}.Debug|Any CPU.ActiveCfg = Debug|Any CPU
		{A12AA661-6B13-447A-8EE2-D011FF3A9CF4}.Debug|Any CPU.Build.0 = Debug|Any CPU
		{A12AA661-6B13-447A-8EE2-D011FF3A9CF4}.Debug|x86.ActiveCfg = Debug|Any CPU
		{A12AA661-6B13-447A-8EE2-D011FF3A9CF4}.Debug|x86.Build.0 = Debug|Any CPU
		{A12AA661-6B13-447A-8EE2-D011FF3A9CF4}.Release|Any CPU.ActiveCfg = Release|Any CPU
		{A12AA661-6B13-447A-8EE2-D011FF3A9CF4}.Release|Any CPU.Build.0 = Release|Any CPU
		{A12AA661-6B13-447A-8EE2-D011FF3A9CF4}.Release|x86.ActiveCfg = Release|Any CPU
		{A12AA661-6B13-447A-8EE2-D011FF3A9CF4}.Release|x86.Build.0 = Release|Any CPU
		{2F1D035B-6CD1-4ADD-8EA0-7192D86A8AB8}.Debug|Any CPU.ActiveCfg = Debug|Any CPU
		{2F1D035B-6CD1-4ADD-8EA0-7192D86A8AB8}.Debug|Any CPU.Build.0 = Debug|Any CPU
		{2F1D035B-6CD1-4ADD-8EA0-7192D86A8AB8}.Debug|x86.ActiveCfg = Debug|Any CPU
		{2F1D035B-6CD1-4ADD-8EA0-7192D86A8AB8}.Debug|x86.Build.0 = Debug|Any CPU
		{2F1D035B-6CD1-4ADD-8EA0-7192D86A8AB8}.Release|Any CPU.ActiveCfg = Release|Any CPU
		{2F1D035B-6CD1-4ADD-8EA0-7192D86A8AB8}.Release|Any CPU.Build.0 = Release|Any CPU
		{2F1D035B-6CD1-4ADD-8EA0-7192D86A8AB8}.Release|x86.ActiveCfg = Release|Any CPU
		{2F1D035B-6CD1-4ADD-8EA0-7192D86A8AB8}.Release|x86.Build.0 = Release|Any CPU
		{80C4F9EA-23F8-4F92-BA22-98BE7540B883}.Debug|Any CPU.ActiveCfg = Debug|Any CPU
		{80C4F9EA-23F8-4F92-BA22-98BE7540B883}.Debug|Any CPU.Build.0 = Debug|Any CPU
		{80C4F9EA-23F8-4F92-BA22-98BE7540B883}.Debug|x86.ActiveCfg = Debug|Any CPU
		{80C4F9EA-23F8-4F92-BA22-98BE7540B883}.Debug|x86.Build.0 = Debug|Any CPU
		{80C4F9EA-23F8-4F92-BA22-98BE7540B883}.Release|Any CPU.ActiveCfg = Release|Any CPU
		{80C4F9EA-23F8-4F92-BA22-98BE7540B883}.Release|Any CPU.Build.0 = Release|Any CPU
		{80C4F9EA-23F8-4F92-BA22-98BE7540B883}.Release|x86.ActiveCfg = Release|Any CPU
		{80C4F9EA-23F8-4F92-BA22-98BE7540B883}.Release|x86.Build.0 = Release|Any CPU
		{7257CD96-7FD0-4E4A-A7A0-2474A6464B90}.Debug|Any CPU.ActiveCfg = Debug|Any CPU
		{7257CD96-7FD0-4E4A-A7A0-2474A6464B90}.Debug|Any CPU.Build.0 = Debug|Any CPU
		{7257CD96-7FD0-4E4A-A7A0-2474A6464B90}.Debug|x86.ActiveCfg = Debug|Any CPU
		{7257CD96-7FD0-4E4A-A7A0-2474A6464B90}.Debug|x86.Build.0 = Debug|Any CPU
		{7257CD96-7FD0-4E4A-A7A0-2474A6464B90}.Release|Any CPU.ActiveCfg = Release|Any CPU
		{7257CD96-7FD0-4E4A-A7A0-2474A6464B90}.Release|Any CPU.Build.0 = Release|Any CPU
		{7257CD96-7FD0-4E4A-A7A0-2474A6464B90}.Release|x86.ActiveCfg = Release|Any CPU
		{7257CD96-7FD0-4E4A-A7A0-2474A6464B90}.Release|x86.Build.0 = Release|Any CPU
		{470D51EC-1DEC-418B-A169-2D72E8721E12}.Debug|Any CPU.ActiveCfg = Debug|Any CPU
		{470D51EC-1DEC-418B-A169-2D72E8721E12}.Debug|Any CPU.Build.0 = Debug|Any CPU
		{470D51EC-1DEC-418B-A169-2D72E8721E12}.Debug|x86.ActiveCfg = Debug|Any CPU
		{470D51EC-1DEC-418B-A169-2D72E8721E12}.Debug|x86.Build.0 = Debug|Any CPU
		{470D51EC-1DEC-418B-A169-2D72E8721E12}.Release|Any CPU.ActiveCfg = Release|Any CPU
		{470D51EC-1DEC-418B-A169-2D72E8721E12}.Release|Any CPU.Build.0 = Release|Any CPU
		{470D51EC-1DEC-418B-A169-2D72E8721E12}.Release|x86.ActiveCfg = Release|Any CPU
		{470D51EC-1DEC-418B-A169-2D72E8721E12}.Release|x86.Build.0 = Release|Any CPU
		{05B84A19-BED7-4870-ADDF-879091B5206E}.Debug|Any CPU.ActiveCfg = Debug|Any CPU
		{05B84A19-BED7-4870-ADDF-879091B5206E}.Debug|Any CPU.Build.0 = Debug|Any CPU
		{05B84A19-BED7-4870-ADDF-879091B5206E}.Debug|x86.ActiveCfg = Debug|Any CPU
		{05B84A19-BED7-4870-ADDF-879091B5206E}.Debug|x86.Build.0 = Debug|Any CPU
		{05B84A19-BED7-4870-ADDF-879091B5206E}.Release|Any CPU.ActiveCfg = Release|Any CPU
		{05B84A19-BED7-4870-ADDF-879091B5206E}.Release|Any CPU.Build.0 = Release|Any CPU
		{05B84A19-BED7-4870-ADDF-879091B5206E}.Release|x86.ActiveCfg = Release|Any CPU
		{05B84A19-BED7-4870-ADDF-879091B5206E}.Release|x86.Build.0 = Release|Any CPU
		{DF2A9237-5976-43F5-95D9-43F80785A1F9}.Debug|Any CPU.ActiveCfg = Debug|Any CPU
		{DF2A9237-5976-43F5-95D9-43F80785A1F9}.Debug|Any CPU.Build.0 = Debug|Any CPU
		{DF2A9237-5976-43F5-95D9-43F80785A1F9}.Debug|x86.ActiveCfg = Debug|Any CPU
		{DF2A9237-5976-43F5-95D9-43F80785A1F9}.Debug|x86.Build.0 = Debug|Any CPU
		{DF2A9237-5976-43F5-95D9-43F80785A1F9}.Release|Any CPU.ActiveCfg = Release|Any CPU
		{DF2A9237-5976-43F5-95D9-43F80785A1F9}.Release|Any CPU.Build.0 = Release|Any CPU
		{DF2A9237-5976-43F5-95D9-43F80785A1F9}.Release|x86.ActiveCfg = Release|Any CPU
		{DF2A9237-5976-43F5-95D9-43F80785A1F9}.Release|x86.Build.0 = Release|Any CPU
		{D70D2E9E-D94B-48CB-8F1C-FA92F134E601}.Debug|Any CPU.ActiveCfg = Debug|Any CPU
		{D70D2E9E-D94B-48CB-8F1C-FA92F134E601}.Debug|Any CPU.Build.0 = Debug|Any CPU
		{D70D2E9E-D94B-48CB-8F1C-FA92F134E601}.Debug|x86.ActiveCfg = Debug|Any CPU
		{D70D2E9E-D94B-48CB-8F1C-FA92F134E601}.Debug|x86.Build.0 = Debug|Any CPU
		{D70D2E9E-D94B-48CB-8F1C-FA92F134E601}.Release|Any CPU.ActiveCfg = Release|Any CPU
		{D70D2E9E-D94B-48CB-8F1C-FA92F134E601}.Release|Any CPU.Build.0 = Release|Any CPU
		{D70D2E9E-D94B-48CB-8F1C-FA92F134E601}.Release|x86.ActiveCfg = Release|Any CPU
		{D70D2E9E-D94B-48CB-8F1C-FA92F134E601}.Release|x86.Build.0 = Release|Any CPU
		{D44278AC-BCF9-4E05-BC8D-D3AE4A341B87}.Debug|Any CPU.ActiveCfg = Debug|Any CPU
		{D44278AC-BCF9-4E05-BC8D-D3AE4A341B87}.Debug|Any CPU.Build.0 = Debug|Any CPU
		{D44278AC-BCF9-4E05-BC8D-D3AE4A341B87}.Debug|x86.ActiveCfg = Debug|Any CPU
		{D44278AC-BCF9-4E05-BC8D-D3AE4A341B87}.Debug|x86.Build.0 = Debug|Any CPU
		{D44278AC-BCF9-4E05-BC8D-D3AE4A341B87}.Release|Any CPU.ActiveCfg = Release|Any CPU
		{D44278AC-BCF9-4E05-BC8D-D3AE4A341B87}.Release|Any CPU.Build.0 = Release|Any CPU
		{D44278AC-BCF9-4E05-BC8D-D3AE4A341B87}.Release|x86.ActiveCfg = Release|Any CPU
		{D44278AC-BCF9-4E05-BC8D-D3AE4A341B87}.Release|x86.Build.0 = Release|Any CPU
		{5929289E-8455-4D75-8A7C-9FC6836AD9EE}.Debug|Any CPU.ActiveCfg = Debug|Any CPU
		{5929289E-8455-4D75-8A7C-9FC6836AD9EE}.Debug|Any CPU.Build.0 = Debug|Any CPU
		{5929289E-8455-4D75-8A7C-9FC6836AD9EE}.Debug|x86.ActiveCfg = Debug|Any CPU
		{5929289E-8455-4D75-8A7C-9FC6836AD9EE}.Debug|x86.Build.0 = Debug|Any CPU
		{5929289E-8455-4D75-8A7C-9FC6836AD9EE}.Release|Any CPU.ActiveCfg = Release|Any CPU
		{5929289E-8455-4D75-8A7C-9FC6836AD9EE}.Release|Any CPU.Build.0 = Release|Any CPU
		{5929289E-8455-4D75-8A7C-9FC6836AD9EE}.Release|x86.ActiveCfg = Release|Any CPU
		{5929289E-8455-4D75-8A7C-9FC6836AD9EE}.Release|x86.Build.0 = Release|Any CPU
		{1D75A658-0285-43B1-AFE0-3F18A38FC457}.Debug|Any CPU.ActiveCfg = Debug|Any CPU
		{1D75A658-0285-43B1-AFE0-3F18A38FC457}.Debug|Any CPU.Build.0 = Debug|Any CPU
		{1D75A658-0285-43B1-AFE0-3F18A38FC457}.Debug|x86.ActiveCfg = Debug|Any CPU
		{1D75A658-0285-43B1-AFE0-3F18A38FC457}.Debug|x86.Build.0 = Debug|Any CPU
		{1D75A658-0285-43B1-AFE0-3F18A38FC457}.Release|Any CPU.ActiveCfg = Release|Any CPU
		{1D75A658-0285-43B1-AFE0-3F18A38FC457}.Release|Any CPU.Build.0 = Release|Any CPU
		{1D75A658-0285-43B1-AFE0-3F18A38FC457}.Release|x86.ActiveCfg = Release|Any CPU
		{1D75A658-0285-43B1-AFE0-3F18A38FC457}.Release|x86.Build.0 = Release|Any CPU
		{3A5D95A2-5A93-4D4F-B0D9-741B536E56A9}.Debug|Any CPU.ActiveCfg = Debug|Any CPU
		{3A5D95A2-5A93-4D4F-B0D9-741B536E56A9}.Debug|Any CPU.Build.0 = Debug|Any CPU
		{3A5D95A2-5A93-4D4F-B0D9-741B536E56A9}.Debug|x86.ActiveCfg = Debug|Any CPU
		{3A5D95A2-5A93-4D4F-B0D9-741B536E56A9}.Debug|x86.Build.0 = Debug|Any CPU
		{3A5D95A2-5A93-4D4F-B0D9-741B536E56A9}.Release|Any CPU.ActiveCfg = Release|Any CPU
		{3A5D95A2-5A93-4D4F-B0D9-741B536E56A9}.Release|Any CPU.Build.0 = Release|Any CPU
		{3A5D95A2-5A93-4D4F-B0D9-741B536E56A9}.Release|x86.ActiveCfg = Release|Any CPU
		{3A5D95A2-5A93-4D4F-B0D9-741B536E56A9}.Release|x86.Build.0 = Release|Any CPU
		{8A689D4F-E504-42D6-BE2C-AB13EC0993E9}.Debug|Any CPU.ActiveCfg = Debug|Any CPU
		{8A689D4F-E504-42D6-BE2C-AB13EC0993E9}.Debug|Any CPU.Build.0 = Debug|Any CPU
		{8A689D4F-E504-42D6-BE2C-AB13EC0993E9}.Debug|x86.ActiveCfg = Debug|Any CPU
		{8A689D4F-E504-42D6-BE2C-AB13EC0993E9}.Debug|x86.Build.0 = Debug|Any CPU
		{8A689D4F-E504-42D6-BE2C-AB13EC0993E9}.Release|Any CPU.ActiveCfg = Release|Any CPU
		{8A689D4F-E504-42D6-BE2C-AB13EC0993E9}.Release|Any CPU.Build.0 = Release|Any CPU
		{8A689D4F-E504-42D6-BE2C-AB13EC0993E9}.Release|x86.ActiveCfg = Release|Any CPU
		{8A689D4F-E504-42D6-BE2C-AB13EC0993E9}.Release|x86.Build.0 = Release|Any CPU
		{1A29C62D-984B-4708-ADF5-9C888527E495}.Debug|Any CPU.ActiveCfg = Debug|Any CPU
		{1A29C62D-984B-4708-ADF5-9C888527E495}.Debug|Any CPU.Build.0 = Debug|Any CPU
		{1A29C62D-984B-4708-ADF5-9C888527E495}.Debug|x86.ActiveCfg = Debug|Any CPU
		{1A29C62D-984B-4708-ADF5-9C888527E495}.Debug|x86.Build.0 = Debug|Any CPU
		{1A29C62D-984B-4708-ADF5-9C888527E495}.Release|Any CPU.ActiveCfg = Release|Any CPU
		{1A29C62D-984B-4708-ADF5-9C888527E495}.Release|Any CPU.Build.0 = Release|Any CPU
		{1A29C62D-984B-4708-ADF5-9C888527E495}.Release|x86.ActiveCfg = Release|Any CPU
		{1A29C62D-984B-4708-ADF5-9C888527E495}.Release|x86.Build.0 = Release|Any CPU
		{99979E6E-D7E0-451C-88AA-ACC0251C93CF}.Debug|Any CPU.ActiveCfg = Debug|Any CPU
		{99979E6E-D7E0-451C-88AA-ACC0251C93CF}.Debug|Any CPU.Build.0 = Debug|Any CPU
		{99979E6E-D7E0-451C-88AA-ACC0251C93CF}.Debug|x86.ActiveCfg = Debug|Any CPU
		{99979E6E-D7E0-451C-88AA-ACC0251C93CF}.Debug|x86.Build.0 = Debug|Any CPU
		{99979E6E-D7E0-451C-88AA-ACC0251C93CF}.Release|Any CPU.ActiveCfg = Release|Any CPU
		{99979E6E-D7E0-451C-88AA-ACC0251C93CF}.Release|Any CPU.Build.0 = Release|Any CPU
		{99979E6E-D7E0-451C-88AA-ACC0251C93CF}.Release|x86.ActiveCfg = Release|Any CPU
		{99979E6E-D7E0-451C-88AA-ACC0251C93CF}.Release|x86.Build.0 = Release|Any CPU
		{17E1F199-A4DB-4C1B-81EE-98EEF1AA6994}.Debug|Any CPU.ActiveCfg = Debug|Any CPU
		{17E1F199-A4DB-4C1B-81EE-98EEF1AA6994}.Debug|Any CPU.Build.0 = Debug|Any CPU
		{17E1F199-A4DB-4C1B-81EE-98EEF1AA6994}.Debug|x86.ActiveCfg = Debug|Any CPU
		{17E1F199-A4DB-4C1B-81EE-98EEF1AA6994}.Debug|x86.Build.0 = Debug|Any CPU
		{17E1F199-A4DB-4C1B-81EE-98EEF1AA6994}.Release|Any CPU.ActiveCfg = Release|Any CPU
		{17E1F199-A4DB-4C1B-81EE-98EEF1AA6994}.Release|Any CPU.Build.0 = Release|Any CPU
		{17E1F199-A4DB-4C1B-81EE-98EEF1AA6994}.Release|x86.ActiveCfg = Release|Any CPU
		{17E1F199-A4DB-4C1B-81EE-98EEF1AA6994}.Release|x86.Build.0 = Release|Any CPU
		{FC00EA14-09F5-4EF7-9E32-6D6FAD0BD138}.Debug|Any CPU.ActiveCfg = Debug|Any CPU
		{FC00EA14-09F5-4EF7-9E32-6D6FAD0BD138}.Debug|Any CPU.Build.0 = Debug|Any CPU
		{FC00EA14-09F5-4EF7-9E32-6D6FAD0BD138}.Debug|x86.ActiveCfg = Debug|Any CPU
		{FC00EA14-09F5-4EF7-9E32-6D6FAD0BD138}.Debug|x86.Build.0 = Debug|Any CPU
		{FC00EA14-09F5-4EF7-9E32-6D6FAD0BD138}.Release|Any CPU.ActiveCfg = Release|Any CPU
		{FC00EA14-09F5-4EF7-9E32-6D6FAD0BD138}.Release|Any CPU.Build.0 = Release|Any CPU
		{FC00EA14-09F5-4EF7-9E32-6D6FAD0BD138}.Release|x86.ActiveCfg = Release|Any CPU
		{FC00EA14-09F5-4EF7-9E32-6D6FAD0BD138}.Release|x86.Build.0 = Release|Any CPU
		{70207D4B-EE52-43D6-B693-D9023926A981}.Debug|Any CPU.ActiveCfg = Debug|Any CPU
		{70207D4B-EE52-43D6-B693-D9023926A981}.Debug|Any CPU.Build.0 = Debug|Any CPU
		{70207D4B-EE52-43D6-B693-D9023926A981}.Debug|x86.ActiveCfg = Debug|Any CPU
		{70207D4B-EE52-43D6-B693-D9023926A981}.Debug|x86.Build.0 = Debug|Any CPU
		{70207D4B-EE52-43D6-B693-D9023926A981}.Release|Any CPU.ActiveCfg = Release|Any CPU
		{70207D4B-EE52-43D6-B693-D9023926A981}.Release|Any CPU.Build.0 = Release|Any CPU
		{70207D4B-EE52-43D6-B693-D9023926A981}.Release|x86.ActiveCfg = Release|Any CPU
		{70207D4B-EE52-43D6-B693-D9023926A981}.Release|x86.Build.0 = Release|Any CPU
		{97D4AB96-AA2B-442E-B433-9699A6123787}.Debug|Any CPU.ActiveCfg = Debug|Any CPU
		{97D4AB96-AA2B-442E-B433-9699A6123787}.Debug|Any CPU.Build.0 = Debug|Any CPU
		{97D4AB96-AA2B-442E-B433-9699A6123787}.Debug|x86.ActiveCfg = Debug|Any CPU
		{97D4AB96-AA2B-442E-B433-9699A6123787}.Debug|x86.Build.0 = Debug|Any CPU
		{97D4AB96-AA2B-442E-B433-9699A6123787}.Release|Any CPU.ActiveCfg = Release|Any CPU
		{97D4AB96-AA2B-442E-B433-9699A6123787}.Release|Any CPU.Build.0 = Release|Any CPU
		{97D4AB96-AA2B-442E-B433-9699A6123787}.Release|x86.ActiveCfg = Release|Any CPU
		{97D4AB96-AA2B-442E-B433-9699A6123787}.Release|x86.Build.0 = Release|Any CPU
		{A4D96303-6C3E-453C-8CE9-1A3D771AE9F9}.Debug|Any CPU.ActiveCfg = Debug|Any CPU
		{A4D96303-6C3E-453C-8CE9-1A3D771AE9F9}.Debug|Any CPU.Build.0 = Debug|Any CPU
		{A4D96303-6C3E-453C-8CE9-1A3D771AE9F9}.Debug|x86.ActiveCfg = Debug|Any CPU
		{A4D96303-6C3E-453C-8CE9-1A3D771AE9F9}.Debug|x86.Build.0 = Debug|Any CPU
		{A4D96303-6C3E-453C-8CE9-1A3D771AE9F9}.Release|Any CPU.ActiveCfg = Release|Any CPU
		{A4D96303-6C3E-453C-8CE9-1A3D771AE9F9}.Release|Any CPU.Build.0 = Release|Any CPU
		{A4D96303-6C3E-453C-8CE9-1A3D771AE9F9}.Release|x86.ActiveCfg = Release|Any CPU
		{A4D96303-6C3E-453C-8CE9-1A3D771AE9F9}.Release|x86.Build.0 = Release|Any CPU
		{9C6B567A-B17B-4AF9-BFE4-8150C84313A5}.Debug|Any CPU.ActiveCfg = Debug|Any CPU
		{9C6B567A-B17B-4AF9-BFE4-8150C84313A5}.Debug|Any CPU.Build.0 = Debug|Any CPU
		{9C6B567A-B17B-4AF9-BFE4-8150C84313A5}.Debug|x86.ActiveCfg = Debug|Any CPU
		{9C6B567A-B17B-4AF9-BFE4-8150C84313A5}.Debug|x86.Build.0 = Debug|Any CPU
		{9C6B567A-B17B-4AF9-BFE4-8150C84313A5}.Release|Any CPU.ActiveCfg = Release|Any CPU
		{9C6B567A-B17B-4AF9-BFE4-8150C84313A5}.Release|Any CPU.Build.0 = Release|Any CPU
		{9C6B567A-B17B-4AF9-BFE4-8150C84313A5}.Release|x86.ActiveCfg = Release|Any CPU
		{9C6B567A-B17B-4AF9-BFE4-8150C84313A5}.Release|x86.Build.0 = Release|Any CPU
		{7ADD954B-79C6-4EDE-8C7B-73C706A33912}.Debug|Any CPU.ActiveCfg = Debug|Any CPU
		{7ADD954B-79C6-4EDE-8C7B-73C706A33912}.Debug|Any CPU.Build.0 = Debug|Any CPU
		{7ADD954B-79C6-4EDE-8C7B-73C706A33912}.Debug|x86.ActiveCfg = Debug|Any CPU
		{7ADD954B-79C6-4EDE-8C7B-73C706A33912}.Debug|x86.Build.0 = Debug|Any CPU
		{7ADD954B-79C6-4EDE-8C7B-73C706A33912}.Release|Any CPU.ActiveCfg = Release|Any CPU
		{7ADD954B-79C6-4EDE-8C7B-73C706A33912}.Release|Any CPU.Build.0 = Release|Any CPU
		{7ADD954B-79C6-4EDE-8C7B-73C706A33912}.Release|x86.ActiveCfg = Release|Any CPU
		{7ADD954B-79C6-4EDE-8C7B-73C706A33912}.Release|x86.Build.0 = Release|Any CPU
		{5A148633-9D6E-4886-8D2B-202D3B6FA8F9}.Debug|Any CPU.ActiveCfg = Debug|Any CPU
		{5A148633-9D6E-4886-8D2B-202D3B6FA8F9}.Debug|Any CPU.Build.0 = Debug|Any CPU
		{5A148633-9D6E-4886-8D2B-202D3B6FA8F9}.Debug|x86.ActiveCfg = Debug|Any CPU
		{5A148633-9D6E-4886-8D2B-202D3B6FA8F9}.Debug|x86.Build.0 = Debug|Any CPU
		{5A148633-9D6E-4886-8D2B-202D3B6FA8F9}.Release|Any CPU.ActiveCfg = Release|Any CPU
		{5A148633-9D6E-4886-8D2B-202D3B6FA8F9}.Release|Any CPU.Build.0 = Release|Any CPU
		{5A148633-9D6E-4886-8D2B-202D3B6FA8F9}.Release|x86.ActiveCfg = Release|Any CPU
		{5A148633-9D6E-4886-8D2B-202D3B6FA8F9}.Release|x86.Build.0 = Release|Any CPU
		{78415C93-67A8-4A0A-97ED-2A255347AA08}.Debug|Any CPU.ActiveCfg = Debug|Any CPU
		{78415C93-67A8-4A0A-97ED-2A255347AA08}.Debug|Any CPU.Build.0 = Debug|Any CPU
		{78415C93-67A8-4A0A-97ED-2A255347AA08}.Debug|x86.ActiveCfg = Debug|Any CPU
		{78415C93-67A8-4A0A-97ED-2A255347AA08}.Debug|x86.Build.0 = Debug|Any CPU
		{78415C93-67A8-4A0A-97ED-2A255347AA08}.Release|Any CPU.ActiveCfg = Release|Any CPU
		{78415C93-67A8-4A0A-97ED-2A255347AA08}.Release|Any CPU.Build.0 = Release|Any CPU
		{78415C93-67A8-4A0A-97ED-2A255347AA08}.Release|x86.ActiveCfg = Release|Any CPU
		{78415C93-67A8-4A0A-97ED-2A255347AA08}.Release|x86.Build.0 = Release|Any CPU
		{3573CFC1-F295-42F1-B3E0-1D328C2C2AC2}.Debug|Any CPU.ActiveCfg = Debug|Any CPU
		{3573CFC1-F295-42F1-B3E0-1D328C2C2AC2}.Debug|Any CPU.Build.0 = Debug|Any CPU
		{3573CFC1-F295-42F1-B3E0-1D328C2C2AC2}.Debug|x86.ActiveCfg = Debug|Any CPU
		{3573CFC1-F295-42F1-B3E0-1D328C2C2AC2}.Debug|x86.Build.0 = Debug|Any CPU
		{3573CFC1-F295-42F1-B3E0-1D328C2C2AC2}.Release|Any CPU.ActiveCfg = Release|Any CPU
		{3573CFC1-F295-42F1-B3E0-1D328C2C2AC2}.Release|Any CPU.Build.0 = Release|Any CPU
		{3573CFC1-F295-42F1-B3E0-1D328C2C2AC2}.Release|x86.ActiveCfg = Release|Any CPU
		{3573CFC1-F295-42F1-B3E0-1D328C2C2AC2}.Release|x86.Build.0 = Release|Any CPU
		{85669669-DDD3-4C60-89CC-FC95A6BBEFF3}.Debug|Any CPU.ActiveCfg = Debug|Any CPU
		{85669669-DDD3-4C60-89CC-FC95A6BBEFF3}.Debug|Any CPU.Build.0 = Debug|Any CPU
		{85669669-DDD3-4C60-89CC-FC95A6BBEFF3}.Debug|x86.ActiveCfg = Debug|Any CPU
		{85669669-DDD3-4C60-89CC-FC95A6BBEFF3}.Debug|x86.Build.0 = Debug|Any CPU
		{85669669-DDD3-4C60-89CC-FC95A6BBEFF3}.Release|Any CPU.ActiveCfg = Release|Any CPU
		{85669669-DDD3-4C60-89CC-FC95A6BBEFF3}.Release|Any CPU.Build.0 = Release|Any CPU
		{85669669-DDD3-4C60-89CC-FC95A6BBEFF3}.Release|x86.ActiveCfg = Release|Any CPU
		{85669669-DDD3-4C60-89CC-FC95A6BBEFF3}.Release|x86.Build.0 = Release|Any CPU
	EndGlobalSection
	GlobalSection(SolutionProperties) = preSolution
		HideSolutionNode = FALSE
	EndGlobalSection
	GlobalSection(NestedProjects) = preSolution
		{1ED088E6-1806-4D77-9143-2221DCBCF8F1} = {8D95B70E-B943-4D24-A90A-A811CD0E7497}
		{BE942544-C359-4A3A-A249-930A55AB801F} = {8D95B70E-B943-4D24-A90A-A811CD0E7497}
		{80C31A04-8542-4484-AE8A-78F67243AF2C} = {E5F5079F-EF2B-4A9B-B00F-44AA61F07339}
		{DDA5CADB-6BEF-4AE1-80A3-3FDDB150B05B} = {8D95B70E-B943-4D24-A90A-A811CD0E7497}
		{6F59FFD4-C888-4B6F-9D2C-94396693D84E} = {8D95B70E-B943-4D24-A90A-A811CD0E7497}
		{1523DACD-D0FA-4E7A-AF98-15E45F65E0B0} = {A839D3E5-8157-4EF6-8EB1-FA4E87A92CDA}
		{4900C16A-8C31-4655-B3E8-0DED527D2132} = {A839D3E5-8157-4EF6-8EB1-FA4E87A92CDA}
		{2CE9A8E7-BA53-410B-A2B8-7D285CBDFFC1} = {3464F76F-DC20-484F-8420-6E0B9DD8E031}
		{AB880A8C-BFC6-444F-83DD-978EB2BAF89B} = {3464F76F-DC20-484F-8420-6E0B9DD8E031}
		{3858C9DE-FEAF-4AA5-977A-0CA256B0E0FE} = {3464F76F-DC20-484F-8420-6E0B9DD8E031}
		{C7380220-C864-46A5-BEB1-D46930EA4DC9} = {D4B91A71-9D32-46EE-BB42-7118A0B82F6D}
		{1EB127FB-16D5-4E04-80E8-BC726B553AB3} = {C7380220-C864-46A5-BEB1-D46930EA4DC9}
		{1F35DE6C-4D78-440A-9940-3BEEC26624E5} = {D4B91A71-9D32-46EE-BB42-7118A0B82F6D}
		{A67CE446-EA1A-4545-B82D-FF57B56AA431} = {1F35DE6C-4D78-440A-9940-3BEEC26624E5}
		{394DC967-DA49-453B-BD8A-68D4EB969783} = {D4B91A71-9D32-46EE-BB42-7118A0B82F6D}
		{3B178636-3130-4B22-9897-9FBAE3D3AB25} = {394DC967-DA49-453B-BD8A-68D4EB969783}
		{B2E6CF27-034E-4A55-B218-B3FA3EF127DE} = {394DC967-DA49-453B-BD8A-68D4EB969783}
		{946A945F-58EA-4DD4-83C2-3FEC450C308E} = {D4B91A71-9D32-46EE-BB42-7118A0B82F6D}
		{2F83C723-6108-42F6-9014-82972F52739D} = {946A945F-58EA-4DD4-83C2-3FEC450C308E}
		{72C1D711-526A-42FE-8064-823D655FE7F0} = {946A945F-58EA-4DD4-83C2-3FEC450C308E}
		{32E43967-F973-4989-8926-07A4ADB09B58} = {D4B91A71-9D32-46EE-BB42-7118A0B82F6D}
		{9194CAF6-7783-4268-83C5-2CB0CC2A8626} = {32E43967-F973-4989-8926-07A4ADB09B58}
		{13F4D974-284E-4E03-8549-1DDAC46D6697} = {32E43967-F973-4989-8926-07A4ADB09B58}
		{5CD181E7-3012-42B5-9C7E-DB593929481A} = {D4B91A71-9D32-46EE-BB42-7118A0B82F6D}
		{C6454869-70AD-4756-BDD6-8F2416E164D4} = {5CD181E7-3012-42B5-9C7E-DB593929481A}
		{B3C4559B-E148-43E0-949E-78FD334350F5} = {D4B91A71-9D32-46EE-BB42-7118A0B82F6D}
		{53C0059E-9EBA-486E-A6EB-6A2491BF2C09} = {B3C4559B-E148-43E0-949E-78FD334350F5}
		{C6FD9670-BC3C-42EA-80E8-83D4E329D7E7} = {B3C4559B-E148-43E0-949E-78FD334350F5}
		{5C3EF2F6-0D9D-4A16-A20C-3B86BD1705DC} = {B3C4559B-E148-43E0-949E-78FD334350F5}
		{89CCF9A0-99DD-46E4-A2B9-1FF881DF601A} = {D4B91A71-9D32-46EE-BB42-7118A0B82F6D}
		{F23F5E36-24F3-44CD-8CBC-8A8DEDBA3BC2} = {B3C4559B-E148-43E0-949E-78FD334350F5}
		{1AD8AF42-A544-4EE6-B8BA-E4D1A16F1CB7} = {0A2262EF-2A66-4CC1-A245-C1AE166CA614}
		{7004D483-0FA3-475A-BB99-327B747E7084} = {B5AE1C6D-C747-476A-B892-FF58DF006254}
		{ABB3E4C9-9952-486D-AE45-9AA76013AA43} = {B5AE1C6D-C747-476A-B892-FF58DF006254}
		{A12AA661-6B13-447A-8EE2-D011FF3A9CF4} = {B5AE1C6D-C747-476A-B892-FF58DF006254}
		{2F1D035B-6CD1-4ADD-8EA0-7192D86A8AB8} = {8B85D4A6-5420-451C-ADA8-59A3E12E7011}
		{5FFC5712-E99B-4F5A-8E1F-F038505042E2} = {A839D3E5-8157-4EF6-8EB1-FA4E87A92CDA}
		{80C4F9EA-23F8-4F92-BA22-98BE7540B883} = {5FFC5712-E99B-4F5A-8E1F-F038505042E2}
		{7257CD96-7FD0-4E4A-A7A0-2474A6464B90} = {5FFC5712-E99B-4F5A-8E1F-F038505042E2}
		{470D51EC-1DEC-418B-A169-2D72E8721E12} = {5FFC5712-E99B-4F5A-8E1F-F038505042E2}
		{05B84A19-BED7-4870-ADDF-879091B5206E} = {5FFC5712-E99B-4F5A-8E1F-F038505042E2}
		{E033945D-C841-44F4-A2CF-473034078CAE} = {1F35DE6C-4D78-440A-9940-3BEEC26624E5}
		{89E4696D-D8D0-442A-BAC2-375EF380F2FA} = {1F35DE6C-4D78-440A-9940-3BEEC26624E5}
		{796E8E15-9BDF-45FF-8D84-970D19FD1288} = {1F35DE6C-4D78-440A-9940-3BEEC26624E5}
		{DF2A9237-5976-43F5-95D9-43F80785A1F9} = {E033945D-C841-44F4-A2CF-473034078CAE}
		{D70D2E9E-D94B-48CB-8F1C-FA92F134E601} = {89E4696D-D8D0-442A-BAC2-375EF380F2FA}
		{D44278AC-BCF9-4E05-BC8D-D3AE4A341B87} = {89E4696D-D8D0-442A-BAC2-375EF380F2FA}
		{5929289E-8455-4D75-8A7C-9FC6836AD9EE} = {89E4696D-D8D0-442A-BAC2-375EF380F2FA}
		{1D75A658-0285-43B1-AFE0-3F18A38FC457} = {89E4696D-D8D0-442A-BAC2-375EF380F2FA}
		{3A5D95A2-5A93-4D4F-B0D9-741B536E56A9} = {796E8E15-9BDF-45FF-8D84-970D19FD1288}
		{8A689D4F-E504-42D6-BE2C-AB13EC0993E9} = {796E8E15-9BDF-45FF-8D84-970D19FD1288}
		{C2F9D55F-806D-4CC1-BBCE-2077514A800D} = {1F35DE6C-4D78-440A-9940-3BEEC26624E5}
		{1A29C62D-984B-4708-ADF5-9C888527E495} = {C2F9D55F-806D-4CC1-BBCE-2077514A800D}
		{99979E6E-D7E0-451C-88AA-ACC0251C93CF} = {5FFC5712-E99B-4F5A-8E1F-F038505042E2}
		{17E1F199-A4DB-4C1B-81EE-98EEF1AA6994} = {A839D3E5-8157-4EF6-8EB1-FA4E87A92CDA}
		{FC00EA14-09F5-4EF7-9E32-6D6FAD0BD138} = {8B85D4A6-5420-451C-ADA8-59A3E12E7011}
		{70207D4B-EE52-43D6-B693-D9023926A981} = {8D95B70E-B943-4D24-A90A-A811CD0E7497}
		{97D4AB96-AA2B-442E-B433-9699A6123787} = {B5AE1C6D-C747-476A-B892-FF58DF006254}
		{A4D96303-6C3E-453C-8CE9-1A3D771AE9F9} = {8D95B70E-B943-4D24-A90A-A811CD0E7497}
		{9C6B567A-B17B-4AF9-BFE4-8150C84313A5} = {8D95B70E-B943-4D24-A90A-A811CD0E7497}
		{7ADD954B-79C6-4EDE-8C7B-73C706A33912} = {8D95B70E-B943-4D24-A90A-A811CD0E7497}
		{5A148633-9D6E-4886-8D2B-202D3B6FA8F9} = {8D95B70E-B943-4D24-A90A-A811CD0E7497}
		{78415C93-67A8-4A0A-97ED-2A255347AA08} = {8D95B70E-B943-4D24-A90A-A811CD0E7497}
		{3573CFC1-F295-42F1-B3E0-1D328C2C2AC2} = {B5AE1C6D-C747-476A-B892-FF58DF006254}
		{85669669-DDD3-4C60-89CC-FC95A6BBEFF3} = {3464F76F-DC20-484F-8420-6E0B9DD8E031}
	EndGlobalSection
	GlobalSection(ExtensibilityGlobals) = postSolution
		SolutionGuid = {E2292D5F-9EDC-489F-BAE4-75BC33F646F6}
	EndGlobalSection
	GlobalSection(TestCaseManagementSettings) = postSolution
		CategoryFile = MainProject.vsmdi
	EndGlobalSection
EndGlobal
