
Microsoft Visual Studio Solution File, Format Version 12.00
# Visual Studio Version 16
VisualStudioVersion = 16.0.30011.22
MinimumVisualStudioVersion = 10.0.40219.1
Project("{2150E333-8FDC-42A3-9474-1A3956D46DE8}") = "Ketabkhane", "Ketabkhane", "{7FE90C85-70F7-487B-99AF-CC981A8A2518}"
EndProject
Project("{2150E333-8FDC-42A3-9474-1A3956D46DE8}") = "JabeAbzar", "JabeAbzar", "{AED79C01-74C8-4AAC-984D-CB1A710DAB0F}"
EndProject
Project("{2150E333-8FDC-42A3-9474-1A3956D46DE8}") = "Basteha", "Basteha", "{0A2262EF-2A66-4CC1-A245-C1AE166CA614}"
EndProject
Project("{FAE04EC0-301F-11D3-BF4B-00C04F79EFBC}") = "IRI.Bas.SqlSpatialLoader", "IRI.Bas\IRI.SqlSpatialLoader\IRI.Bas.SqlSpatialLoader.csproj", "{8F6A2E26-D1B8-4AC6-A0F4-9ABA82BB0B80}"
EndProject
Project("{2150E333-8FDC-42A3-9474-1A3956D46DE8}") = "KetabkhaneStandard", "KetabkhaneStandard", "{8D95B70E-B943-4D24-A90A-A811CD0E7497}"
EndProject
Project("{FAE04EC0-301F-11D3-BF4B-00C04F79EFBC}") = "IRI.Ket.Common", "IRI.Ket\IRI.Ket.Common\IRI.Ket.Common.csproj", "{4D856916-AA68-45C0-8118-BCC85FC5399B}"
EndProject
Project("{FAE04EC0-301F-11D3-BF4B-00C04F79EFBC}") = "IRI.Ket.DataManagement", "IRI.Ket\IRI.Ket.DataManagement\IRI.Ket.DataManagement.csproj", "{98988731-EA12-40D8-9071-208B975CDDFC}"
EndProject
Project("{FAE04EC0-301F-11D3-BF4B-00C04F79EFBC}") = "IRI.Ket.DigitalImageProcessing", "IRI.Ket\IRI.Ket.DigitalImageProcessing\IRI.Ket.DigitalImageProcessing.csproj", "{0662A1B4-12DE-4E31-8BD3-DB61BAAF7D8D}"
EndProject
Project("{FAE04EC0-301F-11D3-BF4B-00C04F79EFBC}") = "IRI.Ket.DigitalTerrainModeling", "IRI.Ket\IRI.Ket.DigitalTerrainModeling\IRI.Ket.DigitalTerrainModeling.csproj", "{5A81C277-6530-40C1-9223-219C07AE24FB}"
EndProject
Project("{FAE04EC0-301F-11D3-BF4B-00C04F79EFBC}") = "IRI.Ket.SqlServerSpatialExtension", "IRI.Ket\IRI.Ket.SqlServerSpatialExtension\IRI.Ket.SqlServerSpatialExtension.csproj", "{032A00AE-A479-4B2D-8133-5094E323F5F4}"
EndProject
Project("{FAE04EC0-301F-11D3-BF4B-00C04F79EFBC}") = "IRI.Jab.Common", "IRI.Jab\IRI.Jab.Common\IRI.Jab.Common.csproj", "{EDB6898C-02C2-4335-B3C0-308D619FAB4E}"
EndProject
Project("{FAE04EC0-301F-11D3-BF4B-00C04F79EFBC}") = "IRI.Jab.MapViewer", "IRI.Jab\IRI.Jab.MapViewer\IRI.Jab.MapViewer.csproj", "{F53FFE09-138B-4F3E-9039-3BC0CD107952}"
EndProject
Project("{2150E333-8FDC-42A3-9474-1A3956D46DE8}") = "Solution Items", "Solution Items", "{76C519B4-F1A8-4FA2-9D40-0D72F90B4754}"
	ProjectSection(SolutionItems) = preProject
		LICENSE.txt = LICENSE.txt
	EndProjectSection
EndProject
Project("{FAE04EC0-301F-11D3-BF4B-00C04F79EFBC}") = "IRI.Jab.Controls", "IRI.Jab\IRI.Jab.Controls\IRI.Jab.Controls.csproj", "{28B00BE7-FE49-4C5D-B1D1-37000028E128}"
EndProject
Project("{9A19103F-16F7-4668-BE54-9A1E7A4F7556}") = "IRI.Sta.Common", "IRI.Sta\IRI.Sta.Common\IRI.Sta.Common.csproj", "{1ED088E6-1806-4D77-9143-2221DCBCF8F1}"
EndProject
Project("{2150E333-8FDC-42A3-9474-1A3956D46DE8}") = "Mosha", "Mosha", "{055212DF-37DF-460F-97FC-E345D654A30F}"
EndProject
Project("{D954291E-2A0B-460D-934E-DC6B0785DB48}") = "IRI.Msh.Common", "IRI.Mosha\IRI.Msh.Common\IRI.Msh.Common.shproj", "{F5A00383-D576-4652-B8EE-DEB1AB2BA083}"
EndProject
Project("{FAE04EC0-301F-11D3-BF4B-00C04F79EFBC}") = "IRI.Jab.MultiSelectItem", "IRI.Jab\IRI.Jab.MultiSelectItem\IRI.Jab.MultiSelectItem.csproj", "{7BE5D45A-7A58-424B-9DCB-96A851108338}"
EndProject
Project("{2150E333-8FDC-42A3-9474-1A3956D46DE8}") = "Taghche", "Taghche", "{B5AE1C6D-C747-476A-B892-FF58DF006254}"
EndProject
Project("{FAE04EC0-301F-11D3-BF4B-00C04F79EFBC}") = "IRI.Article.Sfc", "IRI.Tag\IRI.Article.Sfc\IRI.Article.Sfc.csproj", "{1DFF685B-8C84-4689-B609-C0C4A0253686}"
EndProject
Project("{FAE04EC0-301F-11D3-BF4B-00C04F79EFBC}") = "IRI.Ket.EntityFrameworkDataAccessLayer", "IRI.Ket\IRI.Ket.EntityFrameworkDataAccessLayer\IRI.Ket.EntityFrameworkDataAccessLayer.csproj", "{4C7D8987-3532-4EAD-9186-668B0AB448FA}"
EndProject
Project("{2150E333-8FDC-42A3-9474-1A3956D46DE8}") = "KetabkhaneCore", "KetabkhaneCore", "{06EF2EB1-9688-433E-BACF-702C08A1FB79}"
EndProject
Project("{9A19103F-16F7-4668-BE54-9A1E7A4F7556}") = "IRI.Sta.Security", "IRI.Sta\IRI.Sta.Security\IRI.Sta.Security.csproj", "{0AB44F85-E390-4BA8-A4D2-3B8856694380}"
EndProject
Project("{9A19103F-16F7-4668-BE54-9A1E7A4F7556}") = "IRI.Sta.Ogc", "IRI.Sta\IRI.Sta.Ogc\IRI.Sta.Ogc.csproj", "{BE942544-C359-4A3A-A249-930A55AB801F}"
EndProject
Project("{9A19103F-16F7-4668-BE54-9A1E7A4F7556}") = "IRI.Sta.KmlFormat", "IRI.Sta\IRI.Sta.KmlFormat\IRI.Sta.KmlFormat.csproj", "{09D8FB75-6D9B-4114-83B4-7EAA82074EC6}"
EndProject
Project("{9A19103F-16F7-4668-BE54-9A1E7A4F7556}") = "IRI.Sta.DataMining", "IRI.Sta\IRI.Sta.DataMining\IRI.Sta.DataMining.csproj", "{BB0A62A1-18EB-45E4-896A-8C9DCB75B930}"
EndProject
Project("{9A19103F-16F7-4668-BE54-9A1E7A4F7556}") = "IRI.Sta.DataStructure", "IRI.Sta\IRI.Sta.DataStructure\IRI.Sta.DataStructure.csproj", "{FEDF4540-2440-4B0F-BA23-25D6DE33C41E}"
EndProject
Project("{9A19103F-16F7-4668-BE54-9A1E7A4F7556}") = "IRI.Sta.OfficeFormat", "IRI.Sta\IRI.Sta.OfficeFormat\IRI.Sta.OfficeFormat.csproj", "{5F4CC055-0342-432A-BEEC-118AECB998FE}"
EndProject
Project("{9A19103F-16F7-4668-BE54-9A1E7A4F7556}") = "IRI.Sta.ShapefileFormat", "IRI.Sta\IRI.Sta.ShapefileFormat\IRI.Sta.ShapefileFormat.csproj", "{972DF746-314F-430F-A240-057E388F4D02}"
EndProject
Project("{9A19103F-16F7-4668-BE54-9A1E7A4F7556}") = "IRI.Sta.Geometry", "IRI.Sta\IRI.Sta.Geometry\IRI.Sta.Geometry.csproj", "{82CE7A79-33B0-449A-83ED-634B6404BE66}"
EndProject
Project("{9A19103F-16F7-4668-BE54-9A1E7A4F7556}") = "IRI.Sta.Spatial", "IRI.Sta\IRI.Sta.Spatial\IRI.Sta.Spatial.csproj", "{B002BC12-76B1-4734-9EEF-87465D6AACC8}"
EndProject
Project("{D954291E-2A0B-460D-934E-DC6B0785DB48}") = "IRI.Msh.DataStructure", "IRI.Mosha\IRI.Msh.DataStructure\IRI.Msh.DataStructure.shproj", "{3D4EF053-1BE3-4867-B8DA-E0EB58BB52AE}"
EndProject
Project("{D954291E-2A0B-460D-934E-DC6B0785DB48}") = "IRI.Msh.GsmGprsCommunication", "IRI.Mosha\IRI.Msh.GsmGprsCommunication\IRI.Msh.GsmGprsCommunication.shproj", "{849CC742-9D3D-4597-A963-008C3D9A6755}"
EndProject
Project("{FAE04EC0-301F-11D3-BF4B-00C04F79EFBC}") = "IRI.Tag.SampleApp", "IRI.Tag\IRI.Tag.SampleApp\IRI.Tag.SampleApp.csproj", "{D3F60448-6BCF-49AC-83A5-64138A7C2A9B}"
EndProject
Global
	GlobalSection(SharedMSBuildProjectFiles) = preSolution
		IRI.Mosha\IRI.Msh.Common\IRI.Msh.Common.projitems*{1ed088e6-1806-4d77-9143-2221dcbcf8f1}*SharedItemsImports = 5
		IRI.Mosha\IRI.Msh.DataStructure\IRI.Msh.DataStructure.projitems*{3d4ef053-1be3-4867-b8da-e0eb58bb52ae}*SharedItemsImports = 13
		IRI.Mosha\IRI.Msh.GsmGprsCommunication\IRI.Msh.GsmGprsCommunication.projitems*{849cc742-9d3d-4597-a963-008c3d9a6755}*SharedItemsImports = 13
		IRI.Mosha\IRI.Msh.Common\IRI.Msh.Common.projitems*{f5a00383-d576-4652-b8ee-deb1ab2ba083}*SharedItemsImports = 13
		IRI.Mosha\IRI.Msh.DataStructure\IRI.Msh.DataStructure.projitems*{fedf4540-2440-4b0f-ba23-25d6de33c41e}*SharedItemsImports = 5
	EndGlobalSection
	GlobalSection(SolutionConfigurationPlatforms) = preSolution
		Debug|Any CPU = Debug|Any CPU
		Debug|x86 = Debug|x86
		Release|Any CPU = Release|Any CPU
		Release|x86 = Release|x86
	EndGlobalSection
	GlobalSection(ProjectConfigurationPlatforms) = postSolution
		{8F6A2E26-D1B8-4AC6-A0F4-9ABA82BB0B80}.Debug|Any CPU.ActiveCfg = Debug|Any CPU
		{8F6A2E26-D1B8-4AC6-A0F4-9ABA82BB0B80}.Debug|Any CPU.Build.0 = Debug|Any CPU
		{8F6A2E26-D1B8-4AC6-A0F4-9ABA82BB0B80}.Debug|x86.ActiveCfg = Debug|x86
		{8F6A2E26-D1B8-4AC6-A0F4-9ABA82BB0B80}.Debug|x86.Build.0 = Debug|x86
		{8F6A2E26-D1B8-4AC6-A0F4-9ABA82BB0B80}.Release|Any CPU.ActiveCfg = Release|Any CPU
		{8F6A2E26-D1B8-4AC6-A0F4-9ABA82BB0B80}.Release|Any CPU.Build.0 = Release|Any CPU
		{8F6A2E26-D1B8-4AC6-A0F4-9ABA82BB0B80}.Release|x86.ActiveCfg = Release|x86
		{8F6A2E26-D1B8-4AC6-A0F4-9ABA82BB0B80}.Release|x86.Build.0 = Release|x86
		{4D856916-AA68-45C0-8118-BCC85FC5399B}.Debug|Any CPU.ActiveCfg = Debug|Any CPU
		{4D856916-AA68-45C0-8118-BCC85FC5399B}.Debug|Any CPU.Build.0 = Debug|Any CPU
		{4D856916-AA68-45C0-8118-BCC85FC5399B}.Debug|x86.ActiveCfg = Debug|x86
		{4D856916-AA68-45C0-8118-BCC85FC5399B}.Debug|x86.Build.0 = Debug|x86
		{4D856916-AA68-45C0-8118-BCC85FC5399B}.Release|Any CPU.ActiveCfg = Release|Any CPU
		{4D856916-AA68-45C0-8118-BCC85FC5399B}.Release|Any CPU.Build.0 = Release|Any CPU
		{4D856916-AA68-45C0-8118-BCC85FC5399B}.Release|x86.ActiveCfg = Release|x86
		{4D856916-AA68-45C0-8118-BCC85FC5399B}.Release|x86.Build.0 = Release|x86
		{98988731-EA12-40D8-9071-208B975CDDFC}.Debug|Any CPU.ActiveCfg = Debug|Any CPU
		{98988731-EA12-40D8-9071-208B975CDDFC}.Debug|Any CPU.Build.0 = Debug|Any CPU
		{98988731-EA12-40D8-9071-208B975CDDFC}.Debug|x86.ActiveCfg = Debug|x86
		{98988731-EA12-40D8-9071-208B975CDDFC}.Debug|x86.Build.0 = Debug|x86
		{98988731-EA12-40D8-9071-208B975CDDFC}.Release|Any CPU.ActiveCfg = Release|Any CPU
		{98988731-EA12-40D8-9071-208B975CDDFC}.Release|Any CPU.Build.0 = Release|Any CPU
		{98988731-EA12-40D8-9071-208B975CDDFC}.Release|x86.ActiveCfg = Release|x86
		{98988731-EA12-40D8-9071-208B975CDDFC}.Release|x86.Build.0 = Release|x86
		{0662A1B4-12DE-4E31-8BD3-DB61BAAF7D8D}.Debug|Any CPU.ActiveCfg = Debug|Any CPU
		{0662A1B4-12DE-4E31-8BD3-DB61BAAF7D8D}.Debug|Any CPU.Build.0 = Debug|Any CPU
		{0662A1B4-12DE-4E31-8BD3-DB61BAAF7D8D}.Debug|x86.ActiveCfg = Debug|x86
		{0662A1B4-12DE-4E31-8BD3-DB61BAAF7D8D}.Debug|x86.Build.0 = Debug|x86
		{0662A1B4-12DE-4E31-8BD3-DB61BAAF7D8D}.Release|Any CPU.ActiveCfg = Release|Any CPU
		{0662A1B4-12DE-4E31-8BD3-DB61BAAF7D8D}.Release|Any CPU.Build.0 = Release|Any CPU
		{0662A1B4-12DE-4E31-8BD3-DB61BAAF7D8D}.Release|x86.ActiveCfg = Release|x86
		{0662A1B4-12DE-4E31-8BD3-DB61BAAF7D8D}.Release|x86.Build.0 = Release|x86
		{5A81C277-6530-40C1-9223-219C07AE24FB}.Debug|Any CPU.ActiveCfg = Debug|Any CPU
		{5A81C277-6530-40C1-9223-219C07AE24FB}.Debug|Any CPU.Build.0 = Debug|Any CPU
		{5A81C277-6530-40C1-9223-219C07AE24FB}.Debug|x86.ActiveCfg = Debug|x86
		{5A81C277-6530-40C1-9223-219C07AE24FB}.Debug|x86.Build.0 = Debug|x86
		{5A81C277-6530-40C1-9223-219C07AE24FB}.Release|Any CPU.ActiveCfg = Release|Any CPU
		{5A81C277-6530-40C1-9223-219C07AE24FB}.Release|Any CPU.Build.0 = Release|Any CPU
		{5A81C277-6530-40C1-9223-219C07AE24FB}.Release|x86.ActiveCfg = Release|x86
		{5A81C277-6530-40C1-9223-219C07AE24FB}.Release|x86.Build.0 = Release|x86
		{032A00AE-A479-4B2D-8133-5094E323F5F4}.Debug|Any CPU.ActiveCfg = Debug|Any CPU
		{032A00AE-A479-4B2D-8133-5094E323F5F4}.Debug|Any CPU.Build.0 = Debug|Any CPU
		{032A00AE-A479-4B2D-8133-5094E323F5F4}.Debug|x86.ActiveCfg = Debug|x86
		{032A00AE-A479-4B2D-8133-5094E323F5F4}.Debug|x86.Build.0 = Debug|x86
		{032A00AE-A479-4B2D-8133-5094E323F5F4}.Release|Any CPU.ActiveCfg = Release|Any CPU
		{032A00AE-A479-4B2D-8133-5094E323F5F4}.Release|Any CPU.Build.0 = Release|Any CPU
		{032A00AE-A479-4B2D-8133-5094E323F5F4}.Release|x86.ActiveCfg = Release|x86
		{032A00AE-A479-4B2D-8133-5094E323F5F4}.Release|x86.Build.0 = Release|x86
		{EDB6898C-02C2-4335-B3C0-308D619FAB4E}.Debug|Any CPU.ActiveCfg = Debug|Any CPU
		{EDB6898C-02C2-4335-B3C0-308D619FAB4E}.Debug|Any CPU.Build.0 = Debug|Any CPU
		{EDB6898C-02C2-4335-B3C0-308D619FAB4E}.Debug|x86.ActiveCfg = Debug|x86
		{EDB6898C-02C2-4335-B3C0-308D619FAB4E}.Debug|x86.Build.0 = Debug|x86
		{EDB6898C-02C2-4335-B3C0-308D619FAB4E}.Release|Any CPU.ActiveCfg = Release|Any CPU
		{EDB6898C-02C2-4335-B3C0-308D619FAB4E}.Release|Any CPU.Build.0 = Release|Any CPU
		{EDB6898C-02C2-4335-B3C0-308D619FAB4E}.Release|x86.ActiveCfg = Release|x86
		{EDB6898C-02C2-4335-B3C0-308D619FAB4E}.Release|x86.Build.0 = Release|x86
		{F53FFE09-138B-4F3E-9039-3BC0CD107952}.Debug|Any CPU.ActiveCfg = Debug|Any CPU
		{F53FFE09-138B-4F3E-9039-3BC0CD107952}.Debug|Any CPU.Build.0 = Debug|Any CPU
		{F53FFE09-138B-4F3E-9039-3BC0CD107952}.Debug|x86.ActiveCfg = Debug|x86
		{F53FFE09-138B-4F3E-9039-3BC0CD107952}.Debug|x86.Build.0 = Debug|x86
		{F53FFE09-138B-4F3E-9039-3BC0CD107952}.Release|Any CPU.ActiveCfg = Release|Any CPU
		{F53FFE09-138B-4F3E-9039-3BC0CD107952}.Release|Any CPU.Build.0 = Release|Any CPU
		{F53FFE09-138B-4F3E-9039-3BC0CD107952}.Release|x86.ActiveCfg = Release|x86
		{F53FFE09-138B-4F3E-9039-3BC0CD107952}.Release|x86.Build.0 = Release|x86
		{28B00BE7-FE49-4C5D-B1D1-37000028E128}.Debug|Any CPU.ActiveCfg = Debug|Any CPU
		{28B00BE7-FE49-4C5D-B1D1-37000028E128}.Debug|Any CPU.Build.0 = Debug|Any CPU
		{28B00BE7-FE49-4C5D-B1D1-37000028E128}.Debug|x86.ActiveCfg = Debug|Any CPU
		{28B00BE7-FE49-4C5D-B1D1-37000028E128}.Debug|x86.Build.0 = Debug|Any CPU
		{28B00BE7-FE49-4C5D-B1D1-37000028E128}.Release|Any CPU.ActiveCfg = Release|Any CPU
		{28B00BE7-FE49-4C5D-B1D1-37000028E128}.Release|Any CPU.Build.0 = Release|Any CPU
		{28B00BE7-FE49-4C5D-B1D1-37000028E128}.Release|x86.ActiveCfg = Release|Any CPU
		{28B00BE7-FE49-4C5D-B1D1-37000028E128}.Release|x86.Build.0 = Release|Any CPU
		{1ED088E6-1806-4D77-9143-2221DCBCF8F1}.Debug|Any CPU.ActiveCfg = Debug|Any CPU
		{1ED088E6-1806-4D77-9143-2221DCBCF8F1}.Debug|Any CPU.Build.0 = Debug|Any CPU
		{1ED088E6-1806-4D77-9143-2221DCBCF8F1}.Debug|x86.ActiveCfg = Debug|Any CPU
		{1ED088E6-1806-4D77-9143-2221DCBCF8F1}.Debug|x86.Build.0 = Debug|Any CPU
		{1ED088E6-1806-4D77-9143-2221DCBCF8F1}.Release|Any CPU.ActiveCfg = Release|Any CPU
		{1ED088E6-1806-4D77-9143-2221DCBCF8F1}.Release|Any CPU.Build.0 = Release|Any CPU
		{1ED088E6-1806-4D77-9143-2221DCBCF8F1}.Release|x86.ActiveCfg = Release|Any CPU
		{1ED088E6-1806-4D77-9143-2221DCBCF8F1}.Release|x86.Build.0 = Release|Any CPU
		{7BE5D45A-7A58-424B-9DCB-96A851108338}.Debug|Any CPU.ActiveCfg = Debug|Any CPU
		{7BE5D45A-7A58-424B-9DCB-96A851108338}.Debug|Any CPU.Build.0 = Debug|Any CPU
		{7BE5D45A-7A58-424B-9DCB-96A851108338}.Debug|x86.ActiveCfg = Debug|Any CPU
		{7BE5D45A-7A58-424B-9DCB-96A851108338}.Debug|x86.Build.0 = Debug|Any CPU
		{7BE5D45A-7A58-424B-9DCB-96A851108338}.Release|Any CPU.ActiveCfg = Release|Any CPU
		{7BE5D45A-7A58-424B-9DCB-96A851108338}.Release|Any CPU.Build.0 = Release|Any CPU
		{7BE5D45A-7A58-424B-9DCB-96A851108338}.Release|x86.ActiveCfg = Release|Any CPU
		{7BE5D45A-7A58-424B-9DCB-96A851108338}.Release|x86.Build.0 = Release|Any CPU
		{1DFF685B-8C84-4689-B609-C0C4A0253686}.Debug|Any CPU.ActiveCfg = Debug|Any CPU
		{1DFF685B-8C84-4689-B609-C0C4A0253686}.Debug|Any CPU.Build.0 = Debug|Any CPU
		{1DFF685B-8C84-4689-B609-C0C4A0253686}.Debug|x86.ActiveCfg = Debug|Any CPU
		{1DFF685B-8C84-4689-B609-C0C4A0253686}.Debug|x86.Build.0 = Debug|Any CPU
		{1DFF685B-8C84-4689-B609-C0C4A0253686}.Release|Any CPU.ActiveCfg = Release|Any CPU
		{1DFF685B-8C84-4689-B609-C0C4A0253686}.Release|Any CPU.Build.0 = Release|Any CPU
		{1DFF685B-8C84-4689-B609-C0C4A0253686}.Release|x86.ActiveCfg = Release|Any CPU
		{1DFF685B-8C84-4689-B609-C0C4A0253686}.Release|x86.Build.0 = Release|Any CPU
		{4C7D8987-3532-4EAD-9186-668B0AB448FA}.Debug|Any CPU.ActiveCfg = Debug|Any CPU
		{4C7D8987-3532-4EAD-9186-668B0AB448FA}.Debug|Any CPU.Build.0 = Debug|Any CPU
		{4C7D8987-3532-4EAD-9186-668B0AB448FA}.Debug|x86.ActiveCfg = Debug|Any CPU
		{4C7D8987-3532-4EAD-9186-668B0AB448FA}.Debug|x86.Build.0 = Debug|Any CPU
		{4C7D8987-3532-4EAD-9186-668B0AB448FA}.Release|Any CPU.ActiveCfg = Release|Any CPU
		{4C7D8987-3532-4EAD-9186-668B0AB448FA}.Release|Any CPU.Build.0 = Release|Any CPU
		{4C7D8987-3532-4EAD-9186-668B0AB448FA}.Release|x86.ActiveCfg = Release|Any CPU
		{4C7D8987-3532-4EAD-9186-668B0AB448FA}.Release|x86.Build.0 = Release|Any CPU
		{0AB44F85-E390-4BA8-A4D2-3B8856694380}.Debug|Any CPU.ActiveCfg = Debug|Any CPU
		{0AB44F85-E390-4BA8-A4D2-3B8856694380}.Debug|Any CPU.Build.0 = Debug|Any CPU
		{0AB44F85-E390-4BA8-A4D2-3B8856694380}.Debug|x86.ActiveCfg = Debug|Any CPU
		{0AB44F85-E390-4BA8-A4D2-3B8856694380}.Debug|x86.Build.0 = Debug|Any CPU
		{0AB44F85-E390-4BA8-A4D2-3B8856694380}.Release|Any CPU.ActiveCfg = Release|Any CPU
		{0AB44F85-E390-4BA8-A4D2-3B8856694380}.Release|Any CPU.Build.0 = Release|Any CPU
		{0AB44F85-E390-4BA8-A4D2-3B8856694380}.Release|x86.ActiveCfg = Release|Any CPU
		{0AB44F85-E390-4BA8-A4D2-3B8856694380}.Release|x86.Build.0 = Release|Any CPU
		{BE942544-C359-4A3A-A249-930A55AB801F}.Debug|Any CPU.ActiveCfg = Debug|Any CPU
		{BE942544-C359-4A3A-A249-930A55AB801F}.Debug|Any CPU.Build.0 = Debug|Any CPU
		{BE942544-C359-4A3A-A249-930A55AB801F}.Debug|x86.ActiveCfg = Debug|Any CPU
		{BE942544-C359-4A3A-A249-930A55AB801F}.Debug|x86.Build.0 = Debug|Any CPU
		{BE942544-C359-4A3A-A249-930A55AB801F}.Release|Any CPU.ActiveCfg = Release|Any CPU
		{BE942544-C359-4A3A-A249-930A55AB801F}.Release|Any CPU.Build.0 = Release|Any CPU
		{BE942544-C359-4A3A-A249-930A55AB801F}.Release|x86.ActiveCfg = Release|Any CPU
		{BE942544-C359-4A3A-A249-930A55AB801F}.Release|x86.Build.0 = Release|Any CPU
		{09D8FB75-6D9B-4114-83B4-7EAA82074EC6}.Debug|Any CPU.ActiveCfg = Debug|Any CPU
		{09D8FB75-6D9B-4114-83B4-7EAA82074EC6}.Debug|Any CPU.Build.0 = Debug|Any CPU
		{09D8FB75-6D9B-4114-83B4-7EAA82074EC6}.Debug|x86.ActiveCfg = Debug|Any CPU
		{09D8FB75-6D9B-4114-83B4-7EAA82074EC6}.Debug|x86.Build.0 = Debug|Any CPU
		{09D8FB75-6D9B-4114-83B4-7EAA82074EC6}.Release|Any CPU.ActiveCfg = Release|Any CPU
		{09D8FB75-6D9B-4114-83B4-7EAA82074EC6}.Release|Any CPU.Build.0 = Release|Any CPU
		{09D8FB75-6D9B-4114-83B4-7EAA82074EC6}.Release|x86.ActiveCfg = Release|Any CPU
		{09D8FB75-6D9B-4114-83B4-7EAA82074EC6}.Release|x86.Build.0 = Release|Any CPU
		{BB0A62A1-18EB-45E4-896A-8C9DCB75B930}.Debug|Any CPU.ActiveCfg = Debug|Any CPU
		{BB0A62A1-18EB-45E4-896A-8C9DCB75B930}.Debug|Any CPU.Build.0 = Debug|Any CPU
		{BB0A62A1-18EB-45E4-896A-8C9DCB75B930}.Debug|x86.ActiveCfg = Debug|Any CPU
		{BB0A62A1-18EB-45E4-896A-8C9DCB75B930}.Debug|x86.Build.0 = Debug|Any CPU
		{BB0A62A1-18EB-45E4-896A-8C9DCB75B930}.Release|Any CPU.ActiveCfg = Release|Any CPU
		{BB0A62A1-18EB-45E4-896A-8C9DCB75B930}.Release|Any CPU.Build.0 = Release|Any CPU
		{BB0A62A1-18EB-45E4-896A-8C9DCB75B930}.Release|x86.ActiveCfg = Release|Any CPU
		{BB0A62A1-18EB-45E4-896A-8C9DCB75B930}.Release|x86.Build.0 = Release|Any CPU
		{FEDF4540-2440-4B0F-BA23-25D6DE33C41E}.Debug|Any CPU.ActiveCfg = Debug|Any CPU
		{FEDF4540-2440-4B0F-BA23-25D6DE33C41E}.Debug|Any CPU.Build.0 = Debug|Any CPU
		{FEDF4540-2440-4B0F-BA23-25D6DE33C41E}.Debug|x86.ActiveCfg = Debug|Any CPU
		{FEDF4540-2440-4B0F-BA23-25D6DE33C41E}.Debug|x86.Build.0 = Debug|Any CPU
		{FEDF4540-2440-4B0F-BA23-25D6DE33C41E}.Release|Any CPU.ActiveCfg = Release|Any CPU
		{FEDF4540-2440-4B0F-BA23-25D6DE33C41E}.Release|Any CPU.Build.0 = Release|Any CPU
		{FEDF4540-2440-4B0F-BA23-25D6DE33C41E}.Release|x86.ActiveCfg = Release|Any CPU
		{FEDF4540-2440-4B0F-BA23-25D6DE33C41E}.Release|x86.Build.0 = Release|Any CPU
		{5F4CC055-0342-432A-BEEC-118AECB998FE}.Debug|Any CPU.ActiveCfg = Debug|Any CPU
		{5F4CC055-0342-432A-BEEC-118AECB998FE}.Debug|Any CPU.Build.0 = Debug|Any CPU
		{5F4CC055-0342-432A-BEEC-118AECB998FE}.Debug|x86.ActiveCfg = Debug|Any CPU
		{5F4CC055-0342-432A-BEEC-118AECB998FE}.Debug|x86.Build.0 = Debug|Any CPU
		{5F4CC055-0342-432A-BEEC-118AECB998FE}.Release|Any CPU.ActiveCfg = Release|Any CPU
		{5F4CC055-0342-432A-BEEC-118AECB998FE}.Release|Any CPU.Build.0 = Release|Any CPU
		{5F4CC055-0342-432A-BEEC-118AECB998FE}.Release|x86.ActiveCfg = Release|Any CPU
		{5F4CC055-0342-432A-BEEC-118AECB998FE}.Release|x86.Build.0 = Release|Any CPU
		{972DF746-314F-430F-A240-057E388F4D02}.Debug|Any CPU.ActiveCfg = Debug|Any CPU
		{972DF746-314F-430F-A240-057E388F4D02}.Debug|Any CPU.Build.0 = Debug|Any CPU
		{972DF746-314F-430F-A240-057E388F4D02}.Debug|x86.ActiveCfg = Debug|Any CPU
		{972DF746-314F-430F-A240-057E388F4D02}.Debug|x86.Build.0 = Debug|Any CPU
		{972DF746-314F-430F-A240-057E388F4D02}.Release|Any CPU.ActiveCfg = Release|Any CPU
		{972DF746-314F-430F-A240-057E388F4D02}.Release|Any CPU.Build.0 = Release|Any CPU
		{972DF746-314F-430F-A240-057E388F4D02}.Release|x86.ActiveCfg = Release|Any CPU
		{972DF746-314F-430F-A240-057E388F4D02}.Release|x86.Build.0 = Release|Any CPU
		{82CE7A79-33B0-449A-83ED-634B6404BE66}.Debug|Any CPU.ActiveCfg = Debug|Any CPU
		{82CE7A79-33B0-449A-83ED-634B6404BE66}.Debug|Any CPU.Build.0 = Debug|Any CPU
		{82CE7A79-33B0-449A-83ED-634B6404BE66}.Debug|x86.ActiveCfg = Debug|Any CPU
		{82CE7A79-33B0-449A-83ED-634B6404BE66}.Debug|x86.Build.0 = Debug|Any CPU
		{82CE7A79-33B0-449A-83ED-634B6404BE66}.Release|Any CPU.ActiveCfg = Release|Any CPU
		{82CE7A79-33B0-449A-83ED-634B6404BE66}.Release|Any CPU.Build.0 = Release|Any CPU
		{82CE7A79-33B0-449A-83ED-634B6404BE66}.Release|x86.ActiveCfg = Release|Any CPU
		{82CE7A79-33B0-449A-83ED-634B6404BE66}.Release|x86.Build.0 = Release|Any CPU
		{B002BC12-76B1-4734-9EEF-87465D6AACC8}.Debug|Any CPU.ActiveCfg = Debug|Any CPU
		{B002BC12-76B1-4734-9EEF-87465D6AACC8}.Debug|Any CPU.Build.0 = Debug|Any CPU
		{B002BC12-76B1-4734-9EEF-87465D6AACC8}.Debug|x86.ActiveCfg = Debug|Any CPU
		{B002BC12-76B1-4734-9EEF-87465D6AACC8}.Debug|x86.Build.0 = Debug|Any CPU
		{B002BC12-76B1-4734-9EEF-87465D6AACC8}.Release|Any CPU.ActiveCfg = Release|Any CPU
		{B002BC12-76B1-4734-9EEF-87465D6AACC8}.Release|Any CPU.Build.0 = Release|Any CPU
		{B002BC12-76B1-4734-9EEF-87465D6AACC8}.Release|x86.ActiveCfg = Release|Any CPU
		{B002BC12-76B1-4734-9EEF-87465D6AACC8}.Release|x86.Build.0 = Release|Any CPU
		{D3F60448-6BCF-49AC-83A5-64138A7C2A9B}.Debug|Any CPU.ActiveCfg = Debug|Any CPU
		{D3F60448-6BCF-49AC-83A5-64138A7C2A9B}.Debug|Any CPU.Build.0 = Debug|Any CPU
		{D3F60448-6BCF-49AC-83A5-64138A7C2A9B}.Debug|x86.ActiveCfg = Debug|Any CPU
		{D3F60448-6BCF-49AC-83A5-64138A7C2A9B}.Debug|x86.Build.0 = Debug|Any CPU
		{D3F60448-6BCF-49AC-83A5-64138A7C2A9B}.Release|Any CPU.ActiveCfg = Release|Any CPU
		{D3F60448-6BCF-49AC-83A5-64138A7C2A9B}.Release|Any CPU.Build.0 = Release|Any CPU
		{D3F60448-6BCF-49AC-83A5-64138A7C2A9B}.Release|x86.ActiveCfg = Release|Any CPU
		{D3F60448-6BCF-49AC-83A5-64138A7C2A9B}.Release|x86.Build.0 = Release|Any CPU
	EndGlobalSection
	GlobalSection(SolutionProperties) = preSolution
		HideSolutionNode = FALSE
	EndGlobalSection
	GlobalSection(NestedProjects) = preSolution
		{8F6A2E26-D1B8-4AC6-A0F4-9ABA82BB0B80} = {0A2262EF-2A66-4CC1-A245-C1AE166CA614}
		{4D856916-AA68-45C0-8118-BCC85FC5399B} = {7FE90C85-70F7-487B-99AF-CC981A8A2518}
		{98988731-EA12-40D8-9071-208B975CDDFC} = {7FE90C85-70F7-487B-99AF-CC981A8A2518}
		{0662A1B4-12DE-4E31-8BD3-DB61BAAF7D8D} = {7FE90C85-70F7-487B-99AF-CC981A8A2518}
		{5A81C277-6530-40C1-9223-219C07AE24FB} = {7FE90C85-70F7-487B-99AF-CC981A8A2518}
		{032A00AE-A479-4B2D-8133-5094E323F5F4} = {7FE90C85-70F7-487B-99AF-CC981A8A2518}
		{EDB6898C-02C2-4335-B3C0-308D619FAB4E} = {AED79C01-74C8-4AAC-984D-CB1A710DAB0F}
		{F53FFE09-138B-4F3E-9039-3BC0CD107952} = {AED79C01-74C8-4AAC-984D-CB1A710DAB0F}
		{28B00BE7-FE49-4C5D-B1D1-37000028E128} = {AED79C01-74C8-4AAC-984D-CB1A710DAB0F}
		{1ED088E6-1806-4D77-9143-2221DCBCF8F1} = {8D95B70E-B943-4D24-A90A-A811CD0E7497}
		{F5A00383-D576-4652-B8EE-DEB1AB2BA083} = {055212DF-37DF-460F-97FC-E345D654A30F}
		{7BE5D45A-7A58-424B-9DCB-96A851108338} = {AED79C01-74C8-4AAC-984D-CB1A710DAB0F}
		{1DFF685B-8C84-4689-B609-C0C4A0253686} = {B5AE1C6D-C747-476A-B892-FF58DF006254}
		{4C7D8987-3532-4EAD-9186-668B0AB448FA} = {7FE90C85-70F7-487B-99AF-CC981A8A2518}
		{0AB44F85-E390-4BA8-A4D2-3B8856694380} = {8D95B70E-B943-4D24-A90A-A811CD0E7497}
		{BE942544-C359-4A3A-A249-930A55AB801F} = {8D95B70E-B943-4D24-A90A-A811CD0E7497}
		{09D8FB75-6D9B-4114-83B4-7EAA82074EC6} = {8D95B70E-B943-4D24-A90A-A811CD0E7497}
		{BB0A62A1-18EB-45E4-896A-8C9DCB75B930} = {8D95B70E-B943-4D24-A90A-A811CD0E7497}
		{FEDF4540-2440-4B0F-BA23-25D6DE33C41E} = {8D95B70E-B943-4D24-A90A-A811CD0E7497}
		{5F4CC055-0342-432A-BEEC-118AECB998FE} = {8D95B70E-B943-4D24-A90A-A811CD0E7497}
		{972DF746-314F-430F-A240-057E388F4D02} = {8D95B70E-B943-4D24-A90A-A811CD0E7497}
		{82CE7A79-33B0-449A-83ED-634B6404BE66} = {8D95B70E-B943-4D24-A90A-A811CD0E7497}
		{B002BC12-76B1-4734-9EEF-87465D6AACC8} = {8D95B70E-B943-4D24-A90A-A811CD0E7497}
		{3D4EF053-1BE3-4867-B8DA-E0EB58BB52AE} = {055212DF-37DF-460F-97FC-E345D654A30F}
		{849CC742-9D3D-4597-A963-008C3D9A6755} = {055212DF-37DF-460F-97FC-E345D654A30F}
		{D3F60448-6BCF-49AC-83A5-64138A7C2A9B} = {B5AE1C6D-C747-476A-B892-FF58DF006254}
	EndGlobalSection
	GlobalSection(ExtensibilityGlobals) = postSolution
		SolutionGuid = {E2292D5F-9EDC-489F-BAE4-75BC33F646F6}
	EndGlobalSection
	GlobalSection(TestCaseManagementSettings) = postSolution
		CategoryFile = MainProject.vsmdi
	EndGlobalSection
EndGlobal
