
Microsoft Visual Studio Solution File, Format Version 12.00
# Visual Studio Version 17
VisualStudioVersion = 17.4.33110.190
MinimumVisualStudioVersion = 10.0.40219.1
Project("{2150E333-8FDC-42A3-9474-1A3956D46DE8}") = "Basteha", "Basteha", "{0A2262EF-2A66-4CC1-A245-C1AE166CA614}"
EndProject
Project("{2150E333-8FDC-42A3-9474-1A3956D46DE8}") = "KetabkhaneStandard", "KetabkhaneStandard", "{8D95B70E-B943-4D24-A90A-A811CD0E7497}"
EndProject
Project("{2150E333-8FDC-42A3-9474-1A3956D46DE8}") = "Solution Items", "Solution Items", "{76C519B4-F1A8-4FA2-9D40-0D72F90B4754}"
	ProjectSection(SolutionItems) = preProject
		.editorconfig = .editorconfig
		LICENSE.txt = LICENSE.txt
	EndProjectSection
EndProject
Project("{9A19103F-16F7-4668-BE54-9A1E7A4F7556}") = "IRI.Sta.Common", "IRI.Sta\IRI.Sta.Common\IRI.Sta.Common.csproj", "{1ED088E6-1806-4D77-9143-2221DCBCF8F1}"
EndProject
Project("{2150E333-8FDC-42A3-9474-1A3956D46DE8}") = "Taghche", "Taghche", "{B5AE1C6D-C747-476A-B892-FF58DF006254}"
EndProject
Project("{9A19103F-16F7-4668-BE54-9A1E7A4F7556}") = "IRI.Sta.Ogc", "IRI.Sta\IRI.Sta.Ogc\IRI.Sta.Ogc.csproj", "{BE942544-C359-4A3A-A249-930A55AB801F}"
EndProject
Project("{9A19103F-16F7-4668-BE54-9A1E7A4F7556}") = "IRI.Sta.MachineLearning", "IRI.Sta\IRI.Sta.MachineLearning\IRI.Sta.MachineLearning.csproj", "{DDA5CADB-6BEF-4AE1-80A3-3FDDB150B05B}"
EndProject
Project("{9A19103F-16F7-4668-BE54-9A1E7A4F7556}") = "IRI.Sta.ShapefileFormat", "IRI.Sta\IRI.Sta.ShapefileFormat\IRI.Sta.ShapefileFormat.csproj", "{6F59FFD4-C888-4B6F-9D2C-94396693D84E}"
EndProject
Project("{2150E333-8FDC-42A3-9474-1A3956D46DE8}") = "Ketabkhane", "Ketabkhane", "{A839D3E5-8157-4EF6-8EB1-FA4E87A92CDA}"
EndProject
Project("{9A19103F-16F7-4668-BE54-9A1E7A4F7556}") = "IRI.Ket.WindowsBase", "IRI.Ket\IRI.Ket.WindowsBase\IRI.Ket.WindowsBase.csproj", "{1523DACD-D0FA-4E7A-AF98-15E45F65E0B0}"
EndProject
Project("{9A19103F-16F7-4668-BE54-9A1E7A4F7556}") = "IRI.Ket.SqlServerSpatialExtension", "IRI.Ket\IRI.Ket.SqlServerSpatialExtension\IRI.Ket.SqlServerSpatialExtension.csproj", "{4900C16A-8C31-4655-B3E8-0DED527D2132}"
EndProject
Project("{2150E333-8FDC-42A3-9474-1A3956D46DE8}") = "JabeAbzar", "JabeAbzar", "{3464F76F-DC20-484F-8420-6E0B9DD8E031}"
EndProject
Project("{9A19103F-16F7-4668-BE54-9A1E7A4F7556}") = "IRI.Jab.Common", "IRI.Jab\IRI.Jab.Common\IRI.Jab.Common.csproj", "{2CE9A8E7-BA53-410B-A2B8-7D285CBDFFC1}"
EndProject
Project("{9A19103F-16F7-4668-BE54-9A1E7A4F7556}") = "IRI.Jab.Controls", "IRI.Jab\IRI.Jab.Controls\IRI.Jab.Controls.csproj", "{AB880A8C-BFC6-444F-83DD-978EB2BAF89B}"
EndProject
Project("{9A19103F-16F7-4668-BE54-9A1E7A4F7556}") = "IRI.Jab.MultiSelectItem", "IRI.Jab\IRI.Jab.MultiSelectItem\IRI.Jab.MultiSelectItem.csproj", "{3858C9DE-FEAF-4AA5-977A-0CA256B0E0FE}"
EndProject
Project("{9A19103F-16F7-4668-BE54-9A1E7A4F7556}") = "IRI.Bas.SqlSpatialLoader", "IRI.Bas\IRI.Bas.SqlSpatialLoader\IRI.Bas.SqlSpatialLoader.csproj", "{1AD8AF42-A544-4EE6-B8BA-E4D1A16F1CB7}"
EndProject
Project("{9A19103F-16F7-4668-BE54-9A1E7A4F7556}") = "IRI.Tag.SampleWpfApp", "IRI.Tag\IRI.Tag.SampleWpfApp\IRI.Tag.SampleWpfApp.csproj", "{7004D483-0FA3-475A-BB99-327B747E7084}"
EndProject
Project("{2150E333-8FDC-42A3-9474-1A3956D46DE8}") = "Persistence", "Persistence", "{5FFC5712-E99B-4F5A-8E1F-F038505042E2}"
EndProject
Project("{9A19103F-16F7-4668-BE54-9A1E7A4F7556}") = "IRI.Ket.Persistence", "IRI.Ket\IRI.Ket.Persistence\IRI.Ket.Persistence.csproj", "{EE75AADB-EB45-4852-9B02-8AA789C94323}"
EndProject
Project("{9A19103F-16F7-4668-BE54-9A1E7A4F7556}") = "IRI.Ket.SqlServerPersistence", "IRI.Ket\IRI.Ket.SqlServerPersistence\IRI.Ket.SqlServerPersistence.csproj", "{80C4F9EA-23F8-4F92-BA22-98BE7540B883}"
EndProject
Project("{9A19103F-16F7-4668-BE54-9A1E7A4F7556}") = "IRI.Ket.PersonalGdbPersistence", "IRI.Ket\IRI.Ket.PersonalGdbPersistence\IRI.Ket.PersonalGdbPersistence.csproj", "{7257CD96-7FD0-4E4A-A7A0-2474A6464B90}"
EndProject
Project("{9A19103F-16F7-4668-BE54-9A1E7A4F7556}") = "IRI.Ket.PostgreSqlPersistence", "IRI.Ket\IRI.Ket.PostgreSqlPersistence\IRI.Ket.PostgreSqlPersistence.csproj", "{470D51EC-1DEC-418B-A169-2D72E8721E12}"
EndProject
Project("{9A19103F-16F7-4668-BE54-9A1E7A4F7556}") = "IRI.Ket.GdiPersistence", "IRI.Ket\IRI.Ket.GdiPersistence\IRI.Ket.GdiPersistence.csproj", "{05B84A19-BED7-4870-ADDF-879091B5206E}"
EndProject
Project("{9A19103F-16F7-4668-BE54-9A1E7A4F7556}") = "IRI.Ket.WebApiPersistence", "IRI.Ket\IRI.Ket.WebApiPersistence\IRI.Ket.WebApiPersistence.csproj", "{99979E6E-D7E0-451C-88AA-ACC0251C93CF}"
EndProject
Project("{9A19103F-16F7-4668-BE54-9A1E7A4F7556}") = "IRI.Ket.GdiPlus", "IRI.Ket\IRI.Ket.GdiPlus\IRI.Ket.GdiPlus.csproj", "{17E1F199-A4DB-4C1B-81EE-98EEF1AA6994}"
EndProject
Project("{9A19103F-16F7-4668-BE54-9A1E7A4F7556}") = "IRI.Article.Sfc", "IRI.Tag\IRI.Article.Sfc\IRI.Article.Sfc.csproj", "{F59D5554-DFF3-423D-B6AF-B782CE972334}"
EndProject
Project("{9A19103F-16F7-4668-BE54-9A1E7A4F7556}") = "IRI.Sta.GsmGprs", "IRI.Sta\IRI.Sta.GsmGprs\IRI.Sta.GsmGprs.csproj", "{498FC7E7-82CF-4202-B4AC-5EA5D204B4AA}"
EndProject
Project("{9A19103F-16F7-4668-BE54-9A1E7A4F7556}") = "IRI.Sta.Graph", "IRI.Sta\IRI.Sta.Graph\IRI.Sta.Graph.csproj", "{AF284E23-E547-47C1-BC71-01B9AD40188E}"
EndProject
Project("{9A19103F-16F7-4668-BE54-9A1E7A4F7556}") = "IRI.Sta.Spatial", "IRI.Sta\IRI.Sta.Spatial\IRI.Sta.Spatial.csproj", "{8A77F7AA-E977-49B4-9177-D61D03ACA462}"
EndProject
Project("{9A19103F-16F7-4668-BE54-9A1E7A4F7556}") = "IRI.Sta.SpatialReferenceSystem", "IRI.Sta\IRI.Sta.SpatialReferenceSystem\IRI.Sta.SpatialReferenceSystem.csproj", "{1F583D40-73CF-4745-95A3-AE369274DC33}"
EndProject
Project("{9A19103F-16F7-4668-BE54-9A1E7A4F7556}") = "IRI.Article04.FastSimplification", "IRI.Tag\IRI.Article04.FastSimplification\IRI.Article04.FastSimplification.csproj", "{C1F0273F-4BB7-4019-A633-C71A9E880872}"
EndProject
Project("{9A19103F-16F7-4668-BE54-9A1E7A4F7556}") = "IRI.Sta.Security", "IRI.Sta\IRI.Sta.Security\IRI.Sta.Security.csproj", "{FB56EC85-9FC9-488A-A0E2-E56AEA7294CF}"
EndProject
Global
	GlobalSection(SolutionConfigurationPlatforms) = preSolution
		Debug|Any CPU = Debug|Any CPU
		Debug|x86 = Debug|x86
		Release|Any CPU = Release|Any CPU
		Release|x86 = Release|x86
	EndGlobalSection
	GlobalSection(ProjectConfigurationPlatforms) = postSolution
		{1ED088E6-1806-4D77-9143-2221DCBCF8F1}.Debug|Any CPU.ActiveCfg = Debug|Any CPU
		{1ED088E6-1806-4D77-9143-2221DCBCF8F1}.Debug|Any CPU.Build.0 = Debug|Any CPU
		{1ED088E6-1806-4D77-9143-2221DCBCF8F1}.Debug|x86.ActiveCfg = Debug|Any CPU
		{1ED088E6-1806-4D77-9143-2221DCBCF8F1}.Debug|x86.Build.0 = Debug|Any CPU
		{1ED088E6-1806-4D77-9143-2221DCBCF8F1}.Release|Any CPU.ActiveCfg = Release|Any CPU
		{1ED088E6-1806-4D77-9143-2221DCBCF8F1}.Release|Any CPU.Build.0 = Release|Any CPU
		{1ED088E6-1806-4D77-9143-2221DCBCF8F1}.Release|x86.ActiveCfg = Release|Any CPU
		{1ED088E6-1806-4D77-9143-2221DCBCF8F1}.Release|x86.Build.0 = Release|Any CPU
		{BE942544-C359-4A3A-A249-930A55AB801F}.Debug|Any CPU.ActiveCfg = Debug|Any CPU
		{BE942544-C359-4A3A-A249-930A55AB801F}.Debug|Any CPU.Build.0 = Debug|Any CPU
		{BE942544-C359-4A3A-A249-930A55AB801F}.Debug|x86.ActiveCfg = Debug|Any CPU
		{BE942544-C359-4A3A-A249-930A55AB801F}.Debug|x86.Build.0 = Debug|Any CPU
		{BE942544-C359-4A3A-A249-930A55AB801F}.Release|Any CPU.ActiveCfg = Release|Any CPU
		{BE942544-C359-4A3A-A249-930A55AB801F}.Release|Any CPU.Build.0 = Release|Any CPU
		{BE942544-C359-4A3A-A249-930A55AB801F}.Release|x86.ActiveCfg = Release|Any CPU
		{BE942544-C359-4A3A-A249-930A55AB801F}.Release|x86.Build.0 = Release|Any CPU
		{DDA5CADB-6BEF-4AE1-80A3-3FDDB150B05B}.Debug|Any CPU.ActiveCfg = Debug|Any CPU
		{DDA5CADB-6BEF-4AE1-80A3-3FDDB150B05B}.Debug|Any CPU.Build.0 = Debug|Any CPU
		{DDA5CADB-6BEF-4AE1-80A3-3FDDB150B05B}.Debug|x86.ActiveCfg = Debug|Any CPU
		{DDA5CADB-6BEF-4AE1-80A3-3FDDB150B05B}.Debug|x86.Build.0 = Debug|Any CPU
		{DDA5CADB-6BEF-4AE1-80A3-3FDDB150B05B}.Release|Any CPU.ActiveCfg = Release|Any CPU
		{DDA5CADB-6BEF-4AE1-80A3-3FDDB150B05B}.Release|Any CPU.Build.0 = Release|Any CPU
		{DDA5CADB-6BEF-4AE1-80A3-3FDDB150B05B}.Release|x86.ActiveCfg = Release|Any CPU
		{DDA5CADB-6BEF-4AE1-80A3-3FDDB150B05B}.Release|x86.Build.0 = Release|Any CPU
		{6F59FFD4-C888-4B6F-9D2C-94396693D84E}.Debug|Any CPU.ActiveCfg = Debug|Any CPU
		{6F59FFD4-C888-4B6F-9D2C-94396693D84E}.Debug|Any CPU.Build.0 = Debug|Any CPU
		{6F59FFD4-C888-4B6F-9D2C-94396693D84E}.Debug|x86.ActiveCfg = Debug|Any CPU
		{6F59FFD4-C888-4B6F-9D2C-94396693D84E}.Debug|x86.Build.0 = Debug|Any CPU
		{6F59FFD4-C888-4B6F-9D2C-94396693D84E}.Release|Any CPU.ActiveCfg = Release|Any CPU
		{6F59FFD4-C888-4B6F-9D2C-94396693D84E}.Release|Any CPU.Build.0 = Release|Any CPU
		{6F59FFD4-C888-4B6F-9D2C-94396693D84E}.Release|x86.ActiveCfg = Release|Any CPU
		{6F59FFD4-C888-4B6F-9D2C-94396693D84E}.Release|x86.Build.0 = Release|Any CPU
		{1523DACD-D0FA-4E7A-AF98-15E45F65E0B0}.Debug|Any CPU.ActiveCfg = Debug|Any CPU
		{1523DACD-D0FA-4E7A-AF98-15E45F65E0B0}.Debug|Any CPU.Build.0 = Debug|Any CPU
		{1523DACD-D0FA-4E7A-AF98-15E45F65E0B0}.Debug|x86.ActiveCfg = Debug|Any CPU
		{1523DACD-D0FA-4E7A-AF98-15E45F65E0B0}.Debug|x86.Build.0 = Debug|Any CPU
		{1523DACD-D0FA-4E7A-AF98-15E45F65E0B0}.Release|Any CPU.ActiveCfg = Release|Any CPU
		{1523DACD-D0FA-4E7A-AF98-15E45F65E0B0}.Release|Any CPU.Build.0 = Release|Any CPU
		{1523DACD-D0FA-4E7A-AF98-15E45F65E0B0}.Release|x86.ActiveCfg = Release|Any CPU
		{1523DACD-D0FA-4E7A-AF98-15E45F65E0B0}.Release|x86.Build.0 = Release|Any CPU
		{4900C16A-8C31-4655-B3E8-0DED527D2132}.Debug|Any CPU.ActiveCfg = Debug|Any CPU
		{4900C16A-8C31-4655-B3E8-0DED527D2132}.Debug|Any CPU.Build.0 = Debug|Any CPU
		{4900C16A-8C31-4655-B3E8-0DED527D2132}.Debug|x86.ActiveCfg = Debug|Any CPU
		{4900C16A-8C31-4655-B3E8-0DED527D2132}.Debug|x86.Build.0 = Debug|Any CPU
		{4900C16A-8C31-4655-B3E8-0DED527D2132}.Release|Any CPU.ActiveCfg = Release|Any CPU
		{4900C16A-8C31-4655-B3E8-0DED527D2132}.Release|Any CPU.Build.0 = Release|Any CPU
		{4900C16A-8C31-4655-B3E8-0DED527D2132}.Release|x86.ActiveCfg = Release|Any CPU
		{4900C16A-8C31-4655-B3E8-0DED527D2132}.Release|x86.Build.0 = Release|Any CPU
		{2CE9A8E7-BA53-410B-A2B8-7D285CBDFFC1}.Debug|Any CPU.ActiveCfg = Debug|Any CPU
		{2CE9A8E7-BA53-410B-A2B8-7D285CBDFFC1}.Debug|Any CPU.Build.0 = Debug|Any CPU
		{2CE9A8E7-BA53-410B-A2B8-7D285CBDFFC1}.Debug|x86.ActiveCfg = Debug|Any CPU
		{2CE9A8E7-BA53-410B-A2B8-7D285CBDFFC1}.Debug|x86.Build.0 = Debug|Any CPU
		{2CE9A8E7-BA53-410B-A2B8-7D285CBDFFC1}.Release|Any CPU.ActiveCfg = Release|Any CPU
		{2CE9A8E7-BA53-410B-A2B8-7D285CBDFFC1}.Release|Any CPU.Build.0 = Release|Any CPU
		{2CE9A8E7-BA53-410B-A2B8-7D285CBDFFC1}.Release|x86.ActiveCfg = Release|Any CPU
		{2CE9A8E7-BA53-410B-A2B8-7D285CBDFFC1}.Release|x86.Build.0 = Release|Any CPU
		{AB880A8C-BFC6-444F-83DD-978EB2BAF89B}.Debug|Any CPU.ActiveCfg = Debug|Any CPU
		{AB880A8C-BFC6-444F-83DD-978EB2BAF89B}.Debug|Any CPU.Build.0 = Debug|Any CPU
		{AB880A8C-BFC6-444F-83DD-978EB2BAF89B}.Debug|x86.ActiveCfg = Debug|Any CPU
		{AB880A8C-BFC6-444F-83DD-978EB2BAF89B}.Debug|x86.Build.0 = Debug|Any CPU
		{AB880A8C-BFC6-444F-83DD-978EB2BAF89B}.Release|Any CPU.ActiveCfg = Release|Any CPU
		{AB880A8C-BFC6-444F-83DD-978EB2BAF89B}.Release|Any CPU.Build.0 = Release|Any CPU
		{AB880A8C-BFC6-444F-83DD-978EB2BAF89B}.Release|x86.ActiveCfg = Release|Any CPU
		{AB880A8C-BFC6-444F-83DD-978EB2BAF89B}.Release|x86.Build.0 = Release|Any CPU
		{3858C9DE-FEAF-4AA5-977A-0CA256B0E0FE}.Debug|Any CPU.ActiveCfg = Debug|Any CPU
		{3858C9DE-FEAF-4AA5-977A-0CA256B0E0FE}.Debug|Any CPU.Build.0 = Debug|Any CPU
		{3858C9DE-FEAF-4AA5-977A-0CA256B0E0FE}.Debug|x86.ActiveCfg = Debug|Any CPU
		{3858C9DE-FEAF-4AA5-977A-0CA256B0E0FE}.Debug|x86.Build.0 = Debug|Any CPU
		{3858C9DE-FEAF-4AA5-977A-0CA256B0E0FE}.Release|Any CPU.ActiveCfg = Release|Any CPU
		{3858C9DE-FEAF-4AA5-977A-0CA256B0E0FE}.Release|Any CPU.Build.0 = Release|Any CPU
		{3858C9DE-FEAF-4AA5-977A-0CA256B0E0FE}.Release|x86.ActiveCfg = Release|Any CPU
		{3858C9DE-FEAF-4AA5-977A-0CA256B0E0FE}.Release|x86.Build.0 = Release|Any CPU
		{1AD8AF42-A544-4EE6-B8BA-E4D1A16F1CB7}.Debug|Any CPU.ActiveCfg = Debug|Any CPU
		{1AD8AF42-A544-4EE6-B8BA-E4D1A16F1CB7}.Debug|Any CPU.Build.0 = Debug|Any CPU
		{1AD8AF42-A544-4EE6-B8BA-E4D1A16F1CB7}.Debug|x86.ActiveCfg = Debug|Any CPU
		{1AD8AF42-A544-4EE6-B8BA-E4D1A16F1CB7}.Debug|x86.Build.0 = Debug|Any CPU
		{1AD8AF42-A544-4EE6-B8BA-E4D1A16F1CB7}.Release|Any CPU.ActiveCfg = Release|Any CPU
		{1AD8AF42-A544-4EE6-B8BA-E4D1A16F1CB7}.Release|Any CPU.Build.0 = Release|Any CPU
		{1AD8AF42-A544-4EE6-B8BA-E4D1A16F1CB7}.Release|x86.ActiveCfg = Release|Any CPU
		{1AD8AF42-A544-4EE6-B8BA-E4D1A16F1CB7}.Release|x86.Build.0 = Release|Any CPU
		{7004D483-0FA3-475A-BB99-327B747E7084}.Debug|Any CPU.ActiveCfg = Debug|Any CPU
		{7004D483-0FA3-475A-BB99-327B747E7084}.Debug|Any CPU.Build.0 = Debug|Any CPU
		{7004D483-0FA3-475A-BB99-327B747E7084}.Debug|x86.ActiveCfg = Debug|Any CPU
		{7004D483-0FA3-475A-BB99-327B747E7084}.Debug|x86.Build.0 = Debug|Any CPU
		{7004D483-0FA3-475A-BB99-327B747E7084}.Release|Any CPU.ActiveCfg = Release|Any CPU
		{7004D483-0FA3-475A-BB99-327B747E7084}.Release|Any CPU.Build.0 = Release|Any CPU
		{7004D483-0FA3-475A-BB99-327B747E7084}.Release|x86.ActiveCfg = Release|Any CPU
		{7004D483-0FA3-475A-BB99-327B747E7084}.Release|x86.Build.0 = Release|Any CPU
		{EE75AADB-EB45-4852-9B02-8AA789C94323}.Debug|Any CPU.ActiveCfg = Debug|Any CPU
		{EE75AADB-EB45-4852-9B02-8AA789C94323}.Debug|Any CPU.Build.0 = Debug|Any CPU
		{EE75AADB-EB45-4852-9B02-8AA789C94323}.Debug|x86.ActiveCfg = Debug|Any CPU
		{EE75AADB-EB45-4852-9B02-8AA789C94323}.Debug|x86.Build.0 = Debug|Any CPU
		{EE75AADB-EB45-4852-9B02-8AA789C94323}.Release|Any CPU.ActiveCfg = Release|Any CPU
		{EE75AADB-EB45-4852-9B02-8AA789C94323}.Release|Any CPU.Build.0 = Release|Any CPU
		{EE75AADB-EB45-4852-9B02-8AA789C94323}.Release|x86.ActiveCfg = Release|Any CPU
		{EE75AADB-EB45-4852-9B02-8AA789C94323}.Release|x86.Build.0 = Release|Any CPU
		{80C4F9EA-23F8-4F92-BA22-98BE7540B883}.Debug|Any CPU.ActiveCfg = Debug|Any CPU
		{80C4F9EA-23F8-4F92-BA22-98BE7540B883}.Debug|Any CPU.Build.0 = Debug|Any CPU
		{80C4F9EA-23F8-4F92-BA22-98BE7540B883}.Debug|x86.ActiveCfg = Debug|Any CPU
		{80C4F9EA-23F8-4F92-BA22-98BE7540B883}.Debug|x86.Build.0 = Debug|Any CPU
		{80C4F9EA-23F8-4F92-BA22-98BE7540B883}.Release|Any CPU.ActiveCfg = Release|Any CPU
		{80C4F9EA-23F8-4F92-BA22-98BE7540B883}.Release|Any CPU.Build.0 = Release|Any CPU
		{80C4F9EA-23F8-4F92-BA22-98BE7540B883}.Release|x86.ActiveCfg = Release|Any CPU
		{80C4F9EA-23F8-4F92-BA22-98BE7540B883}.Release|x86.Build.0 = Release|Any CPU
		{7257CD96-7FD0-4E4A-A7A0-2474A6464B90}.Debug|Any CPU.ActiveCfg = Debug|Any CPU
		{7257CD96-7FD0-4E4A-A7A0-2474A6464B90}.Debug|Any CPU.Build.0 = Debug|Any CPU
		{7257CD96-7FD0-4E4A-A7A0-2474A6464B90}.Debug|x86.ActiveCfg = Debug|Any CPU
		{7257CD96-7FD0-4E4A-A7A0-2474A6464B90}.Debug|x86.Build.0 = Debug|Any CPU
		{7257CD96-7FD0-4E4A-A7A0-2474A6464B90}.Release|Any CPU.ActiveCfg = Release|Any CPU
		{7257CD96-7FD0-4E4A-A7A0-2474A6464B90}.Release|Any CPU.Build.0 = Release|Any CPU
		{7257CD96-7FD0-4E4A-A7A0-2474A6464B90}.Release|x86.ActiveCfg = Release|Any CPU
		{7257CD96-7FD0-4E4A-A7A0-2474A6464B90}.Release|x86.Build.0 = Release|Any CPU
		{470D51EC-1DEC-418B-A169-2D72E8721E12}.Debug|Any CPU.ActiveCfg = Debug|Any CPU
		{470D51EC-1DEC-418B-A169-2D72E8721E12}.Debug|Any CPU.Build.0 = Debug|Any CPU
		{470D51EC-1DEC-418B-A169-2D72E8721E12}.Debug|x86.ActiveCfg = Debug|Any CPU
		{470D51EC-1DEC-418B-A169-2D72E8721E12}.Debug|x86.Build.0 = Debug|Any CPU
		{470D51EC-1DEC-418B-A169-2D72E8721E12}.Release|Any CPU.ActiveCfg = Release|Any CPU
		{470D51EC-1DEC-418B-A169-2D72E8721E12}.Release|Any CPU.Build.0 = Release|Any CPU
		{470D51EC-1DEC-418B-A169-2D72E8721E12}.Release|x86.ActiveCfg = Release|Any CPU
		{470D51EC-1DEC-418B-A169-2D72E8721E12}.Release|x86.Build.0 = Release|Any CPU
		{05B84A19-BED7-4870-ADDF-879091B5206E}.Debug|Any CPU.ActiveCfg = Debug|Any CPU
		{05B84A19-BED7-4870-ADDF-879091B5206E}.Debug|Any CPU.Build.0 = Debug|Any CPU
		{05B84A19-BED7-4870-ADDF-879091B5206E}.Debug|x86.ActiveCfg = Debug|Any CPU
		{05B84A19-BED7-4870-ADDF-879091B5206E}.Debug|x86.Build.0 = Debug|Any CPU
		{05B84A19-BED7-4870-ADDF-879091B5206E}.Release|Any CPU.ActiveCfg = Release|Any CPU
		{05B84A19-BED7-4870-ADDF-879091B5206E}.Release|Any CPU.Build.0 = Release|Any CPU
		{05B84A19-BED7-4870-ADDF-879091B5206E}.Release|x86.ActiveCfg = Release|Any CPU
		{05B84A19-BED7-4870-ADDF-879091B5206E}.Release|x86.Build.0 = Release|Any CPU
		{99979E6E-D7E0-451C-88AA-ACC0251C93CF}.Debug|Any CPU.ActiveCfg = Debug|Any CPU
		{99979E6E-D7E0-451C-88AA-ACC0251C93CF}.Debug|Any CPU.Build.0 = Debug|Any CPU
		{99979E6E-D7E0-451C-88AA-ACC0251C93CF}.Debug|x86.ActiveCfg = Debug|Any CPU
		{99979E6E-D7E0-451C-88AA-ACC0251C93CF}.Debug|x86.Build.0 = Debug|Any CPU
		{99979E6E-D7E0-451C-88AA-ACC0251C93CF}.Release|Any CPU.ActiveCfg = Release|Any CPU
		{99979E6E-D7E0-451C-88AA-ACC0251C93CF}.Release|Any CPU.Build.0 = Release|Any CPU
		{99979E6E-D7E0-451C-88AA-ACC0251C93CF}.Release|x86.ActiveCfg = Release|Any CPU
		{99979E6E-D7E0-451C-88AA-ACC0251C93CF}.Release|x86.Build.0 = Release|Any CPU
		{17E1F199-A4DB-4C1B-81EE-98EEF1AA6994}.Debug|Any CPU.ActiveCfg = Debug|Any CPU
		{17E1F199-A4DB-4C1B-81EE-98EEF1AA6994}.Debug|Any CPU.Build.0 = Debug|Any CPU
		{17E1F199-A4DB-4C1B-81EE-98EEF1AA6994}.Debug|x86.ActiveCfg = Debug|Any CPU
		{17E1F199-A4DB-4C1B-81EE-98EEF1AA6994}.Debug|x86.Build.0 = Debug|Any CPU
		{17E1F199-A4DB-4C1B-81EE-98EEF1AA6994}.Release|Any CPU.ActiveCfg = Release|Any CPU
		{17E1F199-A4DB-4C1B-81EE-98EEF1AA6994}.Release|Any CPU.Build.0 = Release|Any CPU
		{17E1F199-A4DB-4C1B-81EE-98EEF1AA6994}.Release|x86.ActiveCfg = Release|Any CPU
		{17E1F199-A4DB-4C1B-81EE-98EEF1AA6994}.Release|x86.Build.0 = Release|Any CPU
		{F59D5554-DFF3-423D-B6AF-B782CE972334}.Debug|Any CPU.ActiveCfg = Debug|Any CPU
		{F59D5554-DFF3-423D-B6AF-B782CE972334}.Debug|Any CPU.Build.0 = Debug|Any CPU
		{F59D5554-DFF3-423D-B6AF-B782CE972334}.Debug|x86.ActiveCfg = Debug|Any CPU
		{F59D5554-DFF3-423D-B6AF-B782CE972334}.Debug|x86.Build.0 = Debug|Any CPU
		{F59D5554-DFF3-423D-B6AF-B782CE972334}.Release|Any CPU.ActiveCfg = Release|Any CPU
		{F59D5554-DFF3-423D-B6AF-B782CE972334}.Release|Any CPU.Build.0 = Release|Any CPU
		{F59D5554-DFF3-423D-B6AF-B782CE972334}.Release|x86.ActiveCfg = Release|Any CPU
		{F59D5554-DFF3-423D-B6AF-B782CE972334}.Release|x86.Build.0 = Release|Any CPU
		{498FC7E7-82CF-4202-B4AC-5EA5D204B4AA}.Debug|Any CPU.ActiveCfg = Debug|Any CPU
		{498FC7E7-82CF-4202-B4AC-5EA5D204B4AA}.Debug|Any CPU.Build.0 = Debug|Any CPU
		{498FC7E7-82CF-4202-B4AC-5EA5D204B4AA}.Debug|x86.ActiveCfg = Debug|Any CPU
		{498FC7E7-82CF-4202-B4AC-5EA5D204B4AA}.Debug|x86.Build.0 = Debug|Any CPU
		{498FC7E7-82CF-4202-B4AC-5EA5D204B4AA}.Release|Any CPU.ActiveCfg = Release|Any CPU
		{498FC7E7-82CF-4202-B4AC-5EA5D204B4AA}.Release|Any CPU.Build.0 = Release|Any CPU
		{498FC7E7-82CF-4202-B4AC-5EA5D204B4AA}.Release|x86.ActiveCfg = Release|Any CPU
		{498FC7E7-82CF-4202-B4AC-5EA5D204B4AA}.Release|x86.Build.0 = Release|Any CPU
		{AF284E23-E547-47C1-BC71-01B9AD40188E}.Debug|Any CPU.ActiveCfg = Debug|Any CPU
		{AF284E23-E547-47C1-BC71-01B9AD40188E}.Debug|Any CPU.Build.0 = Debug|Any CPU
		{AF284E23-E547-47C1-BC71-01B9AD40188E}.Debug|x86.ActiveCfg = Debug|Any CPU
		{AF284E23-E547-47C1-BC71-01B9AD40188E}.Debug|x86.Build.0 = Debug|Any CPU
		{AF284E23-E547-47C1-BC71-01B9AD40188E}.Release|Any CPU.ActiveCfg = Release|Any CPU
		{AF284E23-E547-47C1-BC71-01B9AD40188E}.Release|Any CPU.Build.0 = Release|Any CPU
		{AF284E23-E547-47C1-BC71-01B9AD40188E}.Release|x86.ActiveCfg = Release|Any CPU
		{AF284E23-E547-47C1-BC71-01B9AD40188E}.Release|x86.Build.0 = Release|Any CPU
		{8A77F7AA-E977-49B4-9177-D61D03ACA462}.Debug|Any CPU.ActiveCfg = Debug|Any CPU
		{8A77F7AA-E977-49B4-9177-D61D03ACA462}.Debug|Any CPU.Build.0 = Debug|Any CPU
		{8A77F7AA-E977-49B4-9177-D61D03ACA462}.Debug|x86.ActiveCfg = Debug|Any CPU
		{8A77F7AA-E977-49B4-9177-D61D03ACA462}.Debug|x86.Build.0 = Debug|Any CPU
		{8A77F7AA-E977-49B4-9177-D61D03ACA462}.Release|Any CPU.ActiveCfg = Release|Any CPU
		{8A77F7AA-E977-49B4-9177-D61D03ACA462}.Release|Any CPU.Build.0 = Release|Any CPU
		{8A77F7AA-E977-49B4-9177-D61D03ACA462}.Release|x86.ActiveCfg = Release|Any CPU
		{8A77F7AA-E977-49B4-9177-D61D03ACA462}.Release|x86.Build.0 = Release|Any CPU
		{1F583D40-73CF-4745-95A3-AE369274DC33}.Debug|Any CPU.ActiveCfg = Debug|Any CPU
		{1F583D40-73CF-4745-95A3-AE369274DC33}.Debug|Any CPU.Build.0 = Debug|Any CPU
		{1F583D40-73CF-4745-95A3-AE369274DC33}.Debug|x86.ActiveCfg = Debug|Any CPU
		{1F583D40-73CF-4745-95A3-AE369274DC33}.Debug|x86.Build.0 = Debug|Any CPU
		{1F583D40-73CF-4745-95A3-AE369274DC33}.Release|Any CPU.ActiveCfg = Release|Any CPU
		{1F583D40-73CF-4745-95A3-AE369274DC33}.Release|Any CPU.Build.0 = Release|Any CPU
		{1F583D40-73CF-4745-95A3-AE369274DC33}.Release|x86.ActiveCfg = Release|Any CPU
		{1F583D40-73CF-4745-95A3-AE369274DC33}.Release|x86.Build.0 = Release|Any CPU
		{C1F0273F-4BB7-4019-A633-C71A9E880872}.Debug|Any CPU.ActiveCfg = Debug|Any CPU
		{C1F0273F-4BB7-4019-A633-C71A9E880872}.Debug|Any CPU.Build.0 = Debug|Any CPU
		{C1F0273F-4BB7-4019-A633-C71A9E880872}.Debug|x86.ActiveCfg = Debug|Any CPU
		{C1F0273F-4BB7-4019-A633-C71A9E880872}.Debug|x86.Build.0 = Debug|Any CPU
		{C1F0273F-4BB7-4019-A633-C71A9E880872}.Release|Any CPU.ActiveCfg = Release|Any CPU
		{C1F0273F-4BB7-4019-A633-C71A9E880872}.Release|Any CPU.Build.0 = Release|Any CPU
		{C1F0273F-4BB7-4019-A633-C71A9E880872}.Release|x86.ActiveCfg = Release|Any CPU
		{C1F0273F-4BB7-4019-A633-C71A9E880872}.Release|x86.Build.0 = Release|Any CPU
		{FB56EC85-9FC9-488A-A0E2-E56AEA7294CF}.Debug|Any CPU.ActiveCfg = Debug|Any CPU
		{FB56EC85-9FC9-488A-A0E2-E56AEA7294CF}.Debug|Any CPU.Build.0 = Debug|Any CPU
		{FB56EC85-9FC9-488A-A0E2-E56AEA7294CF}.Debug|x86.ActiveCfg = Debug|Any CPU
		{FB56EC85-9FC9-488A-A0E2-E56AEA7294CF}.Debug|x86.Build.0 = Debug|Any CPU
		{FB56EC85-9FC9-488A-A0E2-E56AEA7294CF}.Release|Any CPU.ActiveCfg = Release|Any CPU
		{FB56EC85-9FC9-488A-A0E2-E56AEA7294CF}.Release|Any CPU.Build.0 = Release|Any CPU
		{FB56EC85-9FC9-488A-A0E2-E56AEA7294CF}.Release|x86.ActiveCfg = Release|Any CPU
		{FB56EC85-9FC9-488A-A0E2-E56AEA7294CF}.Release|x86.Build.0 = Release|Any CPU
	EndGlobalSection
	GlobalSection(SolutionProperties) = preSolution
		HideSolutionNode = FALSE
	EndGlobalSection
	GlobalSection(NestedProjects) = preSolution
		{1ED088E6-1806-4D77-9143-2221DCBCF8F1} = {8D95B70E-B943-4D24-A90A-A811CD0E7497}
		{BE942544-C359-4A3A-A249-930A55AB801F} = {8D95B70E-B943-4D24-A90A-A811CD0E7497}
		{DDA5CADB-6BEF-4AE1-80A3-3FDDB150B05B} = {8D95B70E-B943-4D24-A90A-A811CD0E7497}
		{6F59FFD4-C888-4B6F-9D2C-94396693D84E} = {8D95B70E-B943-4D24-A90A-A811CD0E7497}
		{1523DACD-D0FA-4E7A-AF98-15E45F65E0B0} = {A839D3E5-8157-4EF6-8EB1-FA4E87A92CDA}
		{4900C16A-8C31-4655-B3E8-0DED527D2132} = {A839D3E5-8157-4EF6-8EB1-FA4E87A92CDA}
		{2CE9A8E7-BA53-410B-A2B8-7D285CBDFFC1} = {3464F76F-DC20-484F-8420-6E0B9DD8E031}
		{AB880A8C-BFC6-444F-83DD-978EB2BAF89B} = {3464F76F-DC20-484F-8420-6E0B9DD8E031}
		{3858C9DE-FEAF-4AA5-977A-0CA256B0E0FE} = {3464F76F-DC20-484F-8420-6E0B9DD8E031}
		{1AD8AF42-A544-4EE6-B8BA-E4D1A16F1CB7} = {0A2262EF-2A66-4CC1-A245-C1AE166CA614}
		{7004D483-0FA3-475A-BB99-327B747E7084} = {B5AE1C6D-C747-476A-B892-FF58DF006254}
		{5FFC5712-E99B-4F5A-8E1F-F038505042E2} = {A839D3E5-8157-4EF6-8EB1-FA4E87A92CDA}
		{EE75AADB-EB45-4852-9B02-8AA789C94323} = {5FFC5712-E99B-4F5A-8E1F-F038505042E2}
		{80C4F9EA-23F8-4F92-BA22-98BE7540B883} = {5FFC5712-E99B-4F5A-8E1F-F038505042E2}
		{7257CD96-7FD0-4E4A-A7A0-2474A6464B90} = {5FFC5712-E99B-4F5A-8E1F-F038505042E2}
		{470D51EC-1DEC-418B-A169-2D72E8721E12} = {5FFC5712-E99B-4F5A-8E1F-F038505042E2}
		{05B84A19-BED7-4870-ADDF-879091B5206E} = {5FFC5712-E99B-4F5A-8E1F-F038505042E2}
		{99979E6E-D7E0-451C-88AA-ACC0251C93CF} = {5FFC5712-E99B-4F5A-8E1F-F038505042E2}
		{17E1F199-A4DB-4C1B-81EE-98EEF1AA6994} = {A839D3E5-8157-4EF6-8EB1-FA4E87A92CDA}
		{F59D5554-DFF3-423D-B6AF-B782CE972334} = {B5AE1C6D-C747-476A-B892-FF58DF006254}
		{498FC7E7-82CF-4202-B4AC-5EA5D204B4AA} = {8D95B70E-B943-4D24-A90A-A811CD0E7497}
		{AF284E23-E547-47C1-BC71-01B9AD40188E} = {8D95B70E-B943-4D24-A90A-A811CD0E7497}
		{8A77F7AA-E977-49B4-9177-D61D03ACA462} = {8D95B70E-B943-4D24-A90A-A811CD0E7497}
		{1F583D40-73CF-4745-95A3-AE369274DC33} = {8D95B70E-B943-4D24-A90A-A811CD0E7497}
		{C1F0273F-4BB7-4019-A633-C71A9E880872} = {B5AE1C6D-C747-476A-B892-FF58DF006254}
		{FB56EC85-9FC9-488A-A0E2-E56AEA7294CF} = {8D95B70E-B943-4D24-A90A-A811CD0E7497}
	EndGlobalSection
	GlobalSection(ExtensibilityGlobals) = postSolution
		SolutionGuid = {E2292D5F-9EDC-489F-BAE4-75BC33F646F6}
	EndGlobalSection
	GlobalSection(SharedMSBuildProjectFiles) = preSolution
		IRI.Mosha\IRI.Msh.DataStructure\IRI.Msh.DataStructure.projitems*{1ed088e6-1806-4d77-9143-2221dcbcf8f1}*SharedItemsImports = 5
	EndGlobalSection
	GlobalSection(TestCaseManagementSettings) = postSolution
		CategoryFile = MainProject.vsmdi
	EndGlobalSection
EndGlobal
